// !$*UTF8*$!
{
	archiveVersion = 1;
	classes = {
	};
	objectVersion = 55;
	objects = {

/* Begin PBXBuildFile section */
		6407E6382A2791F100BB9AEA /* ImgurSharingServiceDelegate.swift in Sources */ = {isa = PBXBuildFile; fileRef = 6407E6372A2791F100BB9AEA /* ImgurSharingServiceDelegate.swift */; };
		6407E63A2A285B6C00BB9AEA /* ScreenshotShareButton.swift in Sources */ = {isa = PBXBuildFile; fileRef = 6407E6392A285B6B00BB9AEA /* ScreenshotShareButton.swift */; };
		640A758D2A208BE3005CDE49 /* Mod.swift in Sources */ = {isa = PBXBuildFile; fileRef = 640A758C2A208BE3005CDE49 /* Mod.swift */; };
		640A758F2A20E969005CDE49 /* InstanceModsView.swift in Sources */ = {isa = PBXBuildFile; fileRef = 640A758E2A20E969005CDE49 /* InstanceModsView.swift */; };
		640A75912A2115BA005CDE49 /* RunOnce.swift in Sources */ = {isa = PBXBuildFile; fileRef = 640A75902A2115BA005CDE49 /* RunOnce.swift */; };
		640A75942A21CEFD005CDE49 /* Screenshot.swift in Sources */ = {isa = PBXBuildFile; fileRef = 640A75932A21CEFD005CDE49 /* Screenshot.swift */; };
		640A75962A21D021005CDE49 /* InstanceScreenshotsView.swift in Sources */ = {isa = PBXBuildFile; fileRef = 640A75952A21D021005CDE49 /* InstanceScreenshotsView.swift */; };
		640A75B92A226F2C005CDE49 /* InstanceWorldsView.swift in Sources */ = {isa = PBXBuildFile; fileRef = 640A75B82A226F2C005CDE49 /* InstanceWorldsView.swift */; };
		640A75BC2A226F80005CDE49 /* World.swift in Sources */ = {isa = PBXBuildFile; fileRef = 640A75BB2A226F80005CDE49 /* World.swift */; };
		640CCF552A09F0FA0080F574 /* SettingsFetch.swift in Sources */ = {isa = PBXBuildFile; fileRef = 640CCF542A09F0FA0080F574 /* SettingsFetch.swift */; };
		640DC1ED2934EC2300943213 /* AppDelegate.swift in Sources */ = {isa = PBXBuildFile; fileRef = 640DC1EC2934EC2300943213 /* AppDelegate.swift */; };
		640DC1F12934F14200943213 /* NewInstanceView.swift in Sources */ = {isa = PBXBuildFile; fileRef = 640DC1F02934F14200943213 /* NewInstanceView.swift */; };
		64148DDA296E80E400E5EAD3 /* GlobalPreferences.swift in Sources */ = {isa = PBXBuildFile; fileRef = 64148DD9296E80E400E5EAD3 /* GlobalPreferences.swift */; };
		641678512923B6D40012C9CC /* RuntimePreferencesView.swift in Sources */ = {isa = PBXBuildFile; fileRef = 641678502923B6D40012C9CC /* RuntimePreferencesView.swift */; };
		641678532923B6FA0012C9CC /* AccountsPreferencesView.swift in Sources */ = {isa = PBXBuildFile; fileRef = 641678522923B6F90012C9CC /* AccountsPreferencesView.swift */; };
		64337EE92A17A4EF0017BCB0 /* Rule.swift in Sources */ = {isa = PBXBuildFile; fileRef = 64337EE82A17A4EF0017BCB0 /* Rule.swift */; };
		64337EEB2A17A62A0017BCB0 /* ConditionalArgument.swift in Sources */ = {isa = PBXBuildFile; fileRef = 64337EEA2A17A62A0017BCB0 /* ConditionalArgument.swift */; };
		64337EED2A17A6AA0017BCB0 /* ArgumentElement.swift in Sources */ = {isa = PBXBuildFile; fileRef = 64337EEC2A17A6AA0017BCB0 /* ArgumentElement.swift */; };
		64337EEF2A17A80B0017BCB0 /* Arguments.swift in Sources */ = {isa = PBXBuildFile; fileRef = 64337EEE2A17A80B0017BCB0 /* Arguments.swift */; };
		64337EF12A17C9AD0017BCB0 /* Version.swift in Sources */ = {isa = PBXBuildFile; fileRef = 64337EF02A17C9AD0017BCB0 /* Version.swift */; };
		64337EF32A17CA040017BCB0 /* Artifact.swift in Sources */ = {isa = PBXBuildFile; fileRef = 64337EF22A17CA040017BCB0 /* Artifact.swift */; };
		64337EF52A17CA6C0017BCB0 /* MainDownloads.swift in Sources */ = {isa = PBXBuildFile; fileRef = 64337EF42A17CA6C0017BCB0 /* MainDownloads.swift */; };
		64337EF72A17CADB0017BCB0 /* PreferredJavaVersion.swift in Sources */ = {isa = PBXBuildFile; fileRef = 64337EF62A17CADB0017BCB0 /* PreferredJavaVersion.swift */; };
		64337EFB2A17D66A0017BCB0 /* Library.swift in Sources */ = {isa = PBXBuildFile; fileRef = 64337EFA2A17D6690017BCB0 /* Library.swift */; };
		64337EFD2A17DB630017BCB0 /* LoggingConfig.swift in Sources */ = {isa = PBXBuildFile; fileRef = 64337EFC2A17DB620017BCB0 /* LoggingConfig.swift */; };
		64373BA329C0A430001DBD4C /* InstanceTests.swift in Sources */ = {isa = PBXBuildFile; fileRef = 64373BA229C0A430001DBD4C /* InstanceTests.swift */; };
		643E454C2A1291CC00687839 /* LaunchError.swift in Sources */ = {isa = PBXBuildFile; fileRef = 643E454B2A1291CC00687839 /* LaunchError.swift */; };
		643E454E2A13300900687839 /* InstanceLogoPickerSheet.swift in Sources */ = {isa = PBXBuildFile; fileRef = 643E454D2A13300900687839 /* InstanceLogoPickerSheet.swift */; };
		643E45502A13308700687839 /* InstanceInterativeLogoView.swift in Sources */ = {isa = PBXBuildFile; fileRef = 643E454F2A13308700687839 /* InstanceInterativeLogoView.swift */; };
		643E45522A1330F600687839 /* InstanceChooseAccountSheet.swift in Sources */ = {isa = PBXBuildFile; fileRef = 643E45512A1330F600687839 /* InstanceChooseAccountSheet.swift */; };
		643E45542A13314E00687839 /* LaunchErrorSheet.swift in Sources */ = {isa = PBXBuildFile; fileRef = 643E45532A13314E00687839 /* LaunchErrorSheet.swift */; };
		643E45562A1331B700687839 /* InteractiveStarView.swift in Sources */ = {isa = PBXBuildFile; fileRef = 643E45552A1331B700687839 /* InteractiveStarView.swift */; };
		643E45582A13327900687839 /* InstanceNotesView.swift in Sources */ = {isa = PBXBuildFile; fileRef = 643E45572A13327900687839 /* InstanceNotesView.swift */; };
		643E455A2A1332BE00687839 /* InstanceSynopsisView.swift in Sources */ = {isa = PBXBuildFile; fileRef = 643E45592A1332BE00687839 /* InstanceSynopsisView.swift */; };
		643E455C2A13331100687839 /* InstanceTitleView.swift in Sources */ = {isa = PBXBuildFile; fileRef = 643E455B2A13331100687839 /* InstanceTitleView.swift */; };
		643E45632A133A3F00687839 /* InstanceSpecificCommands.swift in Sources */ = {isa = PBXBuildFile; fileRef = 643E45622A133A3F00687839 /* InstanceSpecificCommands.swift */; };
		643E45662A13A61000687839 /* MiscPreferencesView.swift in Sources */ = {isa = PBXBuildFile; fileRef = 643E45652A13A60F00687839 /* MiscPreferencesView.swift */; };
		643E45682A13A9A800687839 /* DeveloperModeCommands.swift in Sources */ = {isa = PBXBuildFile; fileRef = 643E45672A13A9A800687839 /* DeveloperModeCommands.swift */; };
		644DE1D42937C93600C4A03E /* InstanceView.swift in Sources */ = {isa = PBXBuildFile; fileRef = 644DE1D32937C93600C4A03E /* InstanceView.swift */; };
		644FC66E29375853003797D9 /* InstanceNavigationLink.swift in Sources */ = {isa = PBXBuildFile; fileRef = 644FC66D29375852003797D9 /* InstanceNavigationLink.swift */; };
		644FC6722937B243003797D9 /* UiPreferencesView.swift in Sources */ = {isa = PBXBuildFile; fileRef = 644FC6712937B243003797D9 /* UiPreferencesView.swift */; };
		64515B732A78DF34000D17A8 /* FileWatcher in Frameworks */ = {isa = PBXBuildFile; productRef = 64515B722A78DF34000D17A8 /* FileWatcher */; };
		6459E125297700D5006DB3A4 /* InstanceLogoView.swift in Sources */ = {isa = PBXBuildFile; fileRef = 6459E124297700D5006DB3A4 /* InstanceLogoView.swift */; };
		646139E02977E3A700BA9477 /* SymbolPicker.swift in Sources */ = {isa = PBXBuildFile; fileRef = 646139DF2977E3A700BA9477 /* SymbolPicker.swift */; };
		646139E22977E88700BA9477 /* SFSymbols12List.swift in Sources */ = {isa = PBXBuildFile; fileRef = 646139E12977E88700BA9477 /* SFSymbols12List.swift */; };
		646139E42977E95300BA9477 /* SFSymbols13List.swift in Sources */ = {isa = PBXBuildFile; fileRef = 646139E32977E95300BA9477 /* SFSymbols13List.swift */; };
		646139E62977EA0300BA9477 /* SFSymbolsList.swift in Sources */ = {isa = PBXBuildFile; fileRef = 646139E52977EA0300BA9477 /* SFSymbolsList.swift */; };
		6472E47029E2BF5F00B4C65B /* ParallelDownloader.swift in Sources */ = {isa = PBXBuildFile; fileRef = 6472E46F29E2BF5F00B4C65B /* ParallelDownloader.swift */; };
		6472E47229E2C35200B4C65B /* DownloadTask.swift in Sources */ = {isa = PBXBuildFile; fileRef = 6472E47129E2C35200B4C65B /* DownloadTask.swift */; };
		6474DC1C2A150D36001FCD4D /* ErrorTracker.swift in Sources */ = {isa = PBXBuildFile; fileRef = 6474DC1B2A150D35001FCD4D /* ErrorTracker.swift */; };
		6474DC1E2A150D63001FCD4D /* ErrorTrackerEntry.swift in Sources */ = {isa = PBXBuildFile; fileRef = 6474DC1D2A150D63001FCD4D /* ErrorTrackerEntry.swift */; };
		6474DC202A150D77001FCD4D /* TrackedErrorType.swift in Sources */ = {isa = PBXBuildFile; fileRef = 6474DC1F2A150D77001FCD4D /* TrackedErrorType.swift */; };
		6474DC242A15F952001FCD4D /* ErrorTrackerView.swift in Sources */ = {isa = PBXBuildFile; fileRef = 6474DC232A15F952001FCD4D /* ErrorTrackerView.swift */; };
		6474DC262A15FB83001FCD4D /* ErrorTrackerWindowController.swift in Sources */ = {isa = PBXBuildFile; fileRef = 6474DC252A15FB83001FCD4D /* ErrorTrackerWindowController.swift */; };
		647A796A29E8166700497CE1 /* ConsoleTextView.swift in Sources */ = {isa = PBXBuildFile; fileRef = 647A796929E8166600497CE1 /* ConsoleTextView.swift */; };
		64821E0A29E44B78006012F7 /* MinecraftAccount.swift in Sources */ = {isa = PBXBuildFile; fileRef = 64821E0929E44B78006012F7 /* MinecraftAccount.swift */; };
		64821E0C29E44C14006012F7 /* OfflineAccount.swift in Sources */ = {isa = PBXBuildFile; fileRef = 64821E0B29E44C13006012F7 /* OfflineAccount.swift */; };
		64821E0E29E459FC006012F7 /* AccountManager.swift in Sources */ = {isa = PBXBuildFile; fileRef = 64821E0D29E459FA006012F7 /* AccountManager.swift */; };
		648445772A10C25D00049986 /* AccountManager+Auth.swift in Sources */ = {isa = PBXBuildFile; fileRef = 648445762A10C25D00049986 /* AccountManager+Auth.swift */; };
		6484457C2A10D03200049986 /* XboxAuthResponse.swift in Sources */ = {isa = PBXBuildFile; fileRef = 6484457B2A10D03200049986 /* XboxAuthResponse.swift */; };
		6484457E2A10D12400049986 /* XstsAuth.swift in Sources */ = {isa = PBXBuildFile; fileRef = 6484457D2A10D12400049986 /* XstsAuth.swift */; };
		648445802A10D44A00049986 /* MinecraftTokenResponse.swift in Sources */ = {isa = PBXBuildFile; fileRef = 6484457F2A10D44A00049986 /* MinecraftTokenResponse.swift */; };
		648445822A10D4FD00049986 /* MinecraftAuth.swift in Sources */ = {isa = PBXBuildFile; fileRef = 648445812A10D4FD00049986 /* MinecraftAuth.swift */; };
		648445842A10D69F00049986 /* Dictionary+Encoding.swift in Sources */ = {isa = PBXBuildFile; fileRef = 648445832A10D69F00049986 /* Dictionary+Encoding.swift */; };
		648445862A10D6B100049986 /* CharacterSet+EncodingValidation.swift in Sources */ = {isa = PBXBuildFile; fileRef = 648445852A10D6B100049986 /* CharacterSet+EncodingValidation.swift */; };
		648445882A10DE9300049986 /* MinecraftProfile.swift in Sources */ = {isa = PBXBuildFile; fileRef = 648445872A10DE9200049986 /* MinecraftProfile.swift */; };
		6484458A2A10F69600049986 /* AccountManager+Storage.swift in Sources */ = {isa = PBXBuildFile; fileRef = 648445892A10F69600049986 /* AccountManager+Storage.swift */; };
		6484458C2A10F6BC00049986 /* AccountManager+Server.swift in Sources */ = {isa = PBXBuildFile; fileRef = 6484458B2A10F6BC00049986 /* AccountManager+Server.swift */; };
		648EDF512A1881CE00E40B03 /* PartialVersion.swift in Sources */ = {isa = PBXBuildFile; fileRef = 648EDF502A1881CE00E40B03 /* PartialVersion.swift */; };
		649620D02A124EA500733AB6 /* InstanceExportSheet.swift in Sources */ = {isa = PBXBuildFile; fileRef = 649620CF2A124EA500733AB6 /* InstanceExportSheet.swift */; };
		6497595C29F0570000D0194E /* AddOfflineAccountView.swift in Sources */ = {isa = PBXBuildFile; fileRef = 6497595B29F056FF00D0194E /* AddOfflineAccountView.swift */; };
		6497595E29F25AD000D0194E /* InstanceEditingViewModel.swift in Sources */ = {isa = PBXBuildFile; fileRef = 6497595D29F25AD000D0194E /* InstanceEditingViewModel.swift */; };
		649762C02935A46E00977467 /* NewVanillaInstanceView.swift in Sources */ = {isa = PBXBuildFile; fileRef = 649762BF2935A46E00977467 /* NewVanillaInstanceView.swift */; };
		649EA76729EC27F300BD77EA /* UIPreferences.swift in Sources */ = {isa = PBXBuildFile; fileRef = 649EA76629EC27F300BD77EA /* UIPreferences.swift */; };
		64A1139E2A110ACD00E48761 /* MicrosoftAccount.swift in Sources */ = {isa = PBXBuildFile; fileRef = 64A1139D2A110ACC00E48761 /* MicrosoftAccount.swift */; };
		64A113A02A110D2500E48761 /* MinecraftAccountType.swift in Sources */ = {isa = PBXBuildFile; fileRef = 64A1139F2A110D2500E48761 /* MinecraftAccountType.swift */; };
		64A5150E29E2DED100AFE3AE /* MinecraftJar.swift in Sources */ = {isa = PBXBuildFile; fileRef = 64A5150D29E2DED100AFE3AE /* MinecraftJar.swift */; };
		64A5151029E2DEE900AFE3AE /* LibraryArtifact.swift in Sources */ = {isa = PBXBuildFile; fileRef = 64A5150F29E2DEE900AFE3AE /* LibraryArtifact.swift */; };
		64A5151229E2DEFD00AFE3AE /* PartialAssetIndex.swift in Sources */ = {isa = PBXBuildFile; fileRef = 64A5151129E2DEFD00AFE3AE /* PartialAssetIndex.swift */; };
		64A5151629E2DF2300AFE3AE /* InstanceLogo.swift in Sources */ = {isa = PBXBuildFile; fileRef = 64A5151529E2DF2300AFE3AE /* InstanceLogo.swift */; };
		64A5151829E2DF3300AFE3AE /* FileType.swift in Sources */ = {isa = PBXBuildFile; fileRef = 64A5151729E2DF3300AFE3AE /* FileType.swift */; };
		64A5151A29E2DF6500AFE3AE /* Published+Coding.swift in Sources */ = {isa = PBXBuildFile; fileRef = 64A5151929E2DF6500AFE3AE /* Published+Coding.swift */; };
		64A5151C29E2DFAD00AFE3AE /* Instance+Storage.swift in Sources */ = {isa = PBXBuildFile; fileRef = 64A5151B29E2DFAD00AFE3AE /* Instance+Storage.swift */; };
		64A5151E29E2DFE000AFE3AE /* Instance+Prelaunch.swift in Sources */ = {isa = PBXBuildFile; fileRef = 64A5151D29E2DFE000AFE3AE /* Instance+Prelaunch.swift */; };
		64A5152029E2E6A300AFE3AE /* InstanceData.swift in Sources */ = {isa = PBXBuildFile; fileRef = 64A5151F29E2E6A300AFE3AE /* InstanceData.swift */; };
		64A62C8D2977B454007A9597 /* SymbolLogoPickerView.swift in Sources */ = {isa = PBXBuildFile; fileRef = 64A62C8C2977B454007A9597 /* SymbolLogoPickerView.swift */; };
		64B01AE52940961F00B3E670 /* InstanceRuntimeView.swift in Sources */ = {isa = PBXBuildFile; fileRef = 64B01AE42940961F00B3E670 /* InstanceRuntimeView.swift */; };
		64BACB952A1C6EE500F7AA1C /* Http.swift in Sources */ = {isa = PBXBuildFile; fileRef = 64BACB942A1C6EE500F7AA1C /* Http.swift */; };
		64BACB972A1C6EF700F7AA1C /* HttpMethod.swift in Sources */ = {isa = PBXBuildFile; fileRef = 64BACB962A1C6EF700F7AA1C /* HttpMethod.swift */; };
		64BACB9A2A1C9F3000F7AA1C /* FabricLoaderVersion.swift in Sources */ = {isa = PBXBuildFile; fileRef = 64BACB992A1C9F3000F7AA1C /* FabricLoaderVersion.swift */; };
		64BACB9C2A1C9F5D00F7AA1C /* FabricMeta.swift in Sources */ = {isa = PBXBuildFile; fileRef = 64BACB9B2A1C9F5D00F7AA1C /* FabricMeta.swift */; };
		64C09B6C2A1212CF00867038 /* InstanceDuplicationSheet.swift in Sources */ = {isa = PBXBuildFile; fileRef = 64C09B6B2A1212CF00867038 /* InstanceDuplicationSheet.swift */; };
		64C09B702A12145900867038 /* InstanceDeleteSheet.swift in Sources */ = {isa = PBXBuildFile; fileRef = 64C09B6F2A12145900867038 /* InstanceDeleteSheet.swift */; };
		64C334D92922523600BB8570 /* InnateMCApp.swift in Sources */ = {isa = PBXBuildFile; fileRef = 64C334D82922523600BB8570 /* InnateMCApp.swift */; };
		64C334DB2922523600BB8570 /* ContentView.swift in Sources */ = {isa = PBXBuildFile; fileRef = 64C334DA2922523600BB8570 /* ContentView.swift */; };
		64C334DD2922523F00BB8570 /* Assets.xcassets in Resources */ = {isa = PBXBuildFile; fileRef = 64C334DC2922523F00BB8570 /* Assets.xcassets */; };
		64C334E02922523F00BB8570 /* Preview Assets.xcassets in Resources */ = {isa = PBXBuildFile; fileRef = 64C334DF2922523F00BB8570 /* Preview Assets.xcassets */; };
		64C33505292252B500BB8570 /* PreferencesView.swift in Sources */ = {isa = PBXBuildFile; fileRef = 64C33504292252B500BB8570 /* PreferencesView.swift */; };
		64C33507292256C500BB8570 /* TodoView.swift in Sources */ = {isa = PBXBuildFile; fileRef = 64C33506292256C500BB8570 /* TodoView.swift */; };
		64C33509292272F600BB8570 /* .gitignore in Resources */ = {isa = PBXBuildFile; fileRef = 64C33508292272F500BB8570 /* .gitignore */; };
		64C3350C2922B0B500BB8570 /* LICENSE in Resources */ = {isa = PBXBuildFile; fileRef = 64C3350B2922B0B400BB8570 /* LICENSE */; };
		64C41C1429366CAF00014E0F /* ValueKeys.swift in Sources */ = {isa = PBXBuildFile; fileRef = 64C41C1329366CAF00014E0F /* ValueKeys.swift */; };
		64C5621429C083AA003402F0 /* InstanceProcess.swift in Sources */ = {isa = PBXBuildFile; fileRef = 64C5621329C083AA003402F0 /* InstanceProcess.swift */; };
		64CE1092297864A700366372 /* ImageLogoPickerView.swift in Sources */ = {isa = PBXBuildFile; fileRef = 64CE1091297864A700366372 /* ImageLogoPickerView.swift */; };
		64DC9E4829E67427005DE585 /* Localizable.strings in Resources */ = {isa = PBXBuildFile; fileRef = 64DC9E4A29E67427005DE585 /* Localizable.strings */; };
		64E1F8C72A0FBB31006D68B6 /* MicrosoftAccessToken.swift in Sources */ = {isa = PBXBuildFile; fileRef = 64E1F8C62A0FBB31006D68B6 /* MicrosoftAccessToken.swift */; };
		64E1F8C92A0FBDE7006D68B6 /* MicrosoftAuthError.swift in Sources */ = {isa = PBXBuildFile; fileRef = 64E1F8C82A0FBDE7006D68B6 /* MicrosoftAuthError.swift */; };
		64E459EF2938BBEF00F82A2B /* InstanceCommands.swift in Sources */ = {isa = PBXBuildFile; fileRef = 64E459EE2938BBEF00F82A2B /* InstanceCommands.swift */; };
		64E459F32938C7AC00F82A2B /* LauncherData.swift in Sources */ = {isa = PBXBuildFile; fileRef = 64E459F22938C7AC00F82A2B /* LauncherData.swift */; };
		64F7C5ED297D63D00086ABC1 /* ArgumentProvider.swift in Sources */ = {isa = PBXBuildFile; fileRef = 64F7C5EC297D63D00086ABC1 /* ArgumentProvider.swift */; };
		64F7C5F1297D641C0086ABC1 /* AssetIndex.swift in Sources */ = {isa = PBXBuildFile; fileRef = 64F7C5F0297D641C0086ABC1 /* AssetIndex.swift */; };
		64F7C5F3297D64370086ABC1 /* TaskProgress.swift in Sources */ = {isa = PBXBuildFile; fileRef = 64F7C5F2297D64370086ABC1 /* TaskProgress.swift */; };
		64F7C5F5297D64490086ABC1 /* FileHandler.swift in Sources */ = {isa = PBXBuildFile; fileRef = 64F7C5F4297D64490086ABC1 /* FileHandler.swift */; };
		64F7C5F7297D645A0086ABC1 /* ParallelExecutor.swift in Sources */ = {isa = PBXBuildFile; fileRef = 64F7C5F6297D645A0086ABC1 /* ParallelExecutor.swift */; };
		64F7C5FB297D64810086ABC1 /* VersionManifest.swift in Sources */ = {isa = PBXBuildFile; fileRef = 64F7C5FA297D64810086ABC1 /* VersionManifest.swift */; };
		64F7C5FE297D64A40086ABC1 /* Instance.swift in Sources */ = {isa = PBXBuildFile; fileRef = 64F7C5FD297D64A40086ABC1 /* Instance.swift */; };
		64F7C600297D64B50086ABC1 /* InstanceCreator.swift in Sources */ = {isa = PBXBuildFile; fileRef = 64F7C5FF297D64B50086ABC1 /* InstanceCreator.swift */; };
		64F7C602297D64CA0086ABC1 /* InstancePreferences.swift in Sources */ = {isa = PBXBuildFile; fileRef = 64F7C601297D64CA0086ABC1 /* InstancePreferences.swift */; };
		64F7C604297D64DD0086ABC1 /* VanillaInstanceCreator.swift in Sources */ = {isa = PBXBuildFile; fileRef = 64F7C603297D64DD0086ABC1 /* VanillaInstanceCreator.swift */; };
		64F7C607297D65080086ABC1 /* DownloadedJavaInstallation.swift in Sources */ = {isa = PBXBuildFile; fileRef = 64F7C606297D65080086ABC1 /* DownloadedJavaInstallation.swift */; };
		64F7C60B297D65390086ABC1 /* LinkedJavaInstallation.swift in Sources */ = {isa = PBXBuildFile; fileRef = 64F7C60A297D65390086ABC1 /* LinkedJavaInstallation.swift */; };
		64F7C60D297D654A0086ABC1 /* JreDownloader.swift in Sources */ = {isa = PBXBuildFile; fileRef = 64F7C60C297D654A0086ABC1 /* JreDownloader.swift */; };
		64F7C60F297D65620086ABC1 /* SavedJavaInstallation.swift in Sources */ = {isa = PBXBuildFile; fileRef = 64F7C60E297D65620086ABC1 /* SavedJavaInstallation.swift */; };
		64F7C612297D658D0086ABC1 /* RuntimePreferences.swift in Sources */ = {isa = PBXBuildFile; fileRef = 64F7C611297D658D0086ABC1 /* RuntimePreferences.swift */; };
		64FA2A922A0F73BD0042A4A7 /* Swifter in Frameworks */ = {isa = PBXBuildFile; productRef = 64FA2A912A0F73BD0042A4A7 /* Swifter */; };
		64FA2A942A0F767F0042A4A7 /* WebViewWindow.swift in Sources */ = {isa = PBXBuildFile; fileRef = 64FA2A932A0F767E0042A4A7 /* WebViewWindow.swift */; };
		64FA2A962A0F76FA0042A4A7 /* MicrosoftAccountViewModel.swift in Sources */ = {isa = PBXBuildFile; fileRef = 64FA2A952A0F76FA0042A4A7 /* MicrosoftAccountViewModel.swift */; };
		64FA2A982A0F81D50042A4A7 /* XboxLiveAuth.swift in Sources */ = {isa = PBXBuildFile; fileRef = 64FA2A972A0F81D50042A4A7 /* XboxLiveAuth.swift */; };
		64FC5B292A5805FB009D0050 /* Zip in Frameworks */ = {isa = PBXBuildFile; productRef = 64FC5B282A5805FB009D0050 /* Zip */; };
		64FE2D40293BA78B007414CB /* InstanceConsoleView.swift in Sources */ = {isa = PBXBuildFile; fileRef = 64FE2D3F293BA78B007414CB /* InstanceConsoleView.swift */; };
/* End PBXBuildFile section */

/* Begin PBXContainerItemProxy section */
		649C8DD6297D5ABE000352F2 /* PBXContainerItemProxy */ = {
			isa = PBXContainerItemProxy;
			containerPortal = 64C334CD2922523500BB8570 /* Project object */;
			proxyType = 1;
			remoteGlobalIDString = 64C334D42922523600BB8570;
			remoteInfo = InnateMC;
		};
/* End PBXContainerItemProxy section */

/* Begin PBXFileReference section */
		64037CA8297C724D00F7FE79 /* ArgumentTests.swift */ = {isa = PBXFileReference; lastKnownFileType = sourcecode.swift; path = ArgumentTests.swift; sourceTree = "<group>"; };
		64065A942971CD85000BCE24 /* JavaTests.swift */ = {isa = PBXFileReference; lastKnownFileType = sourcecode.swift; path = JavaTests.swift; sourceTree = "<group>"; };
		6407E6372A2791F100BB9AEA /* ImgurSharingServiceDelegate.swift */ = {isa = PBXFileReference; lastKnownFileType = sourcecode.swift; path = ImgurSharingServiceDelegate.swift; sourceTree = "<group>"; };
		6407E6392A285B6B00BB9AEA /* ScreenshotShareButton.swift */ = {isa = PBXFileReference; lastKnownFileType = sourcecode.swift; path = ScreenshotShareButton.swift; sourceTree = "<group>"; };
		640A758C2A208BE3005CDE49 /* Mod.swift */ = {isa = PBXFileReference; lastKnownFileType = sourcecode.swift; path = Mod.swift; sourceTree = "<group>"; };
		640A758E2A20E969005CDE49 /* InstanceModsView.swift */ = {isa = PBXFileReference; lastKnownFileType = sourcecode.swift; path = InstanceModsView.swift; sourceTree = "<group>"; };
		640A75902A2115BA005CDE49 /* RunOnce.swift */ = {isa = PBXFileReference; lastKnownFileType = sourcecode.swift; path = RunOnce.swift; sourceTree = "<group>"; };
		640A75932A21CEFD005CDE49 /* Screenshot.swift */ = {isa = PBXFileReference; lastKnownFileType = sourcecode.swift; path = Screenshot.swift; sourceTree = "<group>"; };
		640A75952A21D021005CDE49 /* InstanceScreenshotsView.swift */ = {isa = PBXFileReference; lastKnownFileType = sourcecode.swift; path = InstanceScreenshotsView.swift; sourceTree = "<group>"; };
		640A75B82A226F2C005CDE49 /* InstanceWorldsView.swift */ = {isa = PBXFileReference; lastKnownFileType = sourcecode.swift; path = InstanceWorldsView.swift; sourceTree = "<group>"; };
		640A75BB2A226F80005CDE49 /* World.swift */ = {isa = PBXFileReference; lastKnownFileType = sourcecode.swift; path = World.swift; sourceTree = "<group>"; };
		640CCF542A09F0FA0080F574 /* SettingsFetch.swift */ = {isa = PBXFileReference; lastKnownFileType = sourcecode.swift; path = SettingsFetch.swift; sourceTree = "<group>"; };
		640DC1EC2934EC2300943213 /* AppDelegate.swift */ = {isa = PBXFileReference; lastKnownFileType = sourcecode.swift; path = AppDelegate.swift; sourceTree = "<group>"; };
		640DC1F02934F14200943213 /* NewInstanceView.swift */ = {isa = PBXFileReference; lastKnownFileType = sourcecode.swift; path = NewInstanceView.swift; sourceTree = "<group>"; };
		64148DD9296E80E400E5EAD3 /* GlobalPreferences.swift */ = {isa = PBXFileReference; lastKnownFileType = sourcecode.swift; path = GlobalPreferences.swift; sourceTree = "<group>"; };
		641678502923B6D40012C9CC /* RuntimePreferencesView.swift */ = {isa = PBXFileReference; lastKnownFileType = sourcecode.swift; path = RuntimePreferencesView.swift; sourceTree = "<group>"; };
		641678522923B6F90012C9CC /* AccountsPreferencesView.swift */ = {isa = PBXFileReference; lastKnownFileType = sourcecode.swift; path = AccountsPreferencesView.swift; sourceTree = "<group>"; };
		64337EE82A17A4EF0017BCB0 /* Rule.swift */ = {isa = PBXFileReference; lastKnownFileType = sourcecode.swift; path = Rule.swift; sourceTree = "<group>"; };
		64337EEA2A17A62A0017BCB0 /* ConditionalArgument.swift */ = {isa = PBXFileReference; lastKnownFileType = sourcecode.swift; path = ConditionalArgument.swift; sourceTree = "<group>"; };
		64337EEC2A17A6AA0017BCB0 /* ArgumentElement.swift */ = {isa = PBXFileReference; lastKnownFileType = sourcecode.swift; path = ArgumentElement.swift; sourceTree = "<group>"; };
		64337EEE2A17A80B0017BCB0 /* Arguments.swift */ = {isa = PBXFileReference; lastKnownFileType = sourcecode.swift; path = Arguments.swift; sourceTree = "<group>"; };
		64337EF02A17C9AD0017BCB0 /* Version.swift */ = {isa = PBXFileReference; lastKnownFileType = sourcecode.swift; path = Version.swift; sourceTree = "<group>"; };
		64337EF22A17CA040017BCB0 /* Artifact.swift */ = {isa = PBXFileReference; lastKnownFileType = sourcecode.swift; path = Artifact.swift; sourceTree = "<group>"; };
		64337EF42A17CA6C0017BCB0 /* MainDownloads.swift */ = {isa = PBXFileReference; lastKnownFileType = sourcecode.swift; path = MainDownloads.swift; sourceTree = "<group>"; };
		64337EF62A17CADB0017BCB0 /* PreferredJavaVersion.swift */ = {isa = PBXFileReference; lastKnownFileType = sourcecode.swift; path = PreferredJavaVersion.swift; sourceTree = "<group>"; };
		64337EFA2A17D6690017BCB0 /* Library.swift */ = {isa = PBXFileReference; lastKnownFileType = sourcecode.swift; path = Library.swift; sourceTree = "<group>"; };
		64337EFC2A17DB620017BCB0 /* LoggingConfig.swift */ = {isa = PBXFileReference; lastKnownFileType = sourcecode.swift; path = LoggingConfig.swift; sourceTree = "<group>"; };
		64373BA229C0A430001DBD4C /* InstanceTests.swift */ = {isa = PBXFileReference; lastKnownFileType = sourcecode.swift; path = InstanceTests.swift; sourceTree = "<group>"; };
		643E454B2A1291CC00687839 /* LaunchError.swift */ = {isa = PBXFileReference; lastKnownFileType = sourcecode.swift; path = LaunchError.swift; sourceTree = "<group>"; };
		643E454D2A13300900687839 /* InstanceLogoPickerSheet.swift */ = {isa = PBXFileReference; lastKnownFileType = sourcecode.swift; path = InstanceLogoPickerSheet.swift; sourceTree = "<group>"; };
		643E454F2A13308700687839 /* InstanceInterativeLogoView.swift */ = {isa = PBXFileReference; lastKnownFileType = sourcecode.swift; path = InstanceInterativeLogoView.swift; sourceTree = "<group>"; };
		643E45512A1330F600687839 /* InstanceChooseAccountSheet.swift */ = {isa = PBXFileReference; lastKnownFileType = sourcecode.swift; path = InstanceChooseAccountSheet.swift; sourceTree = "<group>"; };
		643E45532A13314E00687839 /* LaunchErrorSheet.swift */ = {isa = PBXFileReference; lastKnownFileType = sourcecode.swift; path = LaunchErrorSheet.swift; sourceTree = "<group>"; };
		643E45552A1331B700687839 /* InteractiveStarView.swift */ = {isa = PBXFileReference; lastKnownFileType = sourcecode.swift; path = InteractiveStarView.swift; sourceTree = "<group>"; };
		643E45572A13327900687839 /* InstanceNotesView.swift */ = {isa = PBXFileReference; lastKnownFileType = sourcecode.swift; path = InstanceNotesView.swift; sourceTree = "<group>"; };
		643E45592A1332BE00687839 /* InstanceSynopsisView.swift */ = {isa = PBXFileReference; lastKnownFileType = sourcecode.swift; path = InstanceSynopsisView.swift; sourceTree = "<group>"; };
		643E455B2A13331100687839 /* InstanceTitleView.swift */ = {isa = PBXFileReference; lastKnownFileType = sourcecode.swift; path = InstanceTitleView.swift; sourceTree = "<group>"; };
		643E45622A133A3F00687839 /* InstanceSpecificCommands.swift */ = {isa = PBXFileReference; lastKnownFileType = sourcecode.swift; path = InstanceSpecificCommands.swift; sourceTree = "<group>"; };
		643E45652A13A60F00687839 /* MiscPreferencesView.swift */ = {isa = PBXFileReference; lastKnownFileType = sourcecode.swift; path = MiscPreferencesView.swift; sourceTree = "<group>"; };
		643E45672A13A9A800687839 /* DeveloperModeCommands.swift */ = {isa = PBXFileReference; lastKnownFileType = sourcecode.swift; path = DeveloperModeCommands.swift; sourceTree = "<group>"; };
		644DE1D32937C93600C4A03E /* InstanceView.swift */ = {isa = PBXFileReference; lastKnownFileType = sourcecode.swift; path = InstanceView.swift; sourceTree = "<group>"; };
		644FC66D29375852003797D9 /* InstanceNavigationLink.swift */ = {isa = PBXFileReference; lastKnownFileType = sourcecode.swift; path = InstanceNavigationLink.swift; sourceTree = "<group>"; };
		644FC6712937B243003797D9 /* UiPreferencesView.swift */ = {isa = PBXFileReference; lastKnownFileType = sourcecode.swift; path = UiPreferencesView.swift; sourceTree = "<group>"; };
		6459E124297700D5006DB3A4 /* InstanceLogoView.swift */ = {isa = PBXFileReference; lastKnownFileType = sourcecode.swift; path = InstanceLogoView.swift; sourceTree = "<group>"; };
		645AFA94292C9E1500CD3F7E /* HEADER */ = {isa = PBXFileReference; lastKnownFileType = text; path = HEADER; sourceTree = "<group>"; };
		646139DF2977E3A700BA9477 /* SymbolPicker.swift */ = {isa = PBXFileReference; lastKnownFileType = sourcecode.swift; path = SymbolPicker.swift; sourceTree = "<group>"; };
		646139E12977E88700BA9477 /* SFSymbols12List.swift */ = {isa = PBXFileReference; lastKnownFileType = sourcecode.swift; path = SFSymbols12List.swift; sourceTree = "<group>"; };
		646139E32977E95300BA9477 /* SFSymbols13List.swift */ = {isa = PBXFileReference; lastKnownFileType = sourcecode.swift; path = SFSymbols13List.swift; sourceTree = "<group>"; };
		646139E52977EA0300BA9477 /* SFSymbolsList.swift */ = {isa = PBXFileReference; lastKnownFileType = sourcecode.swift; path = SFSymbolsList.swift; sourceTree = "<group>"; };
		6472E46F29E2BF5F00B4C65B /* ParallelDownloader.swift */ = {isa = PBXFileReference; lastKnownFileType = sourcecode.swift; path = ParallelDownloader.swift; sourceTree = "<group>"; };
		6472E47129E2C35200B4C65B /* DownloadTask.swift */ = {isa = PBXFileReference; lastKnownFileType = sourcecode.swift; path = DownloadTask.swift; sourceTree = "<group>"; };
		6474DC1B2A150D35001FCD4D /* ErrorTracker.swift */ = {isa = PBXFileReference; lastKnownFileType = sourcecode.swift; path = ErrorTracker.swift; sourceTree = "<group>"; };
		6474DC1D2A150D63001FCD4D /* ErrorTrackerEntry.swift */ = {isa = PBXFileReference; lastKnownFileType = sourcecode.swift; path = ErrorTrackerEntry.swift; sourceTree = "<group>"; };
		6474DC1F2A150D77001FCD4D /* TrackedErrorType.swift */ = {isa = PBXFileReference; lastKnownFileType = sourcecode.swift; path = TrackedErrorType.swift; sourceTree = "<group>"; };
		6474DC232A15F952001FCD4D /* ErrorTrackerView.swift */ = {isa = PBXFileReference; lastKnownFileType = sourcecode.swift; path = ErrorTrackerView.swift; sourceTree = "<group>"; };
		6474DC252A15FB83001FCD4D /* ErrorTrackerWindowController.swift */ = {isa = PBXFileReference; lastKnownFileType = sourcecode.swift; path = ErrorTrackerWindowController.swift; sourceTree = "<group>"; };
		647A796929E8166600497CE1 /* ConsoleTextView.swift */ = {isa = PBXFileReference; lastKnownFileType = sourcecode.swift; path = ConsoleTextView.swift; sourceTree = "<group>"; };
		64821E0929E44B78006012F7 /* MinecraftAccount.swift */ = {isa = PBXFileReference; lastKnownFileType = sourcecode.swift; path = MinecraftAccount.swift; sourceTree = "<group>"; };
		64821E0B29E44C13006012F7 /* OfflineAccount.swift */ = {isa = PBXFileReference; lastKnownFileType = sourcecode.swift; path = OfflineAccount.swift; sourceTree = "<group>"; };
		64821E0D29E459FA006012F7 /* AccountManager.swift */ = {isa = PBXFileReference; lastKnownFileType = sourcecode.swift; path = AccountManager.swift; sourceTree = "<group>"; };
		648445762A10C25D00049986 /* AccountManager+Auth.swift */ = {isa = PBXFileReference; lastKnownFileType = sourcecode.swift; path = "AccountManager+Auth.swift"; sourceTree = "<group>"; };
		6484457B2A10D03200049986 /* XboxAuthResponse.swift */ = {isa = PBXFileReference; lastKnownFileType = sourcecode.swift; path = XboxAuthResponse.swift; sourceTree = "<group>"; };
		6484457D2A10D12400049986 /* XstsAuth.swift */ = {isa = PBXFileReference; lastKnownFileType = sourcecode.swift; path = XstsAuth.swift; sourceTree = "<group>"; };
		6484457F2A10D44A00049986 /* MinecraftTokenResponse.swift */ = {isa = PBXFileReference; lastKnownFileType = sourcecode.swift; path = MinecraftTokenResponse.swift; sourceTree = "<group>"; };
		648445812A10D4FD00049986 /* MinecraftAuth.swift */ = {isa = PBXFileReference; lastKnownFileType = sourcecode.swift; path = MinecraftAuth.swift; sourceTree = "<group>"; };
		648445832A10D69F00049986 /* Dictionary+Encoding.swift */ = {isa = PBXFileReference; lastKnownFileType = sourcecode.swift; path = "Dictionary+Encoding.swift"; sourceTree = "<group>"; };
		648445852A10D6B100049986 /* CharacterSet+EncodingValidation.swift */ = {isa = PBXFileReference; lastKnownFileType = sourcecode.swift; path = "CharacterSet+EncodingValidation.swift"; sourceTree = "<group>"; };
		648445872A10DE9200049986 /* MinecraftProfile.swift */ = {isa = PBXFileReference; lastKnownFileType = sourcecode.swift; path = MinecraftProfile.swift; sourceTree = "<group>"; };
		648445892A10F69600049986 /* AccountManager+Storage.swift */ = {isa = PBXFileReference; lastKnownFileType = sourcecode.swift; path = "AccountManager+Storage.swift"; sourceTree = "<group>"; };
		6484458B2A10F6BC00049986 /* AccountManager+Server.swift */ = {isa = PBXFileReference; lastKnownFileType = sourcecode.swift; path = "AccountManager+Server.swift"; sourceTree = "<group>"; };
		648C831129DB375400007603 /* InnateMC-Bridging-Header.h */ = {isa = PBXFileReference; lastKnownFileType = sourcecode.c.h; path = "InnateMC-Bridging-Header.h"; sourceTree = "<group>"; };
		648C831529DBDD6A00007603 /* libzip.5.5.dylib */ = {isa = PBXFileReference; lastKnownFileType = "compiled.mach-o.dylib"; name = libzip.5.5.dylib; path = ../../../../../usr/local/lib/libzip.5.5.dylib; sourceTree = "<group>"; };
		648C831E29DBEE9900007603 /* libzip.5.5.dylib */ = {isa = PBXFileReference; lastKnownFileType = "compiled.mach-o.dylib"; name = libzip.5.5.dylib; path = ../../../Desktop/libzip.5.5.dylib; sourceTree = "<group>"; };
		648EDF502A1881CE00E40B03 /* PartialVersion.swift */ = {isa = PBXFileReference; lastKnownFileType = sourcecode.swift; path = PartialVersion.swift; sourceTree = "<group>"; };
		649620CF2A124EA500733AB6 /* InstanceExportSheet.swift */ = {isa = PBXFileReference; lastKnownFileType = sourcecode.swift; path = InstanceExportSheet.swift; sourceTree = "<group>"; };
		6497595B29F056FF00D0194E /* AddOfflineAccountView.swift */ = {isa = PBXFileReference; lastKnownFileType = sourcecode.swift; path = AddOfflineAccountView.swift; sourceTree = "<group>"; };
		6497595D29F25AD000D0194E /* InstanceEditingViewModel.swift */ = {isa = PBXFileReference; lastKnownFileType = sourcecode.swift; path = InstanceEditingViewModel.swift; sourceTree = "<group>"; };
		649762BF2935A46E00977467 /* NewVanillaInstanceView.swift */ = {isa = PBXFileReference; lastKnownFileType = sourcecode.swift; path = NewVanillaInstanceView.swift; sourceTree = "<group>"; };
		649C8DD2297D5ABE000352F2 /* InnateMCTests.xctest */ = {isa = PBXFileReference; explicitFileType = wrapper.cfbundle; includeInIndex = 0; path = InnateMCTests.xctest; sourceTree = BUILT_PRODUCTS_DIR; };
		649EA76629EC27F300BD77EA /* UIPreferences.swift */ = {isa = PBXFileReference; lastKnownFileType = sourcecode.swift; path = UIPreferences.swift; sourceTree = "<group>"; };
		64A1139D2A110ACC00E48761 /* MicrosoftAccount.swift */ = {isa = PBXFileReference; lastKnownFileType = sourcecode.swift; path = MicrosoftAccount.swift; sourceTree = "<group>"; };
		64A1139F2A110D2500E48761 /* MinecraftAccountType.swift */ = {isa = PBXFileReference; lastKnownFileType = sourcecode.swift; path = MinecraftAccountType.swift; sourceTree = "<group>"; };
		64A5150D29E2DED100AFE3AE /* MinecraftJar.swift */ = {isa = PBXFileReference; lastKnownFileType = sourcecode.swift; path = MinecraftJar.swift; sourceTree = "<group>"; };
		64A5150F29E2DEE900AFE3AE /* LibraryArtifact.swift */ = {isa = PBXFileReference; lastKnownFileType = sourcecode.swift; path = LibraryArtifact.swift; sourceTree = "<group>"; };
		64A5151129E2DEFD00AFE3AE /* PartialAssetIndex.swift */ = {isa = PBXFileReference; lastKnownFileType = sourcecode.swift; path = PartialAssetIndex.swift; sourceTree = "<group>"; };
		64A5151529E2DF2300AFE3AE /* InstanceLogo.swift */ = {isa = PBXFileReference; lastKnownFileType = sourcecode.swift; path = InstanceLogo.swift; sourceTree = "<group>"; };
		64A5151729E2DF3300AFE3AE /* FileType.swift */ = {isa = PBXFileReference; lastKnownFileType = sourcecode.swift; path = FileType.swift; sourceTree = "<group>"; };
		64A5151929E2DF6500AFE3AE /* Published+Coding.swift */ = {isa = PBXFileReference; lastKnownFileType = sourcecode.swift; path = "Published+Coding.swift"; sourceTree = "<group>"; };
		64A5151B29E2DFAD00AFE3AE /* Instance+Storage.swift */ = {isa = PBXFileReference; lastKnownFileType = sourcecode.swift; path = "Instance+Storage.swift"; sourceTree = "<group>"; };
		64A5151D29E2DFE000AFE3AE /* Instance+Prelaunch.swift */ = {isa = PBXFileReference; lastKnownFileType = sourcecode.swift; path = "Instance+Prelaunch.swift"; sourceTree = "<group>"; };
		64A5151F29E2E6A300AFE3AE /* InstanceData.swift */ = {isa = PBXFileReference; lastKnownFileType = sourcecode.swift; path = InstanceData.swift; sourceTree = "<group>"; };
		64A62C8C2977B454007A9597 /* SymbolLogoPickerView.swift */ = {isa = PBXFileReference; lastKnownFileType = sourcecode.swift; path = SymbolLogoPickerView.swift; sourceTree = "<group>"; };
		64B01AE42940961F00B3E670 /* InstanceRuntimeView.swift */ = {isa = PBXFileReference; lastKnownFileType = sourcecode.swift; path = InstanceRuntimeView.swift; sourceTree = "<group>"; };
		64BACB942A1C6EE500F7AA1C /* Http.swift */ = {isa = PBXFileReference; lastKnownFileType = sourcecode.swift; path = Http.swift; sourceTree = "<group>"; };
		64BACB962A1C6EF700F7AA1C /* HttpMethod.swift */ = {isa = PBXFileReference; lastKnownFileType = sourcecode.swift; path = HttpMethod.swift; sourceTree = "<group>"; };
		64BACB992A1C9F3000F7AA1C /* FabricLoaderVersion.swift */ = {isa = PBXFileReference; lastKnownFileType = sourcecode.swift; path = FabricLoaderVersion.swift; sourceTree = "<group>"; };
		64BACB9B2A1C9F5D00F7AA1C /* FabricMeta.swift */ = {isa = PBXFileReference; lastKnownFileType = sourcecode.swift; path = FabricMeta.swift; sourceTree = "<group>"; };
		64C09B6B2A1212CF00867038 /* InstanceDuplicationSheet.swift */ = {isa = PBXFileReference; lastKnownFileType = sourcecode.swift; path = InstanceDuplicationSheet.swift; sourceTree = "<group>"; };
		64C09B6F2A12145900867038 /* InstanceDeleteSheet.swift */ = {isa = PBXFileReference; lastKnownFileType = sourcecode.swift; path = InstanceDeleteSheet.swift; sourceTree = "<group>"; };
		64C334D52922523600BB8570 /* InnateMC.app */ = {isa = PBXFileReference; explicitFileType = wrapper.application; includeInIndex = 0; path = InnateMC.app; sourceTree = BUILT_PRODUCTS_DIR; };
		64C334D82922523600BB8570 /* InnateMCApp.swift */ = {isa = PBXFileReference; lastKnownFileType = sourcecode.swift; path = InnateMCApp.swift; sourceTree = "<group>"; };
		64C334DA2922523600BB8570 /* ContentView.swift */ = {isa = PBXFileReference; lastKnownFileType = sourcecode.swift; path = ContentView.swift; sourceTree = "<group>"; };
		64C334DC2922523F00BB8570 /* Assets.xcassets */ = {isa = PBXFileReference; lastKnownFileType = folder.assetcatalog; path = Assets.xcassets; sourceTree = "<group>"; };
		64C334DF2922523F00BB8570 /* Preview Assets.xcassets */ = {isa = PBXFileReference; lastKnownFileType = folder.assetcatalog; path = "Preview Assets.xcassets"; sourceTree = "<group>"; };
		64C334E12922523F00BB8570 /* InnateMC.entitlements */ = {isa = PBXFileReference; lastKnownFileType = text.plist.entitlements; path = InnateMC.entitlements; sourceTree = "<group>"; };
		64C33504292252B500BB8570 /* PreferencesView.swift */ = {isa = PBXFileReference; lastKnownFileType = sourcecode.swift; path = PreferencesView.swift; sourceTree = "<group>"; };
		64C33506292256C500BB8570 /* TodoView.swift */ = {isa = PBXFileReference; lastKnownFileType = sourcecode.swift; path = TodoView.swift; sourceTree = "<group>"; };
		64C33508292272F500BB8570 /* .gitignore */ = {isa = PBXFileReference; lastKnownFileType = text; path = .gitignore; sourceTree = "<group>"; };
		64C3350A2922734400BB8570 /* README.md */ = {isa = PBXFileReference; lastKnownFileType = net.daringfireball.markdown; path = README.md; sourceTree = "<group>"; };
		64C3350B2922B0B400BB8570 /* LICENSE */ = {isa = PBXFileReference; fileEncoding = 4; lastKnownFileType = text; path = LICENSE; sourceTree = "<group>"; };
		64C41C1329366CAF00014E0F /* ValueKeys.swift */ = {isa = PBXFileReference; lastKnownFileType = sourcecode.swift; path = ValueKeys.swift; sourceTree = "<group>"; };
		64C5621329C083AA003402F0 /* InstanceProcess.swift */ = {isa = PBXFileReference; lastKnownFileType = sourcecode.swift; path = InstanceProcess.swift; sourceTree = "<group>"; };
		64CE1091297864A700366372 /* ImageLogoPickerView.swift */ = {isa = PBXFileReference; lastKnownFileType = sourcecode.swift; path = ImageLogoPickerView.swift; sourceTree = "<group>"; };
		64DC9E4929E67427005DE585 /* en */ = {isa = PBXFileReference; lastKnownFileType = text.plist.strings; name = en; path = en.lproj/Localizable.strings; sourceTree = "<group>"; };
		64E1F8C62A0FBB31006D68B6 /* MicrosoftAccessToken.swift */ = {isa = PBXFileReference; lastKnownFileType = sourcecode.swift; path = MicrosoftAccessToken.swift; sourceTree = "<group>"; };
		64E1F8C82A0FBDE7006D68B6 /* MicrosoftAuthError.swift */ = {isa = PBXFileReference; lastKnownFileType = sourcecode.swift; path = MicrosoftAuthError.swift; sourceTree = "<group>"; };
		64E459EE2938BBEF00F82A2B /* InstanceCommands.swift */ = {isa = PBXFileReference; lastKnownFileType = sourcecode.swift; path = InstanceCommands.swift; sourceTree = "<group>"; };
		64E459F22938C7AC00F82A2B /* LauncherData.swift */ = {isa = PBXFileReference; lastKnownFileType = sourcecode.swift; path = LauncherData.swift; sourceTree = "<group>"; };
		64EB537E2929CD7800D6CDDD /* DownloadTests.swift */ = {isa = PBXFileReference; lastKnownFileType = sourcecode.swift; path = DownloadTests.swift; sourceTree = "<group>"; };
		64F7C5EC297D63D00086ABC1 /* ArgumentProvider.swift */ = {isa = PBXFileReference; lastKnownFileType = sourcecode.swift; path = ArgumentProvider.swift; sourceTree = "<group>"; };
		64F7C5F0297D641C0086ABC1 /* AssetIndex.swift */ = {isa = PBXFileReference; lastKnownFileType = sourcecode.swift; path = AssetIndex.swift; sourceTree = "<group>"; };
		64F7C5F2297D64370086ABC1 /* TaskProgress.swift */ = {isa = PBXFileReference; lastKnownFileType = sourcecode.swift; path = TaskProgress.swift; sourceTree = "<group>"; };
		64F7C5F4297D64490086ABC1 /* FileHandler.swift */ = {isa = PBXFileReference; lastKnownFileType = sourcecode.swift; path = FileHandler.swift; sourceTree = "<group>"; };
		64F7C5F6297D645A0086ABC1 /* ParallelExecutor.swift */ = {isa = PBXFileReference; lastKnownFileType = sourcecode.swift; path = ParallelExecutor.swift; sourceTree = "<group>"; };
		64F7C5FA297D64810086ABC1 /* VersionManifest.swift */ = {isa = PBXFileReference; lastKnownFileType = sourcecode.swift; path = VersionManifest.swift; sourceTree = "<group>"; };
		64F7C5FD297D64A40086ABC1 /* Instance.swift */ = {isa = PBXFileReference; lastKnownFileType = sourcecode.swift; path = Instance.swift; sourceTree = "<group>"; };
		64F7C5FF297D64B50086ABC1 /* InstanceCreator.swift */ = {isa = PBXFileReference; lastKnownFileType = sourcecode.swift; path = InstanceCreator.swift; sourceTree = "<group>"; };
		64F7C601297D64CA0086ABC1 /* InstancePreferences.swift */ = {isa = PBXFileReference; lastKnownFileType = sourcecode.swift; path = InstancePreferences.swift; sourceTree = "<group>"; };
		64F7C603297D64DD0086ABC1 /* VanillaInstanceCreator.swift */ = {isa = PBXFileReference; lastKnownFileType = sourcecode.swift; path = VanillaInstanceCreator.swift; sourceTree = "<group>"; };
		64F7C606297D65080086ABC1 /* DownloadedJavaInstallation.swift */ = {isa = PBXFileReference; lastKnownFileType = sourcecode.swift; path = DownloadedJavaInstallation.swift; sourceTree = "<group>"; };
		64F7C60A297D65390086ABC1 /* LinkedJavaInstallation.swift */ = {isa = PBXFileReference; lastKnownFileType = sourcecode.swift; path = LinkedJavaInstallation.swift; sourceTree = "<group>"; };
		64F7C60C297D654A0086ABC1 /* JreDownloader.swift */ = {isa = PBXFileReference; lastKnownFileType = sourcecode.swift; path = JreDownloader.swift; sourceTree = "<group>"; };
		64F7C60E297D65620086ABC1 /* SavedJavaInstallation.swift */ = {isa = PBXFileReference; lastKnownFileType = sourcecode.swift; path = SavedJavaInstallation.swift; sourceTree = "<group>"; };
		64F7C611297D658D0086ABC1 /* RuntimePreferences.swift */ = {isa = PBXFileReference; lastKnownFileType = sourcecode.swift; path = RuntimePreferences.swift; sourceTree = "<group>"; };
		64FA2A932A0F767E0042A4A7 /* WebViewWindow.swift */ = {isa = PBXFileReference; lastKnownFileType = sourcecode.swift; path = WebViewWindow.swift; sourceTree = "<group>"; };
		64FA2A952A0F76FA0042A4A7 /* MicrosoftAccountViewModel.swift */ = {isa = PBXFileReference; lastKnownFileType = sourcecode.swift; path = MicrosoftAccountViewModel.swift; sourceTree = "<group>"; };
		64FA2A972A0F81D50042A4A7 /* XboxLiveAuth.swift */ = {isa = PBXFileReference; lastKnownFileType = sourcecode.swift; path = XboxLiveAuth.swift; sourceTree = "<group>"; };
		64FE2D3F293BA78B007414CB /* InstanceConsoleView.swift */ = {isa = PBXFileReference; lastKnownFileType = sourcecode.swift; path = InstanceConsoleView.swift; sourceTree = "<group>"; };
		FB618B9329EB3ACD005418E5 /* de */ = {isa = PBXFileReference; lastKnownFileType = text.plist.strings; name = de; path = de.lproj/Localizable.strings; sourceTree = "<group>"; };
/* End PBXFileReference section */

/* Begin PBXFrameworksBuildPhase section */
		649C8DCF297D5ABE000352F2 /* Frameworks */ = {
			isa = PBXFrameworksBuildPhase;
			buildActionMask = 2147483647;
			files = (
			);
			runOnlyForDeploymentPostprocessing = 0;
		};
		64C334D22922523600BB8570 /* Frameworks */ = {
			isa = PBXFrameworksBuildPhase;
			buildActionMask = 2147483647;
			files = (
				64515B732A78DF34000D17A8 /* FileWatcher in Frameworks */,
				64FC5B292A5805FB009D0050 /* Zip in Frameworks */,
				64FA2A922A0F73BD0042A4A7 /* Swifter in Frameworks */,
			);
			runOnlyForDeploymentPostprocessing = 0;
		};
/* End PBXFrameworksBuildPhase section */

/* Begin PBXGroup section */
		640A758B2A208BA5005CDE49 /* Mods */ = {
			isa = PBXGroup;
			children = (
				640A758C2A208BE3005CDE49 /* Mod.swift */,
			);
			path = Mods;
			sourceTree = "<group>";
		};
		640A75922A21CEDB005CDE49 /* Screenshots */ = {
			isa = PBXGroup;
			children = (
				640A75932A21CEFD005CDE49 /* Screenshot.swift */,
			);
			path = Screenshots;
			sourceTree = "<group>";
		};
		640A75B02A2263D5005CDE49 /* Screenshots */ = {
			isa = PBXGroup;
			children = (
				640A75952A21D021005CDE49 /* InstanceScreenshotsView.swift */,
				6407E6392A285B6B00BB9AEA /* ScreenshotShareButton.swift */,
			);
			path = Screenshots;
			sourceTree = "<group>";
		};
		640A75B72A226E76005CDE49 /* Worlds */ = {
			isa = PBXGroup;
			children = (
				640A75B82A226F2C005CDE49 /* InstanceWorldsView.swift */,
			);
			path = Worlds;
			sourceTree = "<group>";
		};
		640A75BA2A226F65005CDE49 /* Worlds */ = {
			isa = PBXGroup;
			children = (
				640A75BB2A226F80005CDE49 /* World.swift */,
			);
			path = Worlds;
			sourceTree = "<group>";
		};
		6416784F2923B6450012C9CC /* Preferences */ = {
			isa = PBXGroup;
			children = (
				64C33504292252B500BB8570 /* PreferencesView.swift */,
				641678502923B6D40012C9CC /* RuntimePreferencesView.swift */,
				6497595A29F056CF00D0194E /* Accounts */,
				644FC6712937B243003797D9 /* UiPreferencesView.swift */,
				643E45652A13A60F00687839 /* MiscPreferencesView.swift */,
			);
			path = Preferences;
			sourceTree = "<group>";
		};
		64337EE72A17A4D10017BCB0 /* Version */ = {
			isa = PBXGroup;
			children = (
				64BACB982A1C9F0100F7AA1C /* Fabric */,
				64F7C5F0297D641C0086ABC1 /* AssetIndex.swift */,
				64F7C5FA297D64810086ABC1 /* VersionManifest.swift */,
				64A5150F29E2DEE900AFE3AE /* LibraryArtifact.swift */,
				64A5151129E2DEFD00AFE3AE /* PartialAssetIndex.swift */,
				64337EE82A17A4EF0017BCB0 /* Rule.swift */,
				64337EEA2A17A62A0017BCB0 /* ConditionalArgument.swift */,
				64337EEC2A17A6AA0017BCB0 /* ArgumentElement.swift */,
				64337EEE2A17A80B0017BCB0 /* Arguments.swift */,
				64337EF02A17C9AD0017BCB0 /* Version.swift */,
				64337EF22A17CA040017BCB0 /* Artifact.swift */,
				64337EF42A17CA6C0017BCB0 /* MainDownloads.swift */,
				64337EF62A17CADB0017BCB0 /* PreferredJavaVersion.swift */,
				64337EFA2A17D6690017BCB0 /* Library.swift */,
				64337EFC2A17DB620017BCB0 /* LoggingConfig.swift */,
				648EDF502A1881CE00E40B03 /* PartialVersion.swift */,
			);
			path = Version;
			sourceTree = "<group>";
		};
		643B39FA29274F6100AEC71C /* Frameworks */ = {
			isa = PBXGroup;
			children = (
				648C831E29DBEE9900007603 /* libzip.5.5.dylib */,
				648C831529DBDD6A00007603 /* libzip.5.5.dylib */,
			);
			name = Frameworks;
			sourceTree = "<group>";
		};
		643E455D2A1338CC00687839 /* Description */ = {
			isa = PBXGroup;
			children = (
				6497595D29F25AD000D0194E /* InstanceEditingViewModel.swift */,
				643E45552A1331B700687839 /* InteractiveStarView.swift */,
				643E45572A13327900687839 /* InstanceNotesView.swift */,
				643E45592A1332BE00687839 /* InstanceSynopsisView.swift */,
				643E455B2A13331100687839 /* InstanceTitleView.swift */,
			);
			name = Description;
			sourceTree = "<group>";
		};
		643E45602A13396D00687839 /* Action */ = {
			isa = PBXGroup;
			children = (
				64C09B6B2A1212CF00867038 /* InstanceDuplicationSheet.swift */,
				64C09B6F2A12145900867038 /* InstanceDeleteSheet.swift */,
				649620CF2A124EA500733AB6 /* InstanceExportSheet.swift */,
			);
			path = Action;
			sourceTree = "<group>";
		};
		643E45612A1339AD00687839 /* Commands */ = {
			isa = PBXGroup;
			children = (
				64E459EE2938BBEF00F82A2B /* InstanceCommands.swift */,
				643E45622A133A3F00687839 /* InstanceSpecificCommands.swift */,
				643E45672A13A9A800687839 /* DeveloperModeCommands.swift */,
			);
			path = Commands;
			sourceTree = "<group>";
		};
		643E45642A1341A900687839 /* Error */ = {
			isa = PBXGroup;
			children = (
				643E45532A13314E00687839 /* LaunchErrorSheet.swift */,
				643E45512A1330F600687839 /* InstanceChooseAccountSheet.swift */,
			);
			path = Error;
			sourceTree = "<group>";
		};
		644DE1D12937C0D300C4A03E /* Util */ = {
			isa = PBXGroup;
			children = (
				64BACB932A1C692400F7AA1C /* Http */,
				64F7C615297D7EE40086ABC1 /* Symbols */,
				646139DF2977E3A700BA9477 /* SymbolPicker.swift */,
				64C33506292256C500BB8570 /* TodoView.swift */,
				647A796929E8166600497CE1 /* ConsoleTextView.swift */,
				640CCF542A09F0FA0080F574 /* SettingsFetch.swift */,
				64FA2A932A0F767E0042A4A7 /* WebViewWindow.swift */,
				640A75902A2115BA005CDE49 /* RunOnce.swift */,
				6407E6372A2791F100BB9AEA /* ImgurSharingServiceDelegate.swift */,
			);
			path = Util;
			sourceTree = "<group>";
		};
		644DE1D22937C13F00C4A03E /* Instance */ = {
			isa = PBXGroup;
			children = (
				643E45602A13396D00687839 /* Action */,
				643E45612A1339AD00687839 /* Commands */,
				643E455D2A1338CC00687839 /* Description */,
				643E45642A1341A900687839 /* Error */,
				649762BC2935A2D600977467 /* Create */,
				64F7C614297D7E320086ABC1 /* Logo */,
				644FC66D29375852003797D9 /* InstanceNavigationLink.swift */,
				644DE1D32937C93600C4A03E /* InstanceView.swift */,
				64FE2D3F293BA78B007414CB /* InstanceConsoleView.swift */,
				6459E11A2976E215006DB3A4 /* Preferences */,
				640A758E2A20E969005CDE49 /* InstanceModsView.swift */,
				640A75B72A226E76005CDE49 /* Worlds */,
				640A75B02A2263D5005CDE49 /* Screenshots */,
			);
			path = Instance;
			sourceTree = "<group>";
		};
		6459E11A2976E215006DB3A4 /* Preferences */ = {
			isa = PBXGroup;
			children = (
				64B01AE42940961F00B3E670 /* InstanceRuntimeView.swift */,
			);
			path = Preferences;
			sourceTree = "<group>";
		};
		6474DC1A2A150D13001FCD4D /* Error */ = {
			isa = PBXGroup;
			children = (
				6474DC1B2A150D35001FCD4D /* ErrorTracker.swift */,
				6474DC1D2A150D63001FCD4D /* ErrorTrackerEntry.swift */,
				6474DC1F2A150D77001FCD4D /* TrackedErrorType.swift */,
				6474DC232A15F952001FCD4D /* ErrorTrackerView.swift */,
				6474DC252A15FB83001FCD4D /* ErrorTrackerWindowController.swift */,
			);
			path = Error;
			sourceTree = "<group>";
		};
		64821E0829E44B4E006012F7 /* Accounts */ = {
			isa = PBXGroup;
			children = (
				64821E0929E44B78006012F7 /* MinecraftAccount.swift */,
				64A1139F2A110D2500E48761 /* MinecraftAccountType.swift */,
				64821E0B29E44C13006012F7 /* OfflineAccount.swift */,
				64A1139D2A110ACC00E48761 /* MicrosoftAccount.swift */,
				64821E0D29E459FA006012F7 /* AccountManager.swift */,
				648445892A10F69600049986 /* AccountManager+Storage.swift */,
				6484458B2A10F6BC00049986 /* AccountManager+Server.swift */,
				648445762A10C25D00049986 /* AccountManager+Auth.swift */,
				64FA2A972A0F81D50042A4A7 /* XboxLiveAuth.swift */,
				64E1F8C82A0FBDE7006D68B6 /* MicrosoftAuthError.swift */,
				6484457B2A10D03200049986 /* XboxAuthResponse.swift */,
				6484457D2A10D12400049986 /* XstsAuth.swift */,
				6484457F2A10D44A00049986 /* MinecraftTokenResponse.swift */,
				648445812A10D4FD00049986 /* MinecraftAuth.swift */,
				648445832A10D69F00049986 /* Dictionary+Encoding.swift */,
				648445852A10D6B100049986 /* CharacterSet+EncodingValidation.swift */,
				648445872A10DE9200049986 /* MinecraftProfile.swift */,
				64E1F8C62A0FBB31006D68B6 /* MicrosoftAccessToken.swift */,
			);
			path = Accounts;
			sourceTree = "<group>";
		};
		6497595A29F056CF00D0194E /* Accounts */ = {
			isa = PBXGroup;
			children = (
				641678522923B6F90012C9CC /* AccountsPreferencesView.swift */,
				6497595B29F056FF00D0194E /* AddOfflineAccountView.swift */,
				64FA2A952A0F76FA0042A4A7 /* MicrosoftAccountViewModel.swift */,
			);
			path = Accounts;
			sourceTree = "<group>";
		};
		649762BC2935A2D600977467 /* Create */ = {
			isa = PBXGroup;
			children = (
				640DC1F02934F14200943213 /* NewInstanceView.swift */,
				649762BF2935A46E00977467 /* NewVanillaInstanceView.swift */,
			);
			path = Create;
			sourceTree = "<group>";
		};
		649C8DD3297D5ABE000352F2 /* InnateMCTests */ = {
			isa = PBXGroup;
			children = (
				64037CA8297C724D00F7FE79 /* ArgumentTests.swift */,
				64EB537E2929CD7800D6CDDD /* DownloadTests.swift */,
				64065A942971CD85000BCE24 /* JavaTests.swift */,
				64373BA229C0A430001DBD4C /* InstanceTests.swift */,
			);
			path = InnateMCTests;
			sourceTree = "<group>";
		};
		64BACB932A1C692400F7AA1C /* Http */ = {
			isa = PBXGroup;
			children = (
				64BACB942A1C6EE500F7AA1C /* Http.swift */,
				64BACB962A1C6EF700F7AA1C /* HttpMethod.swift */,
			);
			path = Http;
			sourceTree = "<group>";
		};
		64BACB982A1C9F0100F7AA1C /* Fabric */ = {
			isa = PBXGroup;
			children = (
				64BACB992A1C9F3000F7AA1C /* FabricLoaderVersion.swift */,
				64BACB9B2A1C9F5D00F7AA1C /* FabricMeta.swift */,
			);
			path = Fabric;
			sourceTree = "<group>";
		};
		64C334CC2922523500BB8570 = {
			isa = PBXGroup;
			children = (
				645AFA94292C9E1500CD3F7E /* HEADER */,
				64C3350B2922B0B400BB8570 /* LICENSE */,
				64C3350A2922734400BB8570 /* README.md */,
				64C33508292272F500BB8570 /* .gitignore */,
				64C334D72922523600BB8570 /* InnateMC */,
				649C8DD3297D5ABE000352F2 /* InnateMCTests */,
				64C334D62922523600BB8570 /* Products */,
				643B39FA29274F6100AEC71C /* Frameworks */,
			);
			sourceTree = "<group>";
		};
		64C334D62922523600BB8570 /* Products */ = {
			isa = PBXGroup;
			children = (
				64C334D52922523600BB8570 /* InnateMC.app */,
				649C8DD2297D5ABE000352F2 /* InnateMCTests.xctest */,
			);
			name = Products;
			sourceTree = "<group>";
		};
		64C334D72922523600BB8570 /* InnateMC */ = {
			isa = PBXGroup;
			children = (
				648C831129DB375400007603 /* InnateMC-Bridging-Header.h */,
				64F7C5EA297D63800086ABC1 /* Data */,
				644DE1D22937C13F00C4A03E /* Instance */,
				6416784F2923B6450012C9CC /* Preferences */,
				6474DC1A2A150D13001FCD4D /* Error */,
				644DE1D12937C0D300C4A03E /* Util */,
				640DC1EC2934EC2300943213 /* AppDelegate.swift */,
				64C334DA2922523600BB8570 /* ContentView.swift */,
				64C41C1329366CAF00014E0F /* ValueKeys.swift */,
				64C334D82922523600BB8570 /* InnateMCApp.swift */,
				64E459F22938C7AC00F82A2B /* LauncherData.swift */,
				64C334DC2922523F00BB8570 /* Assets.xcassets */,
				64C334E12922523F00BB8570 /* InnateMC.entitlements */,
				64C334DE2922523F00BB8570 /* Preview Content */,
				64DC9E4A29E67427005DE585 /* Localizable.strings */,
			);
			path = InnateMC;
			sourceTree = "<group>";
		};
		64C334DE2922523F00BB8570 /* Preview Content */ = {
			isa = PBXGroup;
			children = (
				64C334DF2922523F00BB8570 /* Preview Assets.xcassets */,
			);
			path = "Preview Content";
			sourceTree = "<group>";
		};
		64F7C5EA297D63800086ABC1 /* Data */ = {
			isa = PBXGroup;
			children = (
				64F7C5F4297D64490086ABC1 /* FileHandler.swift */,
				64821E0829E44B4E006012F7 /* Accounts */,
				64F7C613297D7D470086ABC1 /* Download */,
				64F7C610297D657E0086ABC1 /* Preferences */,
				64F7C605297D64FC0086ABC1 /* Java */,
				640A75922A21CEDB005CDE49 /* Screenshots */,
				640A758B2A208BA5005CDE49 /* Mods */,
				640A75BA2A226F65005CDE49 /* Worlds */,
				64F7C5FC297D64920086ABC1 /* Instance */,
				64F7C5EB297D63A70086ABC1 /* Launch */,
				64337EE72A17A4D10017BCB0 /* Version */,
				64A5151929E2DF6500AFE3AE /* Published+Coding.swift */,
			);
			path = Data;
			sourceTree = "<group>";
		};
		64F7C5EB297D63A70086ABC1 /* Launch */ = {
			isa = PBXGroup;
			children = (
				64C5621329C083AA003402F0 /* InstanceProcess.swift */,
				64F7C5EC297D63D00086ABC1 /* ArgumentProvider.swift */,
			);
			path = Launch;
			sourceTree = "<group>";
		};
		64F7C5FC297D64920086ABC1 /* Instance */ = {
			isa = PBXGroup;
			children = (
				64A5150D29E2DED100AFE3AE /* MinecraftJar.swift */,
				64A5151529E2DF2300AFE3AE /* InstanceLogo.swift */,
				64A5151729E2DF3300AFE3AE /* FileType.swift */,
				64A5151F29E2E6A300AFE3AE /* InstanceData.swift */,
				64F7C5FD297D64A40086ABC1 /* Instance.swift */,
				64A5151D29E2DFE000AFE3AE /* Instance+Prelaunch.swift */,
				64A5151B29E2DFAD00AFE3AE /* Instance+Storage.swift */,
				64F7C5FF297D64B50086ABC1 /* InstanceCreator.swift */,
				64F7C601297D64CA0086ABC1 /* InstancePreferences.swift */,
				64F7C603297D64DD0086ABC1 /* VanillaInstanceCreator.swift */,
			);
			path = Instance;
			sourceTree = "<group>";
		};
		64F7C605297D64FC0086ABC1 /* Java */ = {
			isa = PBXGroup;
			children = (
				64F7C606297D65080086ABC1 /* DownloadedJavaInstallation.swift */,
				64F7C60C297D654A0086ABC1 /* JreDownloader.swift */,
				64F7C60A297D65390086ABC1 /* LinkedJavaInstallation.swift */,
				64F7C60E297D65620086ABC1 /* SavedJavaInstallation.swift */,
			);
			path = Java;
			sourceTree = "<group>";
		};
		64F7C610297D657E0086ABC1 /* Preferences */ = {
			isa = PBXGroup;
			children = (
				64148DD9296E80E400E5EAD3 /* GlobalPreferences.swift */,
				64F7C611297D658D0086ABC1 /* RuntimePreferences.swift */,
				649EA76629EC27F300BD77EA /* UIPreferences.swift */,
			);
			path = Preferences;
			sourceTree = "<group>";
		};
		64F7C613297D7D470086ABC1 /* Download */ = {
			isa = PBXGroup;
			children = (
				64F7C5F2297D64370086ABC1 /* TaskProgress.swift */,
				64F7C5F6297D645A0086ABC1 /* ParallelExecutor.swift */,
				6472E46F29E2BF5F00B4C65B /* ParallelDownloader.swift */,
				6472E47129E2C35200B4C65B /* DownloadTask.swift */,
				643E454B2A1291CC00687839 /* LaunchError.swift */,
			);
			path = Download;
			sourceTree = "<group>";
		};
		64F7C614297D7E320086ABC1 /* Logo */ = {
			isa = PBXGroup;
			children = (
				6459E124297700D5006DB3A4 /* InstanceLogoView.swift */,
				64A62C8C2977B454007A9597 /* SymbolLogoPickerView.swift */,
				64CE1091297864A700366372 /* ImageLogoPickerView.swift */,
				643E454D2A13300900687839 /* InstanceLogoPickerSheet.swift */,
				643E454F2A13308700687839 /* InstanceInterativeLogoView.swift */,
			);
			path = Logo;
			sourceTree = "<group>";
		};
		64F7C615297D7EE40086ABC1 /* Symbols */ = {
			isa = PBXGroup;
			children = (
				646139E52977EA0300BA9477 /* SFSymbolsList.swift */,
				646139E12977E88700BA9477 /* SFSymbols12List.swift */,
				646139E32977E95300BA9477 /* SFSymbols13List.swift */,
			);
			path = Symbols;
			sourceTree = "<group>";
		};
/* End PBXGroup section */

/* Begin PBXNativeTarget section */
		649C8DD1297D5ABE000352F2 /* InnateMCTests */ = {
			isa = PBXNativeTarget;
			buildConfigurationList = 649C8DD8297D5ABE000352F2 /* Build configuration list for PBXNativeTarget "InnateMCTests" */;
			buildPhases = (
				649C8DCE297D5ABE000352F2 /* Sources */,
				649C8DCF297D5ABE000352F2 /* Frameworks */,
				649C8DD0297D5ABE000352F2 /* Resources */,
			);
			buildRules = (
			);
			dependencies = (
				649C8DD7297D5ABE000352F2 /* PBXTargetDependency */,
			);
			name = InnateMCTests;
			productName = InnateMCTests;
			productReference = 649C8DD2297D5ABE000352F2 /* InnateMCTests.xctest */;
			productType = "com.apple.product-type.bundle.unit-test";
		};
		64C334D42922523600BB8570 /* InnateMC */ = {
			isa = PBXNativeTarget;
			buildConfigurationList = 64C334FA2922524000BB8570 /* Build configuration list for PBXNativeTarget "InnateMC" */;
			buildPhases = (
				64C334D12922523600BB8570 /* Sources */,
				64C334D22922523600BB8570 /* Frameworks */,
				64C334D32922523600BB8570 /* Resources */,
			);
			buildRules = (
			);
			dependencies = (
			);
			name = InnateMC;
			packageProductDependencies = (
				64FA2A912A0F73BD0042A4A7 /* Swifter */,
				64FC5B282A5805FB009D0050 /* Zip */,
				64515B722A78DF34000D17A8 /* FileWatcher */,
			);
			productName = InnateMC;
			productReference = 64C334D52922523600BB8570 /* InnateMC.app */;
			productType = "com.apple.product-type.application";
		};
/* End PBXNativeTarget section */

/* Begin PBXProject section */
		64C334CD2922523500BB8570 /* Project object */ = {
			isa = PBXProject;
			attributes = {
				BuildIndependentTargetsInParallel = 1;
				LastSwiftUpdateCheck = 1320;
				LastUpgradeCheck = 1420;
				TargetAttributes = {
					649C8DD1297D5ABE000352F2 = {
						CreatedOnToolsVersion = 13.2.1;
						LastSwiftMigration = 1320;
						TestTargetID = 64C334D42922523600BB8570;
					};
					64C334D42922523600BB8570 = {
						CreatedOnToolsVersion = 13.2.1;
						LastSwiftMigration = 1320;
					};
				};
			};
			buildConfigurationList = 64C334D02922523500BB8570 /* Build configuration list for PBXProject "InnateMC" */;
			compatibilityVersion = "Xcode 13.0";
			developmentRegion = en;
			hasScannedForEncodings = 0;
			knownRegions = (
				en,
				Base,
				de,
			);
			mainGroup = 64C334CC2922523500BB8570;
			packageReferences = (
				64E900372935EC500035181B /* XCRemoteSwiftPackageReference "Preferences" */,
				649212BF293AF4120092E2DD /* XCRemoteSwiftPackageReference "swift-atomics" */,
				6459E1212976FEDF006DB3A4 /* XCRemoteSwiftPackageReference "SymbolPicker" */,
				644D708929F3C80C0007C7F4 /* XCRemoteSwiftPackageReference "microsoft-authentication-library-for-objc" */,
				64FA2A902A0F73BD0042A4A7 /* XCRemoteSwiftPackageReference "swifter" */,
				64E1F8CA2A0FC1AC006D68B6 /* XCRemoteSwiftPackageReference "Alamofire" */,
				648445782A10C95100049986 /* XCRemoteSwiftPackageReference "async-http-client" */,
				64FC5B272A5805FA009D0050 /* XCRemoteSwiftPackageReference "Zip" */,
				64515B712A78DF34000D17A8 /* XCRemoteSwiftPackageReference "FileWatcher" */,
			);
			productRefGroup = 64C334D62922523600BB8570 /* Products */;
			projectDirPath = "";
			projectRoot = "";
			targets = (
				64C334D42922523600BB8570 /* InnateMC */,
				649C8DD1297D5ABE000352F2 /* InnateMCTests */,
			);
		};
/* End PBXProject section */

/* Begin PBXResourcesBuildPhase section */
		649C8DD0297D5ABE000352F2 /* Resources */ = {
			isa = PBXResourcesBuildPhase;
			buildActionMask = 2147483647;
			files = (
			);
			runOnlyForDeploymentPostprocessing = 0;
		};
		64C334D32922523600BB8570 /* Resources */ = {
			isa = PBXResourcesBuildPhase;
			buildActionMask = 2147483647;
			files = (
				64DC9E4829E67427005DE585 /* Localizable.strings in Resources */,
				64C334E02922523F00BB8570 /* Preview Assets.xcassets in Resources */,
				64C33509292272F600BB8570 /* .gitignore in Resources */,
				64C3350C2922B0B500BB8570 /* LICENSE in Resources */,
				64C334DD2922523F00BB8570 /* Assets.xcassets in Resources */,
			);
			runOnlyForDeploymentPostprocessing = 0;
		};
/* End PBXResourcesBuildPhase section */

/* Begin PBXSourcesBuildPhase section */
		649C8DCE297D5ABE000352F2 /* Sources */ = {
			isa = PBXSourcesBuildPhase;
			buildActionMask = 2147483647;
			files = (
				64373BA329C0A430001DBD4C /* InstanceTests.swift in Sources */,
			);
			runOnlyForDeploymentPostprocessing = 0;
		};
		64C334D12922523600BB8570 /* Sources */ = {
			isa = PBXSourcesBuildPhase;
			buildActionMask = 2147483647;
			files = (
				6484458C2A10F6BC00049986 /* AccountManager+Server.swift in Sources */,
				64CE1092297864A700366372 /* ImageLogoPickerView.swift in Sources */,
				64A5151029E2DEE900AFE3AE /* LibraryArtifact.swift in Sources */,
				64F7C60B297D65390086ABC1 /* LinkedJavaInstallation.swift in Sources */,
				6474DC262A15FB83001FCD4D /* ErrorTrackerWindowController.swift in Sources */,
				64F7C5F5297D64490086ABC1 /* FileHandler.swift in Sources */,
				64A5151629E2DF2300AFE3AE /* InstanceLogo.swift in Sources */,
				64F7C602297D64CA0086ABC1 /* InstancePreferences.swift in Sources */,
				64A113A02A110D2500E48761 /* MinecraftAccountType.swift in Sources */,
				6407E6382A2791F100BB9AEA /* ImgurSharingServiceDelegate.swift in Sources */,
				64A62C8D2977B454007A9597 /* SymbolLogoPickerView.swift in Sources */,
				64A5151229E2DEFD00AFE3AE /* PartialAssetIndex.swift in Sources */,
				64F7C5FE297D64A40086ABC1 /* Instance.swift in Sources */,
				6484457C2A10D03200049986 /* XboxAuthResponse.swift in Sources */,
				64FA2A942A0F767F0042A4A7 /* WebViewWindow.swift in Sources */,
				64821E0A29E44B78006012F7 /* MinecraftAccount.swift in Sources */,
				6474DC1C2A150D36001FCD4D /* ErrorTracker.swift in Sources */,
				644FC6722937B243003797D9 /* UiPreferencesView.swift in Sources */,
				6484458A2A10F69600049986 /* AccountManager+Storage.swift in Sources */,
				64A5151C29E2DFAD00AFE3AE /* Instance+Storage.swift in Sources */,
				643E454C2A1291CC00687839 /* LaunchError.swift in Sources */,
				643E455C2A13331100687839 /* InstanceTitleView.swift in Sources */,
				648445802A10D44A00049986 /* MinecraftTokenResponse.swift in Sources */,
				64337EF32A17CA040017BCB0 /* Artifact.swift in Sources */,
				64BACB972A1C6EF700F7AA1C /* HttpMethod.swift in Sources */,
				64A5152029E2E6A300AFE3AE /* InstanceData.swift in Sources */,
				64BACB9C2A1C9F5D00F7AA1C /* FabricMeta.swift in Sources */,
				640A75B92A226F2C005CDE49 /* InstanceWorldsView.swift in Sources */,
				640A758D2A208BE3005CDE49 /* Mod.swift in Sources */,
				646139E02977E3A700BA9477 /* SymbolPicker.swift in Sources */,
				648445882A10DE9300049986 /* MinecraftProfile.swift in Sources */,
				64FA2A982A0F81D50042A4A7 /* XboxLiveAuth.swift in Sources */,
				6474DC1E2A150D63001FCD4D /* ErrorTrackerEntry.swift in Sources */,
				6472E47229E2C35200B4C65B /* DownloadTask.swift in Sources */,
				648445842A10D69F00049986 /* Dictionary+Encoding.swift in Sources */,
				649762C02935A46E00977467 /* NewVanillaInstanceView.swift in Sources */,
				641678512923B6D40012C9CC /* RuntimePreferencesView.swift in Sources */,
				648445862A10D6B100049986 /* CharacterSet+EncodingValidation.swift in Sources */,
				648445822A10D4FD00049986 /* MinecraftAuth.swift in Sources */,
				643E454E2A13300900687839 /* InstanceLogoPickerSheet.swift in Sources */,
				64F7C60F297D65620086ABC1 /* SavedJavaInstallation.swift in Sources */,
				646139E22977E88700BA9477 /* SFSymbols12List.swift in Sources */,
				648EDF512A1881CE00E40B03 /* PartialVersion.swift in Sources */,
				6459E125297700D5006DB3A4 /* InstanceLogoView.swift in Sources */,
				64E1F8C92A0FBDE7006D68B6 /* MicrosoftAuthError.swift in Sources */,
				649620D02A124EA500733AB6 /* InstanceExportSheet.swift in Sources */,
				64F7C5ED297D63D00086ABC1 /* ArgumentProvider.swift in Sources */,
				64C334DB2922523600BB8570 /* ContentView.swift in Sources */,
				643E45682A13A9A800687839 /* DeveloperModeCommands.swift in Sources */,
				64E1F8C72A0FBB31006D68B6 /* MicrosoftAccessToken.swift in Sources */,
				643E45542A13314E00687839 /* LaunchErrorSheet.swift in Sources */,
				643E45522A1330F600687839 /* InstanceChooseAccountSheet.swift in Sources */,
				6474DC202A150D77001FCD4D /* TrackedErrorType.swift in Sources */,
				64F7C5F7297D645A0086ABC1 /* ParallelExecutor.swift in Sources */,
				640A75BC2A226F80005CDE49 /* World.swift in Sources */,
				646139E62977EA0300BA9477 /* SFSymbolsList.swift in Sources */,
				6407E63A2A285B6C00BB9AEA /* ScreenshotShareButton.swift in Sources */,
				64337EEF2A17A80B0017BCB0 /* Arguments.swift in Sources */,
				64E459F32938C7AC00F82A2B /* LauncherData.swift in Sources */,
				64F7C607297D65080086ABC1 /* DownloadedJavaInstallation.swift in Sources */,
				64BACB9A2A1C9F3000F7AA1C /* FabricLoaderVersion.swift in Sources */,
				64337EFB2A17D66A0017BCB0 /* Library.swift in Sources */,
				64B01AE52940961F00B3E670 /* InstanceRuntimeView.swift in Sources */,
				640A75912A2115BA005CDE49 /* RunOnce.swift in Sources */,
				640CCF552A09F0FA0080F574 /* SettingsFetch.swift in Sources */,
				64C33505292252B500BB8570 /* PreferencesView.swift in Sources */,
				64337EEB2A17A62A0017BCB0 /* ConditionalArgument.swift in Sources */,
				64F7C604297D64DD0086ABC1 /* VanillaInstanceCreator.swift in Sources */,
				64C09B702A12145900867038 /* InstanceDeleteSheet.swift in Sources */,
				640A75942A21CEFD005CDE49 /* Screenshot.swift in Sources */,
				6497595C29F0570000D0194E /* AddOfflineAccountView.swift in Sources */,
				647A796A29E8166700497CE1 /* ConsoleTextView.swift in Sources */,
				64A5151E29E2DFE000AFE3AE /* Instance+Prelaunch.swift in Sources */,
				64E459EF2938BBEF00F82A2B /* InstanceCommands.swift in Sources */,
				643E45582A13327900687839 /* InstanceNotesView.swift in Sources */,
				64A5150E29E2DED100AFE3AE /* MinecraftJar.swift in Sources */,
				640A758F2A20E969005CDE49 /* InstanceModsView.swift in Sources */,
				64F7C5FB297D64810086ABC1 /* VersionManifest.swift in Sources */,
				64337EED2A17A6AA0017BCB0 /* ArgumentElement.swift in Sources */,
				646139E42977E95300BA9477 /* SFSymbols13List.swift in Sources */,
				64A5151829E2DF3300AFE3AE /* FileType.swift in Sources */,
				64BACB952A1C6EE500F7AA1C /* Http.swift in Sources */,
				64F7C60D297D654A0086ABC1 /* JreDownloader.swift in Sources */,
				644DE1D42937C93600C4A03E /* InstanceView.swift in Sources */,
				64337EF12A17C9AD0017BCB0 /* Version.swift in Sources */,
				641678532923B6FA0012C9CC /* AccountsPreferencesView.swift in Sources */,
				6472E47029E2BF5F00B4C65B /* ParallelDownloader.swift in Sources */,
				64C33507292256C500BB8570 /* TodoView.swift in Sources */,
				64148DDA296E80E400E5EAD3 /* GlobalPreferences.swift in Sources */,
				64821E0C29E44C14006012F7 /* OfflineAccount.swift in Sources */,
				64F7C612297D658D0086ABC1 /* RuntimePreferences.swift in Sources */,
				64C5621429C083AA003402F0 /* InstanceProcess.swift in Sources */,
				64821E0E29E459FC006012F7 /* AccountManager.swift in Sources */,
				640DC1F12934F14200943213 /* NewInstanceView.swift in Sources */,
				64F7C5F1297D641C0086ABC1 /* AssetIndex.swift in Sources */,
				64337EF72A17CADB0017BCB0 /* PreferredJavaVersion.swift in Sources */,
				643E45502A13308700687839 /* InstanceInterativeLogoView.swift in Sources */,
				644FC66E29375853003797D9 /* InstanceNavigationLink.swift in Sources */,
				64F7C5F3297D64370086ABC1 /* TaskProgress.swift in Sources */,
				64337EE92A17A4EF0017BCB0 /* Rule.swift in Sources */,
				64F7C600297D64B50086ABC1 /* InstanceCreator.swift in Sources */,
				64FA2A962A0F76FA0042A4A7 /* MicrosoftAccountViewModel.swift in Sources */,
				640A75962A21D021005CDE49 /* InstanceScreenshotsView.swift in Sources */,
				64C334D92922523600BB8570 /* InnateMCApp.swift in Sources */,
				64337EFD2A17DB630017BCB0 /* LoggingConfig.swift in Sources */,
				64C41C1429366CAF00014E0F /* ValueKeys.swift in Sources */,
				648445772A10C25D00049986 /* AccountManager+Auth.swift in Sources */,
				64A5151A29E2DF6500AFE3AE /* Published+Coding.swift in Sources */,
				643E455A2A1332BE00687839 /* InstanceSynopsisView.swift in Sources */,
				640DC1ED2934EC2300943213 /* AppDelegate.swift in Sources */,
				64C09B6C2A1212CF00867038 /* InstanceDuplicationSheet.swift in Sources */,
				64FE2D40293BA78B007414CB /* InstanceConsoleView.swift in Sources */,
				643E45632A133A3F00687839 /* InstanceSpecificCommands.swift in Sources */,
				64A1139E2A110ACD00E48761 /* MicrosoftAccount.swift in Sources */,
				6474DC242A15F952001FCD4D /* ErrorTrackerView.swift in Sources */,
				64337EF52A17CA6C0017BCB0 /* MainDownloads.swift in Sources */,
				643E45562A1331B700687839 /* InteractiveStarView.swift in Sources */,
				643E45662A13A61000687839 /* MiscPreferencesView.swift in Sources */,
				649EA76729EC27F300BD77EA /* UIPreferences.swift in Sources */,
				6497595E29F25AD000D0194E /* InstanceEditingViewModel.swift in Sources */,
				6484457E2A10D12400049986 /* XstsAuth.swift in Sources */,
			);
			runOnlyForDeploymentPostprocessing = 0;
		};
/* End PBXSourcesBuildPhase section */

/* Begin PBXTargetDependency section */
		649C8DD7297D5ABE000352F2 /* PBXTargetDependency */ = {
			isa = PBXTargetDependency;
			target = 64C334D42922523600BB8570 /* InnateMC */;
			targetProxy = 649C8DD6297D5ABE000352F2 /* PBXContainerItemProxy */;
		};
/* End PBXTargetDependency section */

/* Begin PBXVariantGroup section */
		64DC9E4A29E67427005DE585 /* Localizable.strings */ = {
			isa = PBXVariantGroup;
			children = (
				64DC9E4929E67427005DE585 /* en */,
				FB618B9329EB3ACD005418E5 /* de */,
			);
			name = Localizable.strings;
			sourceTree = "<group>";
		};
/* End PBXVariantGroup section */

/* Begin XCBuildConfiguration section */
		649C8DD9297D5ABE000352F2 /* Debug */ = {
			isa = XCBuildConfiguration;
			buildSettings = {
				BUNDLE_LOADER = "$(TEST_HOST)";
				CLANG_ENABLE_MODULES = YES;
				CODE_SIGN_STYLE = Automatic;
				CURRENT_PROJECT_VERSION = 1;
				GENERATE_INFOPLIST_FILE = YES;
				LD_RUNPATH_SEARCH_PATHS = (
					"$(inherited)",
					"@executable_path/../Frameworks",
					"@loader_path/../Frameworks",
				);
				MARKETING_VERSION = 1.0;
				PRODUCT_BUNDLE_IDENTIFIER = io.github.boogiemonster1o1.InnateMCTests;
				PRODUCT_NAME = "$(TARGET_NAME)";
				SWIFT_EMIT_LOC_STRINGS = NO;
				SWIFT_OPTIMIZATION_LEVEL = "-Onone";
				SWIFT_VERSION = 5.0;
				TEST_HOST = "$(BUILT_PRODUCTS_DIR)/InnateMC.app/Contents/MacOS/InnateMC";
			};
			name = Debug;
		};
		649C8DDA297D5ABE000352F2 /* Release */ = {
			isa = XCBuildConfiguration;
			buildSettings = {
				BUNDLE_LOADER = "$(TEST_HOST)";
				CLANG_ENABLE_MODULES = YES;
				CODE_SIGN_STYLE = Automatic;
				CURRENT_PROJECT_VERSION = 1;
				GENERATE_INFOPLIST_FILE = YES;
				LD_RUNPATH_SEARCH_PATHS = (
					"$(inherited)",
					"@executable_path/../Frameworks",
					"@loader_path/../Frameworks",
				);
				MARKETING_VERSION = 1.0;
				PRODUCT_BUNDLE_IDENTIFIER = io.github.boogiemonster1o1.InnateMCTests;
				PRODUCT_NAME = "$(TARGET_NAME)";
				SWIFT_EMIT_LOC_STRINGS = NO;
				SWIFT_VERSION = 5.0;
				TEST_HOST = "$(BUILT_PRODUCTS_DIR)/InnateMC.app/Contents/MacOS/InnateMC";
			};
			name = Release;
		};
		64C334F82922524000BB8570 /* Debug */ = {
			isa = XCBuildConfiguration;
			buildSettings = {
				ALWAYS_SEARCH_USER_PATHS = NO;
				CLANG_ANALYZER_LOCALIZABILITY_NONLOCALIZED = YES;
				CLANG_ANALYZER_NONNULL = YES;
				CLANG_ANALYZER_NUMBER_OBJECT_CONVERSION = YES_AGGRESSIVE;
				CLANG_CXX_LANGUAGE_STANDARD = "gnu++17";
				CLANG_CXX_LIBRARY = "libc++";
				CLANG_ENABLE_MODULES = YES;
				CLANG_ENABLE_OBJC_ARC = YES;
				CLANG_ENABLE_OBJC_WEAK = YES;
				CLANG_WARN_BLOCK_CAPTURE_AUTORELEASING = YES;
				CLANG_WARN_BOOL_CONVERSION = YES;
				CLANG_WARN_COMMA = YES;
				CLANG_WARN_CONSTANT_CONVERSION = YES;
				CLANG_WARN_DEPRECATED_OBJC_IMPLEMENTATIONS = YES;
				CLANG_WARN_DIRECT_OBJC_ISA_USAGE = YES_ERROR;
				CLANG_WARN_DOCUMENTATION_COMMENTS = YES;
				CLANG_WARN_EMPTY_BODY = YES;
				CLANG_WARN_ENUM_CONVERSION = YES;
				CLANG_WARN_INFINITE_RECURSION = YES;
				CLANG_WARN_INT_CONVERSION = YES;
				CLANG_WARN_NON_LITERAL_NULL_CONVERSION = YES;
				CLANG_WARN_OBJC_IMPLICIT_RETAIN_SELF = YES;
				CLANG_WARN_OBJC_LITERAL_CONVERSION = YES;
				CLANG_WARN_OBJC_ROOT_CLASS = YES_ERROR;
				CLANG_WARN_QUOTED_INCLUDE_IN_FRAMEWORK_HEADER = YES;
				CLANG_WARN_RANGE_LOOP_ANALYSIS = YES;
				CLANG_WARN_STRICT_PROTOTYPES = YES;
				CLANG_WARN_SUSPICIOUS_MOVE = YES;
				CLANG_WARN_UNGUARDED_AVAILABILITY = YES_AGGRESSIVE;
				CLANG_WARN_UNREACHABLE_CODE = YES;
				CLANG_WARN__DUPLICATE_METHOD_MATCH = YES;
				COPY_PHASE_STRIP = NO;
				DEAD_CODE_STRIPPING = YES;
				DEBUG_INFORMATION_FORMAT = dwarf;
				ENABLE_STRICT_OBJC_MSGSEND = YES;
				ENABLE_TESTABILITY = YES;
				GCC_C_LANGUAGE_STANDARD = gnu11;
				GCC_DYNAMIC_NO_PIC = NO;
				GCC_NO_COMMON_BLOCKS = YES;
				GCC_OPTIMIZATION_LEVEL = 0;
				GCC_PREPROCESSOR_DEFINITIONS = (
					"DEBUG=1",
					"$(inherited)",
				);
				GCC_WARN_64_TO_32_BIT_CONVERSION = YES;
				GCC_WARN_ABOUT_RETURN_TYPE = YES_ERROR;
				GCC_WARN_UNDECLARED_SELECTOR = YES;
				GCC_WARN_UNINITIALIZED_AUTOS = YES_AGGRESSIVE;
				GCC_WARN_UNUSED_FUNCTION = YES;
				GCC_WARN_UNUSED_VARIABLE = YES;
				MACOSX_DEPLOYMENT_TARGET = 12.0;
				MTL_ENABLE_DEBUG_INFO = INCLUDE_SOURCE;
				MTL_FAST_MATH = YES;
				ONLY_ACTIVE_ARCH = YES;
				SDKROOT = macosx;
				SWIFT_ACTIVE_COMPILATION_CONDITIONS = DEBUG;
				SWIFT_OPTIMIZATION_LEVEL = "-Onone";
			};
			name = Debug;
		};
		64C334F92922524000BB8570 /* Release */ = {
			isa = XCBuildConfiguration;
			buildSettings = {
				ALWAYS_SEARCH_USER_PATHS = NO;
				CLANG_ANALYZER_LOCALIZABILITY_NONLOCALIZED = YES;
				CLANG_ANALYZER_NONNULL = YES;
				CLANG_ANALYZER_NUMBER_OBJECT_CONVERSION = YES_AGGRESSIVE;
				CLANG_CXX_LANGUAGE_STANDARD = "gnu++17";
				CLANG_CXX_LIBRARY = "libc++";
				CLANG_ENABLE_MODULES = YES;
				CLANG_ENABLE_OBJC_ARC = YES;
				CLANG_ENABLE_OBJC_WEAK = YES;
				CLANG_WARN_BLOCK_CAPTURE_AUTORELEASING = YES;
				CLANG_WARN_BOOL_CONVERSION = YES;
				CLANG_WARN_COMMA = YES;
				CLANG_WARN_CONSTANT_CONVERSION = YES;
				CLANG_WARN_DEPRECATED_OBJC_IMPLEMENTATIONS = YES;
				CLANG_WARN_DIRECT_OBJC_ISA_USAGE = YES_ERROR;
				CLANG_WARN_DOCUMENTATION_COMMENTS = YES;
				CLANG_WARN_EMPTY_BODY = YES;
				CLANG_WARN_ENUM_CONVERSION = YES;
				CLANG_WARN_INFINITE_RECURSION = YES;
				CLANG_WARN_INT_CONVERSION = YES;
				CLANG_WARN_NON_LITERAL_NULL_CONVERSION = YES;
				CLANG_WARN_OBJC_IMPLICIT_RETAIN_SELF = YES;
				CLANG_WARN_OBJC_LITERAL_CONVERSION = YES;
				CLANG_WARN_OBJC_ROOT_CLASS = YES_ERROR;
				CLANG_WARN_QUOTED_INCLUDE_IN_FRAMEWORK_HEADER = YES;
				CLANG_WARN_RANGE_LOOP_ANALYSIS = YES;
				CLANG_WARN_STRICT_PROTOTYPES = YES;
				CLANG_WARN_SUSPICIOUS_MOVE = YES;
				CLANG_WARN_UNGUARDED_AVAILABILITY = YES_AGGRESSIVE;
				CLANG_WARN_UNREACHABLE_CODE = YES;
				CLANG_WARN__DUPLICATE_METHOD_MATCH = YES;
				COPY_PHASE_STRIP = NO;
				DEAD_CODE_STRIPPING = YES;
				DEBUG_INFORMATION_FORMAT = "dwarf-with-dsym";
				ENABLE_NS_ASSERTIONS = NO;
				ENABLE_STRICT_OBJC_MSGSEND = YES;
				GCC_C_LANGUAGE_STANDARD = gnu11;
				GCC_NO_COMMON_BLOCKS = YES;
				GCC_WARN_64_TO_32_BIT_CONVERSION = YES;
				GCC_WARN_ABOUT_RETURN_TYPE = YES_ERROR;
				GCC_WARN_UNDECLARED_SELECTOR = YES;
				GCC_WARN_UNINITIALIZED_AUTOS = YES_AGGRESSIVE;
				GCC_WARN_UNUSED_FUNCTION = YES;
				GCC_WARN_UNUSED_VARIABLE = YES;
				MACOSX_DEPLOYMENT_TARGET = 12.0;
				MTL_ENABLE_DEBUG_INFO = NO;
				MTL_FAST_MATH = YES;
				SDKROOT = macosx;
				SWIFT_COMPILATION_MODE = wholemodule;
				SWIFT_OPTIMIZATION_LEVEL = "-O";
			};
			name = Release;
		};
		64C334FB2922524000BB8570 /* Debug */ = {
			isa = XCBuildConfiguration;
			buildSettings = {
				ASSETCATALOG_COMPILER_APPICON_NAME = AppIcon;
				ASSETCATALOG_COMPILER_GLOBAL_ACCENT_COLOR_NAME = AccentColor;
				CLANG_ENABLE_MODULES = YES;
				CODE_SIGN_ENTITLEMENTS = InnateMC/InnateMC.entitlements;
				CODE_SIGN_IDENTITY = "-";
				"CODE_SIGN_IDENTITY[sdk=macosx*]" = "-";
				CODE_SIGN_STYLE = Automatic;
				COMBINE_HIDPI_IMAGES = YES;
				CURRENT_PROJECT_VERSION = 1;
				DEAD_CODE_STRIPPING = YES;
				DEVELOPMENT_ASSET_PATHS = "\"InnateMC/Preview Content\"";
				DEVELOPMENT_TEAM = "";
				ENABLE_HARDENED_RUNTIME = YES;
				ENABLE_PREVIEWS = YES;
				GENERATE_INFOPLIST_FILE = YES;
				HEADER_SEARCH_PATHS = "$(PROJECT_DIR)/include";
				INFOPLIST_FILE = InnateMC/Info.plist;
				INFOPLIST_KEY_LSApplicationCategoryType = "public.app-category.games";
				INFOPLIST_KEY_NSHumanReadableCopyright = "Copyright © 2022 InnateMC & Contributors";
				LD_RUNPATH_SEARCH_PATHS = (
					"$(inherited)",
					"@executable_path/../Frameworks",
				);
				LIBRARY_SEARCH_PATHS = (
					"$(inherited)",
					"$(PROJECT_DIR)/lib",
				);
				MACOSX_DEPLOYMENT_TARGET = 12.0;
				MARKETING_VERSION = 0.1.0;
				ONLY_ACTIVE_ARCH = YES;
				OTHER_LDFLAGS = (
					"-Xlinker",
					"-interposable",
				);
				PRODUCT_BUNDLE_IDENTIFIER = io.github.innatemc.InnateMC;
				PRODUCT_MODULE_NAME = InnateMC;
				PRODUCT_NAME = "$(TARGET_NAME)";
				PROVISIONING_PROFILE_SPECIFIER = "";
				SWIFT_EMIT_LOC_STRINGS = YES;
				SWIFT_OBJC_BRIDGING_HEADER = "InnateMC/InnateMC-Bridging-Header.h";
				SWIFT_OPTIMIZATION_LEVEL = "-Onone";
				SWIFT_VERSION = 5.0;
				VERSIONING_SYSTEM = "Semantic Versioning";
			};
			name = Debug;
		};
		64C334FC2922524000BB8570 /* Release */ = {
			isa = XCBuildConfiguration;
			buildSettings = {
				ASSETCATALOG_COMPILER_APPICON_NAME = AppIcon;
				ASSETCATALOG_COMPILER_GLOBAL_ACCENT_COLOR_NAME = AccentColor;
				CLANG_ENABLE_MODULES = YES;
				CODE_SIGN_ENTITLEMENTS = InnateMC/InnateMC.entitlements;
				CODE_SIGN_IDENTITY = "-";
				"CODE_SIGN_IDENTITY[sdk=macosx*]" = "-";
				CODE_SIGN_STYLE = Automatic;
				COMBINE_HIDPI_IMAGES = YES;
				CURRENT_PROJECT_VERSION = 1;
				DEAD_CODE_STRIPPING = YES;
				DEVELOPMENT_ASSET_PATHS = "\"InnateMC/Preview Content\"";
				DEVELOPMENT_TEAM = "";
				ENABLE_HARDENED_RUNTIME = YES;
				ENABLE_PREVIEWS = YES;
				GENERATE_INFOPLIST_FILE = YES;
				HEADER_SEARCH_PATHS = "$(PROJECT_DIR)/include";
				INFOPLIST_FILE = InnateMC/Info.plist;
				INFOPLIST_KEY_LSApplicationCategoryType = "public.app-category.games";
				INFOPLIST_KEY_NSHumanReadableCopyright = "Copyright © 2022 InnateMC & Contributors";
				LD_RUNPATH_SEARCH_PATHS = (
					"$(inherited)",
					"@executable_path/../Frameworks",
				);
				LIBRARY_SEARCH_PATHS = (
					"$(inherited)",
					"$(PROJECT_DIR)/lib",
				);
				MACOSX_DEPLOYMENT_TARGET = 12.0;
				MARKETING_VERSION = 0.1.0;
				ONLY_ACTIVE_ARCH = NO;
				PRODUCT_BUNDLE_IDENTIFIER = io.github.innatemc.InnateMC;
				PRODUCT_MODULE_NAME = InnateMC;
				PRODUCT_NAME = "$(TARGET_NAME)";
				PROVISIONING_PROFILE_SPECIFIER = "";
				SWIFT_EMIT_LOC_STRINGS = YES;
				SWIFT_OBJC_BRIDGING_HEADER = "InnateMC/InnateMC-Bridging-Header.h";
				SWIFT_VERSION = 5.0;
				VERSIONING_SYSTEM = "Semantic Versioning";
			};
			name = Release;
		};
/* End XCBuildConfiguration section */

/* Begin XCConfigurationList section */
		649C8DD8297D5ABE000352F2 /* Build configuration list for PBXNativeTarget "InnateMCTests" */ = {
			isa = XCConfigurationList;
			buildConfigurations = (
				649C8DD9297D5ABE000352F2 /* Debug */,
				649C8DDA297D5ABE000352F2 /* Release */,
			);
			defaultConfigurationIsVisible = 0;
			defaultConfigurationName = Release;
		};
		64C334D02922523500BB8570 /* Build configuration list for PBXProject "InnateMC" */ = {
			isa = XCConfigurationList;
			buildConfigurations = (
				64C334F82922524000BB8570 /* Debug */,
				64C334F92922524000BB8570 /* Release */,
			);
			defaultConfigurationIsVisible = 0;
			defaultConfigurationName = Release;
		};
		64C334FA2922524000BB8570 /* Build configuration list for PBXNativeTarget "InnateMC" */ = {
			isa = XCConfigurationList;
			buildConfigurations = (
				64C334FB2922524000BB8570 /* Debug */,
				64C334FC2922524000BB8570 /* Release */,
			);
			defaultConfigurationIsVisible = 0;
			defaultConfigurationName = Release;
		};
/* End XCConfigurationList section */

/* Begin XCRemoteSwiftPackageReference section */
		644D708929F3C80C0007C7F4 /* XCRemoteSwiftPackageReference "microsoft-authentication-library-for-objc" */ = {
			isa = XCRemoteSwiftPackageReference;
			repositoryURL = "https://github.com/AzureAD/microsoft-authentication-library-for-objc";
			requirement = {
				kind = upToNextMajorVersion;
				minimumVersion = 1.0.0;
			};
		};
		64515B712A78DF34000D17A8 /* XCRemoteSwiftPackageReference "FileWatcher" */ = {
			isa = XCRemoteSwiftPackageReference;
			repositoryURL = "https://github.com/eonist/FileWatcher.git";
			requirement = {
				kind = upToNextMajorVersion;
				minimumVersion = 0.2.3;
			};
		};
		6459E1212976FEDF006DB3A4 /* XCRemoteSwiftPackageReference "SymbolPicker" */ = {
			isa = XCRemoteSwiftPackageReference;
			repositoryURL = "https://github.com/xnth97/SymbolPicker.git";
			requirement = {
				kind = upToNextMajorVersion;
				minimumVersion = 1.0.0;
			};
		};
		648445782A10C95100049986 /* XCRemoteSwiftPackageReference "async-http-client" */ = {
			isa = XCRemoteSwiftPackageReference;
			repositoryURL = "https://github.com/swift-server/async-http-client";
			requirement = {
				kind = upToNextMajorVersion;
				minimumVersion = 1.0.0;
			};
		};
		649212BF293AF4120092E2DD /* XCRemoteSwiftPackageReference "swift-atomics" */ = {
			isa = XCRemoteSwiftPackageReference;
			repositoryURL = "https://github.com/apple/swift-atomics.git";
			requirement = {
				kind = upToNextMajorVersion;
				minimumVersion = 1.0.0;
			};
		};
		64E1F8CA2A0FC1AC006D68B6 /* XCRemoteSwiftPackageReference "Alamofire" */ = {
			isa = XCRemoteSwiftPackageReference;
			repositoryURL = "https://github.com/Alamofire/Alamofire";
			requirement = {
				kind = upToNextMajorVersion;
				minimumVersion = 5.0.0;
			};
		};
		64E900372935EC500035181B /* XCRemoteSwiftPackageReference "Preferences" */ = {
			isa = XCRemoteSwiftPackageReference;
			repositoryURL = "https://github.com/sindresorhus/Preferences";
			requirement = {
				kind = exactVersion;
				version = 2.5.0;
			};
		};
		64FA2A902A0F73BD0042A4A7 /* XCRemoteSwiftPackageReference "swifter" */ = {
			isa = XCRemoteSwiftPackageReference;
			repositoryURL = "https://github.com/httpswift/swifter";
			requirement = {
				kind = upToNextMajorVersion;
				minimumVersion = 1.0.0;
			};
		};
		64FC5B272A5805FA009D0050 /* XCRemoteSwiftPackageReference "Zip" */ = {
			isa = XCRemoteSwiftPackageReference;
			repositoryURL = "https://github.com/marmelroy/Zip.git";
			requirement = {
				kind = upToNextMajorVersion;
				minimumVersion = 2.1.2;
			};
		};
/* End XCRemoteSwiftPackageReference section */

/* Begin XCSwiftPackageProductDependency section */
		64515B722A78DF34000D17A8 /* FileWatcher */ = {
			isa = XCSwiftPackageProductDependency;
			package = 64515B712A78DF34000D17A8 /* XCRemoteSwiftPackageReference "FileWatcher" */;
			productName = FileWatcher;
		};
		64FA2A912A0F73BD0042A4A7 /* Swifter */ = {
			isa = XCSwiftPackageProductDependency;
			package = 64FA2A902A0F73BD0042A4A7 /* XCRemoteSwiftPackageReference "swifter" */;
			productName = Swifter;
		};
		64FC5B282A5805FB009D0050 /* Zip */ = {
			isa = XCSwiftPackageProductDependency;
			package = 64FC5B272A5805FA009D0050 /* XCRemoteSwiftPackageReference "Zip" */;
			productName = Zip;
		};
/* End XCSwiftPackageProductDependency section */
	};
	rootObject = 64C334CD2922523500BB8570 /* Project object */;
}
