// !$*UTF8*$!
{
	archiveVersion = 1;
	classes = {
	};
	objectVersion = 55;
	objects = {

/* Begin PBXBuildFile section */
		640DC1ED2934EC2300943213 /* AppDelegate.swift in Sources */ = {isa = PBXBuildFile; fileRef = 640DC1EC2934EC2300943213 /* AppDelegate.swift */; };
		640DC1F12934F14200943213 /* NewInstanceView.swift in Sources */ = {isa = PBXBuildFile; fileRef = 640DC1F02934F14200943213 /* NewInstanceView.swift */; };
		64148DDA296E80E400E5EAD3 /* GlobalPreferences.swift in Sources */ = {isa = PBXBuildFile; fileRef = 64148DD9296E80E400E5EAD3 /* GlobalPreferences.swift */; };
		641678512923B6D40012C9CC /* RuntimePreferencesView.swift in Sources */ = {isa = PBXBuildFile; fileRef = 641678502923B6D40012C9CC /* RuntimePreferencesView.swift */; };
		641678532923B6FA0012C9CC /* AccountsPreferencesView.swift in Sources */ = {isa = PBXBuildFile; fileRef = 641678522923B6F90012C9CC /* AccountsPreferencesView.swift */; };
		641678552923B70F0012C9CC /* GamePreferencesView.swift in Sources */ = {isa = PBXBuildFile; fileRef = 641678542923B70F0012C9CC /* GamePreferencesView.swift */; };
		641678572923B7220012C9CC /* ConsolePreferencesView.swift in Sources */ = {isa = PBXBuildFile; fileRef = 641678562923B7220012C9CC /* ConsolePreferencesView.swift */; };
		641678592923B7330012C9CC /* MiscPreferencesView.swift in Sources */ = {isa = PBXBuildFile; fileRef = 641678582923B7330012C9CC /* MiscPreferencesView.swift */; };
		64373BA329C0A430001DBD4C /* InstanceTests.swift in Sources */ = {isa = PBXBuildFile; fileRef = 64373BA229C0A430001DBD4C /* InstanceTests.swift */; };
		644DE1D42937C93600C4A03E /* InstanceView.swift in Sources */ = {isa = PBXBuildFile; fileRef = 644DE1D32937C93600C4A03E /* InstanceView.swift */; };
		644FC66E29375853003797D9 /* InstanceNavigationLink.swift in Sources */ = {isa = PBXBuildFile; fileRef = 644FC66D29375852003797D9 /* InstanceNavigationLink.swift */; };
		644FC67029376FC7003797D9 /* AsynchronousImage.swift in Sources */ = {isa = PBXBuildFile; fileRef = 644FC66F29376FC7003797D9 /* AsynchronousImage.swift */; };
		644FC6722937B243003797D9 /* UiPreferencesView.swift in Sources */ = {isa = PBXBuildFile; fileRef = 644FC6712937B243003797D9 /* UiPreferencesView.swift */; };
		6459E125297700D5006DB3A4 /* InstanceLogoView.swift in Sources */ = {isa = PBXBuildFile; fileRef = 6459E124297700D5006DB3A4 /* InstanceLogoView.swift */; };
		646139DE2977E2D300BA9477 /* SFSymbols11List.swift in Sources */ = {isa = PBXBuildFile; fileRef = 646139DD2977E2D300BA9477 /* SFSymbols11List.swift */; };
		646139E02977E3A700BA9477 /* SymbolPicker.swift in Sources */ = {isa = PBXBuildFile; fileRef = 646139DF2977E3A700BA9477 /* SymbolPicker.swift */; };
		646139E22977E88700BA9477 /* SFSymbols12List.swift in Sources */ = {isa = PBXBuildFile; fileRef = 646139E12977E88700BA9477 /* SFSymbols12List.swift */; };
		646139E42977E95300BA9477 /* SFSymbols13List.swift in Sources */ = {isa = PBXBuildFile; fileRef = 646139E32977E95300BA9477 /* SFSymbols13List.swift */; };
		646139E62977EA0300BA9477 /* SFSymbolsList.swift in Sources */ = {isa = PBXBuildFile; fileRef = 646139E52977EA0300BA9477 /* SFSymbolsList.swift */; };
		6472E47029E2BF5F00B4C65B /* ParallelDownloader.swift in Sources */ = {isa = PBXBuildFile; fileRef = 6472E46F29E2BF5F00B4C65B /* ParallelDownloader.swift */; };
		6472E47229E2C35200B4C65B /* DownloadTask.swift in Sources */ = {isa = PBXBuildFile; fileRef = 6472E47129E2C35200B4C65B /* DownloadTask.swift */; };
		64821E0A29E44B78006012F7 /* MinecraftAccount.swift in Sources */ = {isa = PBXBuildFile; fileRef = 64821E0929E44B78006012F7 /* MinecraftAccount.swift */; };
		64821E0C29E44C14006012F7 /* OfflineAccount.swift in Sources */ = {isa = PBXBuildFile; fileRef = 64821E0B29E44C13006012F7 /* OfflineAccount.swift */; };
		64821E0E29E459FC006012F7 /* AccountManager.swift in Sources */ = {isa = PBXBuildFile; fileRef = 64821E0D29E459FA006012F7 /* AccountManager.swift */; };
		648C832529DBF0A100007603 /* libzip.5.5.dylib in Frameworks */ = {isa = PBXBuildFile; fileRef = 648C832329DBF01600007603 /* libzip.5.5.dylib */; };
		649212C1293AF4120092E2DD /* Atomics in Frameworks */ = {isa = PBXBuildFile; productRef = 649212C0293AF4120092E2DD /* Atomics */; };
		649762C02935A46E00977467 /* NewVanillaInstanceView.swift in Sources */ = {isa = PBXBuildFile; fileRef = 649762BF2935A46E00977467 /* NewVanillaInstanceView.swift */; };
		64A5150E29E2DED100AFE3AE /* MinecraftJar.swift in Sources */ = {isa = PBXBuildFile; fileRef = 64A5150D29E2DED100AFE3AE /* MinecraftJar.swift */; };
		64A5151029E2DEE900AFE3AE /* Library.swift in Sources */ = {isa = PBXBuildFile; fileRef = 64A5150F29E2DEE900AFE3AE /* Library.swift */; };
		64A5151229E2DEFD00AFE3AE /* PartialAssetIndex.swift in Sources */ = {isa = PBXBuildFile; fileRef = 64A5151129E2DEFD00AFE3AE /* PartialAssetIndex.swift */; };
		64A5151429E2DF1100AFE3AE /* Arguments.swift in Sources */ = {isa = PBXBuildFile; fileRef = 64A5151329E2DF1100AFE3AE /* Arguments.swift */; };
		64A5151629E2DF2300AFE3AE /* InstanceLogo.swift in Sources */ = {isa = PBXBuildFile; fileRef = 64A5151529E2DF2300AFE3AE /* InstanceLogo.swift */; };
		64A5151829E2DF3300AFE3AE /* FileType.swift in Sources */ = {isa = PBXBuildFile; fileRef = 64A5151729E2DF3300AFE3AE /* FileType.swift */; };
		64A5151A29E2DF6500AFE3AE /* Published+Coding.swift in Sources */ = {isa = PBXBuildFile; fileRef = 64A5151929E2DF6500AFE3AE /* Published+Coding.swift */; };
		64A5151C29E2DFAD00AFE3AE /* Instance+Storage.swift in Sources */ = {isa = PBXBuildFile; fileRef = 64A5151B29E2DFAD00AFE3AE /* Instance+Storage.swift */; };
		64A5151E29E2DFE000AFE3AE /* Instance+Prelaunch.swift in Sources */ = {isa = PBXBuildFile; fileRef = 64A5151D29E2DFE000AFE3AE /* Instance+Prelaunch.swift */; };
		64A5152029E2E6A300AFE3AE /* InstanceData.swift in Sources */ = {isa = PBXBuildFile; fileRef = 64A5151F29E2E6A300AFE3AE /* InstanceData.swift */; };
		64A62C8D2977B454007A9597 /* SymbolLogoPickerView.swift in Sources */ = {isa = PBXBuildFile; fileRef = 64A62C8C2977B454007A9597 /* SymbolLogoPickerView.swift */; };
		64B01AE52940961F00B3E670 /* InstanceRuntimeView.swift in Sources */ = {isa = PBXBuildFile; fileRef = 64B01AE42940961F00B3E670 /* InstanceRuntimeView.swift */; };
		64C334D92922523600BB8570 /* InnateMCApp.swift in Sources */ = {isa = PBXBuildFile; fileRef = 64C334D82922523600BB8570 /* InnateMCApp.swift */; };
		64C334DB2922523600BB8570 /* ContentView.swift in Sources */ = {isa = PBXBuildFile; fileRef = 64C334DA2922523600BB8570 /* ContentView.swift */; };
		64C334DD2922523F00BB8570 /* Assets.xcassets in Resources */ = {isa = PBXBuildFile; fileRef = 64C334DC2922523F00BB8570 /* Assets.xcassets */; };
		64C334E02922523F00BB8570 /* Preview Assets.xcassets in Resources */ = {isa = PBXBuildFile; fileRef = 64C334DF2922523F00BB8570 /* Preview Assets.xcassets */; };
		64C33505292252B500BB8570 /* PreferencesView.swift in Sources */ = {isa = PBXBuildFile; fileRef = 64C33504292252B500BB8570 /* PreferencesView.swift */; };
		64C33507292256C500BB8570 /* TodoView.swift in Sources */ = {isa = PBXBuildFile; fileRef = 64C33506292256C500BB8570 /* TodoView.swift */; };
		64C33509292272F600BB8570 /* .gitignore in Resources */ = {isa = PBXBuildFile; fileRef = 64C33508292272F500BB8570 /* .gitignore */; };
		64C3350C2922B0B500BB8570 /* LICENSE in Resources */ = {isa = PBXBuildFile; fileRef = 64C3350B2922B0B400BB8570 /* LICENSE */; };
		64C41C1429366CAF00014E0F /* ValueKeys.swift in Sources */ = {isa = PBXBuildFile; fileRef = 64C41C1329366CAF00014E0F /* ValueKeys.swift */; };
		64C5621429C083AA003402F0 /* InstanceProcess.swift in Sources */ = {isa = PBXBuildFile; fileRef = 64C5621329C083AA003402F0 /* InstanceProcess.swift */; };
		64CE1092297864A700366372 /* ImageLogoPickerView.swift in Sources */ = {isa = PBXBuildFile; fileRef = 64CE1091297864A700366372 /* ImageLogoPickerView.swift */; };
		64DC9E4829E67427005DE585 /* Localizable.strings in Resources */ = {isa = PBXBuildFile; fileRef = 64DC9E4A29E67427005DE585 /* Localizable.strings */; };
		64E459EF2938BBEF00F82A2B /* InstanceCommands.swift in Sources */ = {isa = PBXBuildFile; fileRef = 64E459EE2938BBEF00F82A2B /* InstanceCommands.swift */; };
		64E459F32938C7AC00F82A2B /* LauncherData.swift in Sources */ = {isa = PBXBuildFile; fileRef = 64E459F22938C7AC00F82A2B /* LauncherData.swift */; };
		64F7C5ED297D63D00086ABC1 /* ArgumentProvider.swift in Sources */ = {isa = PBXBuildFile; fileRef = 64F7C5EC297D63D00086ABC1 /* ArgumentProvider.swift */; };
		64F7C5F1297D641C0086ABC1 /* AssetIndex.swift in Sources */ = {isa = PBXBuildFile; fileRef = 64F7C5F0297D641C0086ABC1 /* AssetIndex.swift */; };
		64F7C5F3297D64370086ABC1 /* TaskProgress.swift in Sources */ = {isa = PBXBuildFile; fileRef = 64F7C5F2297D64370086ABC1 /* TaskProgress.swift */; };
		64F7C5F5297D64490086ABC1 /* FileHandler.swift in Sources */ = {isa = PBXBuildFile; fileRef = 64F7C5F4297D64490086ABC1 /* FileHandler.swift */; };
		64F7C5F7297D645A0086ABC1 /* ParallelExecutor.swift in Sources */ = {isa = PBXBuildFile; fileRef = 64F7C5F6297D645A0086ABC1 /* ParallelExecutor.swift */; };
		64F7C5F9297D646C0086ABC1 /* Version.swift in Sources */ = {isa = PBXBuildFile; fileRef = 64F7C5F8297D646C0086ABC1 /* Version.swift */; };
		64F7C5FB297D64810086ABC1 /* VersionManifest.swift in Sources */ = {isa = PBXBuildFile; fileRef = 64F7C5FA297D64810086ABC1 /* VersionManifest.swift */; };
		64F7C5FE297D64A40086ABC1 /* Instance.swift in Sources */ = {isa = PBXBuildFile; fileRef = 64F7C5FD297D64A40086ABC1 /* Instance.swift */; };
		64F7C600297D64B50086ABC1 /* InstanceCreator.swift in Sources */ = {isa = PBXBuildFile; fileRef = 64F7C5FF297D64B50086ABC1 /* InstanceCreator.swift */; };
		64F7C602297D64CA0086ABC1 /* InstancePreferences.swift in Sources */ = {isa = PBXBuildFile; fileRef = 64F7C601297D64CA0086ABC1 /* InstancePreferences.swift */; };
		64F7C604297D64DD0086ABC1 /* VanillaInstanceCreator.swift in Sources */ = {isa = PBXBuildFile; fileRef = 64F7C603297D64DD0086ABC1 /* VanillaInstanceCreator.swift */; };
		64F7C607297D65080086ABC1 /* DownloadedJavaInstallation.swift in Sources */ = {isa = PBXBuildFile; fileRef = 64F7C606297D65080086ABC1 /* DownloadedJavaInstallation.swift */; };
		64F7C60B297D65390086ABC1 /* LinkedJavaInstallation.swift in Sources */ = {isa = PBXBuildFile; fileRef = 64F7C60A297D65390086ABC1 /* LinkedJavaInstallation.swift */; };
		64F7C60D297D654A0086ABC1 /* JreDownloader.swift in Sources */ = {isa = PBXBuildFile; fileRef = 64F7C60C297D654A0086ABC1 /* JreDownloader.swift */; };
		64F7C60F297D65620086ABC1 /* SavedJavaInstallation.swift in Sources */ = {isa = PBXBuildFile; fileRef = 64F7C60E297D65620086ABC1 /* SavedJavaInstallation.swift */; };
		64F7C612297D658D0086ABC1 /* RuntimePreferences.swift in Sources */ = {isa = PBXBuildFile; fileRef = 64F7C611297D658D0086ABC1 /* RuntimePreferences.swift */; };
		64FE2D40293BA78B007414CB /* InstanceLaunchView.swift in Sources */ = {isa = PBXBuildFile; fileRef = 64FE2D3F293BA78B007414CB /* InstanceLaunchView.swift */; };
/* End PBXBuildFile section */

/* Begin PBXContainerItemProxy section */
		649C8DD6297D5ABE000352F2 /* PBXContainerItemProxy */ = {
			isa = PBXContainerItemProxy;
			containerPortal = 64C334CD2922523500BB8570 /* Project object */;
			proxyType = 1;
			remoteGlobalIDString = 64C334D42922523600BB8570;
			remoteInfo = InnateMC;
		};
/* End PBXContainerItemProxy section */

/* Begin PBXCopyFilesBuildPhase section */
		643B3A1129274FCB00AEC71C /* Embed Frameworks */ = {
			isa = PBXCopyFilesBuildPhase;
			buildActionMask = 2147483647;
			dstPath = "";
			dstSubfolderSpec = 10;
			files = (
			);
			name = "Embed Frameworks";
			runOnlyForDeploymentPostprocessing = 0;
		};
/* End PBXCopyFilesBuildPhase section */

/* Begin PBXFileReference section */
		64037CA8297C724D00F7FE79 /* ArgumentTests.swift */ = {isa = PBXFileReference; lastKnownFileType = sourcecode.swift; path = ArgumentTests.swift; sourceTree = "<group>"; };
		64065A942971CD85000BCE24 /* JavaTests.swift */ = {isa = PBXFileReference; lastKnownFileType = sourcecode.swift; path = JavaTests.swift; sourceTree = "<group>"; };
		640DC1EC2934EC2300943213 /* AppDelegate.swift */ = {isa = PBXFileReference; lastKnownFileType = sourcecode.swift; path = AppDelegate.swift; sourceTree = "<group>"; };
		640DC1F02934F14200943213 /* NewInstanceView.swift */ = {isa = PBXFileReference; lastKnownFileType = sourcecode.swift; path = NewInstanceView.swift; sourceTree = "<group>"; };
		64148DD9296E80E400E5EAD3 /* GlobalPreferences.swift */ = {isa = PBXFileReference; lastKnownFileType = sourcecode.swift; path = GlobalPreferences.swift; sourceTree = "<group>"; };
		641678502923B6D40012C9CC /* RuntimePreferencesView.swift */ = {isa = PBXFileReference; lastKnownFileType = sourcecode.swift; path = RuntimePreferencesView.swift; sourceTree = "<group>"; };
		641678522923B6F90012C9CC /* AccountsPreferencesView.swift */ = {isa = PBXFileReference; lastKnownFileType = sourcecode.swift; path = AccountsPreferencesView.swift; sourceTree = "<group>"; };
		641678542923B70F0012C9CC /* GamePreferencesView.swift */ = {isa = PBXFileReference; lastKnownFileType = sourcecode.swift; path = GamePreferencesView.swift; sourceTree = "<group>"; };
		641678562923B7220012C9CC /* ConsolePreferencesView.swift */ = {isa = PBXFileReference; lastKnownFileType = sourcecode.swift; path = ConsolePreferencesView.swift; sourceTree = "<group>"; };
		641678582923B7330012C9CC /* MiscPreferencesView.swift */ = {isa = PBXFileReference; lastKnownFileType = sourcecode.swift; path = MiscPreferencesView.swift; sourceTree = "<group>"; };
		64373BA229C0A430001DBD4C /* InstanceTests.swift */ = {isa = PBXFileReference; lastKnownFileType = sourcecode.swift; path = InstanceTests.swift; sourceTree = "<group>"; };
		644DE1D32937C93600C4A03E /* InstanceView.swift */ = {isa = PBXFileReference; lastKnownFileType = sourcecode.swift; path = InstanceView.swift; sourceTree = "<group>"; };
		644FC66D29375852003797D9 /* InstanceNavigationLink.swift */ = {isa = PBXFileReference; lastKnownFileType = sourcecode.swift; path = InstanceNavigationLink.swift; sourceTree = "<group>"; };
		644FC66F29376FC7003797D9 /* AsynchronousImage.swift */ = {isa = PBXFileReference; lastKnownFileType = sourcecode.swift; path = AsynchronousImage.swift; sourceTree = "<group>"; };
		644FC6712937B243003797D9 /* UiPreferencesView.swift */ = {isa = PBXFileReference; lastKnownFileType = sourcecode.swift; path = UiPreferencesView.swift; sourceTree = "<group>"; };
		6459E124297700D5006DB3A4 /* InstanceLogoView.swift */ = {isa = PBXFileReference; lastKnownFileType = sourcecode.swift; path = InstanceLogoView.swift; sourceTree = "<group>"; };
		645AFA94292C9E1500CD3F7E /* HEADER */ = {isa = PBXFileReference; lastKnownFileType = text; path = HEADER; sourceTree = "<group>"; };
		646139DD2977E2D300BA9477 /* SFSymbols11List.swift */ = {isa = PBXFileReference; lastKnownFileType = sourcecode.swift; path = SFSymbols11List.swift; sourceTree = "<group>"; };
		646139DF2977E3A700BA9477 /* SymbolPicker.swift */ = {isa = PBXFileReference; lastKnownFileType = sourcecode.swift; path = SymbolPicker.swift; sourceTree = "<group>"; };
		646139E12977E88700BA9477 /* SFSymbols12List.swift */ = {isa = PBXFileReference; lastKnownFileType = sourcecode.swift; path = SFSymbols12List.swift; sourceTree = "<group>"; };
		646139E32977E95300BA9477 /* SFSymbols13List.swift */ = {isa = PBXFileReference; lastKnownFileType = sourcecode.swift; path = SFSymbols13List.swift; sourceTree = "<group>"; };
		646139E52977EA0300BA9477 /* SFSymbolsList.swift */ = {isa = PBXFileReference; lastKnownFileType = sourcecode.swift; path = SFSymbolsList.swift; sourceTree = "<group>"; };
		6472E46F29E2BF5F00B4C65B /* ParallelDownloader.swift */ = {isa = PBXFileReference; lastKnownFileType = sourcecode.swift; path = ParallelDownloader.swift; sourceTree = "<group>"; };
		6472E47129E2C35200B4C65B /* DownloadTask.swift */ = {isa = PBXFileReference; lastKnownFileType = sourcecode.swift; path = DownloadTask.swift; sourceTree = "<group>"; };
		64821E0929E44B78006012F7 /* MinecraftAccount.swift */ = {isa = PBXFileReference; lastKnownFileType = sourcecode.swift; path = MinecraftAccount.swift; sourceTree = "<group>"; };
		64821E0B29E44C13006012F7 /* OfflineAccount.swift */ = {isa = PBXFileReference; lastKnownFileType = sourcecode.swift; path = OfflineAccount.swift; sourceTree = "<group>"; };
		64821E0D29E459FA006012F7 /* AccountManager.swift */ = {isa = PBXFileReference; lastKnownFileType = sourcecode.swift; path = AccountManager.swift; sourceTree = "<group>"; };
		648C831129DB375400007603 /* InnateMC-Bridging-Header.h */ = {isa = PBXFileReference; lastKnownFileType = sourcecode.c.h; path = "InnateMC-Bridging-Header.h"; sourceTree = "<group>"; };
		648C831529DBDD6A00007603 /* libzip.5.5.dylib */ = {isa = PBXFileReference; lastKnownFileType = "compiled.mach-o.dylib"; name = libzip.5.5.dylib; path = ../../../../../usr/local/lib/libzip.5.5.dylib; sourceTree = "<group>"; };
		648C831829DBDDCD00007603 /* zip */ = {isa = PBXFileReference; explicitFileType = sourcecode.c.h; path = zip; sourceTree = "<group>"; };
		648C831D29DBE9F100007603 /* zipconf */ = {isa = PBXFileReference; explicitFileType = sourcecode.c.h; path = zipconf; sourceTree = "<group>"; };
		648C831E29DBEE9900007603 /* libzip.5.5.dylib */ = {isa = PBXFileReference; lastKnownFileType = "compiled.mach-o.dylib"; name = libzip.5.5.dylib; path = ../../../Desktop/libzip.5.5.dylib; sourceTree = "<group>"; };
		648C832329DBF01600007603 /* libzip.5.5.dylib */ = {isa = PBXFileReference; lastKnownFileType = "compiled.mach-o.dylib"; path = libzip.5.5.dylib; sourceTree = "<group>"; };
		649762BF2935A46E00977467 /* NewVanillaInstanceView.swift */ = {isa = PBXFileReference; lastKnownFileType = sourcecode.swift; path = NewVanillaInstanceView.swift; sourceTree = "<group>"; };
		649C8DD2297D5ABE000352F2 /* InnateMCTests.xctest */ = {isa = PBXFileReference; explicitFileType = wrapper.cfbundle; includeInIndex = 0; path = InnateMCTests.xctest; sourceTree = BUILT_PRODUCTS_DIR; };
		64A5150D29E2DED100AFE3AE /* MinecraftJar.swift */ = {isa = PBXFileReference; lastKnownFileType = sourcecode.swift; path = MinecraftJar.swift; sourceTree = "<group>"; };
		64A5150F29E2DEE900AFE3AE /* Library.swift */ = {isa = PBXFileReference; lastKnownFileType = sourcecode.swift; path = Library.swift; sourceTree = "<group>"; };
		64A5151129E2DEFD00AFE3AE /* PartialAssetIndex.swift */ = {isa = PBXFileReference; lastKnownFileType = sourcecode.swift; path = PartialAssetIndex.swift; sourceTree = "<group>"; };
		64A5151329E2DF1100AFE3AE /* Arguments.swift */ = {isa = PBXFileReference; lastKnownFileType = sourcecode.swift; path = Arguments.swift; sourceTree = "<group>"; };
		64A5151529E2DF2300AFE3AE /* InstanceLogo.swift */ = {isa = PBXFileReference; lastKnownFileType = sourcecode.swift; path = InstanceLogo.swift; sourceTree = "<group>"; };
		64A5151729E2DF3300AFE3AE /* FileType.swift */ = {isa = PBXFileReference; lastKnownFileType = sourcecode.swift; path = FileType.swift; sourceTree = "<group>"; };
		64A5151929E2DF6500AFE3AE /* Published+Coding.swift */ = {isa = PBXFileReference; lastKnownFileType = sourcecode.swift; path = "Published+Coding.swift"; sourceTree = "<group>"; };
		64A5151B29E2DFAD00AFE3AE /* Instance+Storage.swift */ = {isa = PBXFileReference; lastKnownFileType = sourcecode.swift; path = "Instance+Storage.swift"; sourceTree = "<group>"; };
		64A5151D29E2DFE000AFE3AE /* Instance+Prelaunch.swift */ = {isa = PBXFileReference; lastKnownFileType = sourcecode.swift; path = "Instance+Prelaunch.swift"; sourceTree = "<group>"; };
		64A5151F29E2E6A300AFE3AE /* InstanceData.swift */ = {isa = PBXFileReference; lastKnownFileType = sourcecode.swift; path = InstanceData.swift; sourceTree = "<group>"; };
		64A62C8C2977B454007A9597 /* SymbolLogoPickerView.swift */ = {isa = PBXFileReference; lastKnownFileType = sourcecode.swift; path = SymbolLogoPickerView.swift; sourceTree = "<group>"; };
		64B01AE42940961F00B3E670 /* InstanceRuntimeView.swift */ = {isa = PBXFileReference; lastKnownFileType = sourcecode.swift; path = InstanceRuntimeView.swift; sourceTree = "<group>"; };
		64C334D52922523600BB8570 /* InnateMC.app */ = {isa = PBXFileReference; explicitFileType = wrapper.application; includeInIndex = 0; path = InnateMC.app; sourceTree = BUILT_PRODUCTS_DIR; };
		64C334D82922523600BB8570 /* InnateMCApp.swift */ = {isa = PBXFileReference; lastKnownFileType = sourcecode.swift; path = InnateMCApp.swift; sourceTree = "<group>"; };
		64C334DA2922523600BB8570 /* ContentView.swift */ = {isa = PBXFileReference; lastKnownFileType = sourcecode.swift; path = ContentView.swift; sourceTree = "<group>"; };
		64C334DC2922523F00BB8570 /* Assets.xcassets */ = {isa = PBXFileReference; lastKnownFileType = folder.assetcatalog; path = Assets.xcassets; sourceTree = "<group>"; };
		64C334DF2922523F00BB8570 /* Preview Assets.xcassets */ = {isa = PBXFileReference; lastKnownFileType = folder.assetcatalog; path = "Preview Assets.xcassets"; sourceTree = "<group>"; };
		64C334E12922523F00BB8570 /* InnateMC.entitlements */ = {isa = PBXFileReference; lastKnownFileType = text.plist.entitlements; path = InnateMC.entitlements; sourceTree = "<group>"; };
		64C33504292252B500BB8570 /* PreferencesView.swift */ = {isa = PBXFileReference; lastKnownFileType = sourcecode.swift; path = PreferencesView.swift; sourceTree = "<group>"; };
		64C33506292256C500BB8570 /* TodoView.swift */ = {isa = PBXFileReference; lastKnownFileType = sourcecode.swift; path = TodoView.swift; sourceTree = "<group>"; };
		64C33508292272F500BB8570 /* .gitignore */ = {isa = PBXFileReference; lastKnownFileType = text; path = .gitignore; sourceTree = "<group>"; };
		64C3350A2922734400BB8570 /* README.md */ = {isa = PBXFileReference; lastKnownFileType = net.daringfireball.markdown; path = README.md; sourceTree = "<group>"; };
		64C3350B2922B0B400BB8570 /* LICENSE */ = {isa = PBXFileReference; fileEncoding = 4; lastKnownFileType = text; path = LICENSE; sourceTree = "<group>"; };
		64C41C1329366CAF00014E0F /* ValueKeys.swift */ = {isa = PBXFileReference; lastKnownFileType = sourcecode.swift; path = ValueKeys.swift; sourceTree = "<group>"; };
		64C5621329C083AA003402F0 /* InstanceProcess.swift */ = {isa = PBXFileReference; lastKnownFileType = sourcecode.swift; path = InstanceProcess.swift; sourceTree = "<group>"; };
		64CE1091297864A700366372 /* ImageLogoPickerView.swift */ = {isa = PBXFileReference; lastKnownFileType = sourcecode.swift; path = ImageLogoPickerView.swift; sourceTree = "<group>"; };
		64DC9E4929E67427005DE585 /* en */ = {isa = PBXFileReference; lastKnownFileType = text.plist.strings; name = en; path = en.lproj/Localizable.strings; sourceTree = "<group>"; };
		64E459EE2938BBEF00F82A2B /* InstanceCommands.swift */ = {isa = PBXFileReference; lastKnownFileType = sourcecode.swift; path = InstanceCommands.swift; sourceTree = "<group>"; };
		64E459F22938C7AC00F82A2B /* LauncherData.swift */ = {isa = PBXFileReference; lastKnownFileType = sourcecode.swift; path = LauncherData.swift; sourceTree = "<group>"; };
		64EB537E2929CD7800D6CDDD /* DownloadTests.swift */ = {isa = PBXFileReference; lastKnownFileType = sourcecode.swift; path = DownloadTests.swift; sourceTree = "<group>"; };
		64F7C5EC297D63D00086ABC1 /* ArgumentProvider.swift */ = {isa = PBXFileReference; lastKnownFileType = sourcecode.swift; path = ArgumentProvider.swift; sourceTree = "<group>"; };
		64F7C5F0297D641C0086ABC1 /* AssetIndex.swift */ = {isa = PBXFileReference; lastKnownFileType = sourcecode.swift; path = AssetIndex.swift; sourceTree = "<group>"; };
		64F7C5F2297D64370086ABC1 /* TaskProgress.swift */ = {isa = PBXFileReference; lastKnownFileType = sourcecode.swift; path = TaskProgress.swift; sourceTree = "<group>"; };
		64F7C5F4297D64490086ABC1 /* FileHandler.swift */ = {isa = PBXFileReference; lastKnownFileType = sourcecode.swift; path = FileHandler.swift; sourceTree = "<group>"; };
		64F7C5F6297D645A0086ABC1 /* ParallelExecutor.swift */ = {isa = PBXFileReference; lastKnownFileType = sourcecode.swift; path = ParallelExecutor.swift; sourceTree = "<group>"; };
		64F7C5F8297D646C0086ABC1 /* Version.swift */ = {isa = PBXFileReference; lastKnownFileType = sourcecode.swift; path = Version.swift; sourceTree = "<group>"; };
		64F7C5FA297D64810086ABC1 /* VersionManifest.swift */ = {isa = PBXFileReference; lastKnownFileType = sourcecode.swift; path = VersionManifest.swift; sourceTree = "<group>"; };
		64F7C5FD297D64A40086ABC1 /* Instance.swift */ = {isa = PBXFileReference; lastKnownFileType = sourcecode.swift; path = Instance.swift; sourceTree = "<group>"; };
		64F7C5FF297D64B50086ABC1 /* InstanceCreator.swift */ = {isa = PBXFileReference; lastKnownFileType = sourcecode.swift; path = InstanceCreator.swift; sourceTree = "<group>"; };
		64F7C601297D64CA0086ABC1 /* InstancePreferences.swift */ = {isa = PBXFileReference; lastKnownFileType = sourcecode.swift; path = InstancePreferences.swift; sourceTree = "<group>"; };
		64F7C603297D64DD0086ABC1 /* VanillaInstanceCreator.swift */ = {isa = PBXFileReference; lastKnownFileType = sourcecode.swift; path = VanillaInstanceCreator.swift; sourceTree = "<group>"; };
		64F7C606297D65080086ABC1 /* DownloadedJavaInstallation.swift */ = {isa = PBXFileReference; lastKnownFileType = sourcecode.swift; path = DownloadedJavaInstallation.swift; sourceTree = "<group>"; };
		64F7C60A297D65390086ABC1 /* LinkedJavaInstallation.swift */ = {isa = PBXFileReference; lastKnownFileType = sourcecode.swift; path = LinkedJavaInstallation.swift; sourceTree = "<group>"; };
		64F7C60C297D654A0086ABC1 /* JreDownloader.swift */ = {isa = PBXFileReference; lastKnownFileType = sourcecode.swift; path = JreDownloader.swift; sourceTree = "<group>"; };
		64F7C60E297D65620086ABC1 /* SavedJavaInstallation.swift */ = {isa = PBXFileReference; lastKnownFileType = sourcecode.swift; path = SavedJavaInstallation.swift; sourceTree = "<group>"; };
		64F7C611297D658D0086ABC1 /* RuntimePreferences.swift */ = {isa = PBXFileReference; lastKnownFileType = sourcecode.swift; path = RuntimePreferences.swift; sourceTree = "<group>"; };
		64FE2D3F293BA78B007414CB /* InstanceLaunchView.swift */ = {isa = PBXFileReference; lastKnownFileType = sourcecode.swift; path = InstanceLaunchView.swift; sourceTree = "<group>"; };
/* End PBXFileReference section */

/* Begin PBXFrameworksBuildPhase section */
		649C8DCF297D5ABE000352F2 /* Frameworks */ = {
			isa = PBXFrameworksBuildPhase;
			buildActionMask = 2147483647;
			files = (
			);
			runOnlyForDeploymentPostprocessing = 0;
		};
		64C334D22922523600BB8570 /* Frameworks */ = {
			isa = PBXFrameworksBuildPhase;
			buildActionMask = 2147483647;
			files = (
				648C832529DBF0A100007603 /* libzip.5.5.dylib in Frameworks */,
				649212C1293AF4120092E2DD /* Atomics in Frameworks */,
			);
			runOnlyForDeploymentPostprocessing = 0;
		};
/* End PBXFrameworksBuildPhase section */

/* Begin PBXGroup section */
		6416784F2923B6450012C9CC /* Preferences */ = {
			isa = PBXGroup;
			children = (
				64C33504292252B500BB8570 /* PreferencesView.swift */,
				641678502923B6D40012C9CC /* RuntimePreferencesView.swift */,
				641678522923B6F90012C9CC /* AccountsPreferencesView.swift */,
				641678542923B70F0012C9CC /* GamePreferencesView.swift */,
				641678562923B7220012C9CC /* ConsolePreferencesView.swift */,
				641678582923B7330012C9CC /* MiscPreferencesView.swift */,
				644FC6712937B243003797D9 /* UiPreferencesView.swift */,
			);
			path = Preferences;
			sourceTree = "<group>";
		};
		643B39FA29274F6100AEC71C /* Frameworks */ = {
			isa = PBXGroup;
			children = (
				648C831E29DBEE9900007603 /* libzip.5.5.dylib */,
				648C831529DBDD6A00007603 /* libzip.5.5.dylib */,
			);
			name = Frameworks;
			sourceTree = "<group>";
		};
		644DE1D12937C0D300C4A03E /* Util */ = {
			isa = PBXGroup;
			children = (
				64F7C615297D7EE40086ABC1 /* Symbols */,
				644FC66F29376FC7003797D9 /* AsynchronousImage.swift */,
				646139DF2977E3A700BA9477 /* SymbolPicker.swift */,
				64C33506292256C500BB8570 /* TodoView.swift */,
			);
			path = Util;
			sourceTree = "<group>";
		};
		644DE1D22937C13F00C4A03E /* Instance */ = {
			isa = PBXGroup;
			children = (
				649762BC2935A2D600977467 /* Create */,
				64F7C614297D7E320086ABC1 /* Logo */,
				6459E11A2976E215006DB3A4 /* Preferences */,
				644FC66D29375852003797D9 /* InstanceNavigationLink.swift */,
				644DE1D32937C93600C4A03E /* InstanceView.swift */,
				64E459EE2938BBEF00F82A2B /* InstanceCommands.swift */,
				64FE2D3F293BA78B007414CB /* InstanceLaunchView.swift */,
			);
			path = Instance;
			sourceTree = "<group>";
		};
		6459E11A2976E215006DB3A4 /* Preferences */ = {
			isa = PBXGroup;
			children = (
				64B01AE42940961F00B3E670 /* InstanceRuntimeView.swift */,
			);
			path = Preferences;
			sourceTree = "<group>";
		};
		64821E0829E44B4E006012F7 /* Accounts */ = {
			isa = PBXGroup;
			children = (
				64821E0929E44B78006012F7 /* MinecraftAccount.swift */,
				64821E0B29E44C13006012F7 /* OfflineAccount.swift */,
				64821E0D29E459FA006012F7 /* AccountManager.swift */,
			);
			path = Accounts;
			sourceTree = "<group>";
		};
		648C832229DBEFDE00007603 /* lib */ = {
			isa = PBXGroup;
			children = (
				648C832329DBF01600007603 /* libzip.5.5.dylib */,
			);
			path = lib;
			sourceTree = "<group>";
		};
		649762BC2935A2D600977467 /* Create */ = {
			isa = PBXGroup;
			children = (
				640DC1F02934F14200943213 /* NewInstanceView.swift */,
				649762BF2935A46E00977467 /* NewVanillaInstanceView.swift */,
			);
			path = Create;
			sourceTree = "<group>";
		};
		649C8DD3297D5ABE000352F2 /* InnateMCTests */ = {
			isa = PBXGroup;
			children = (
				64037CA8297C724D00F7FE79 /* ArgumentTests.swift */,
				64EB537E2929CD7800D6CDDD /* DownloadTests.swift */,
				64065A942971CD85000BCE24 /* JavaTests.swift */,
				64373BA229C0A430001DBD4C /* InstanceTests.swift */,
			);
			path = InnateMCTests;
			sourceTree = "<group>";
		};
		64A5150C29E2DEB300AFE3AE /* Data */ = {
			isa = PBXGroup;
			children = (
				64A5150D29E2DED100AFE3AE /* MinecraftJar.swift */,
				64A5150F29E2DEE900AFE3AE /* Library.swift */,
				64A5151129E2DEFD00AFE3AE /* PartialAssetIndex.swift */,
				64A5151329E2DF1100AFE3AE /* Arguments.swift */,
				64A5151529E2DF2300AFE3AE /* InstanceLogo.swift */,
				64A5151729E2DF3300AFE3AE /* FileType.swift */,
				64A5151F29E2E6A300AFE3AE /* InstanceData.swift */,
			);
			path = Data;
			sourceTree = "<group>";
		};
		64C334CC2922523500BB8570 = {
			isa = PBXGroup;
			children = (
				64E43DE829DD5C590008B0FA /* include */,
				648C832229DBEFDE00007603 /* lib */,
				645AFA94292C9E1500CD3F7E /* HEADER */,
				64C3350B2922B0B400BB8570 /* LICENSE */,
				64C3350A2922734400BB8570 /* README.md */,
				64C33508292272F500BB8570 /* .gitignore */,
				64C334D72922523600BB8570 /* InnateMC */,
				649C8DD3297D5ABE000352F2 /* InnateMCTests */,
				64C334D62922523600BB8570 /* Products */,
				643B39FA29274F6100AEC71C /* Frameworks */,
			);
			sourceTree = "<group>";
		};
		64C334D62922523600BB8570 /* Products */ = {
			isa = PBXGroup;
			children = (
				64C334D52922523600BB8570 /* InnateMC.app */,
				649C8DD2297D5ABE000352F2 /* InnateMCTests.xctest */,
			);
			name = Products;
			sourceTree = "<group>";
		};
		64C334D72922523600BB8570 /* InnateMC */ = {
			isa = PBXGroup;
			children = (
				648C831129DB375400007603 /* InnateMC-Bridging-Header.h */,
				64F7C5EA297D63800086ABC1 /* Data */,
				644DE1D22937C13F00C4A03E /* Instance */,
				6416784F2923B6450012C9CC /* Preferences */,
				644DE1D12937C0D300C4A03E /* Util */,
				640DC1EC2934EC2300943213 /* AppDelegate.swift */,
				64C334DA2922523600BB8570 /* ContentView.swift */,
				64C41C1329366CAF00014E0F /* ValueKeys.swift */,
				64C334D82922523600BB8570 /* InnateMCApp.swift */,
				64E459F22938C7AC00F82A2B /* LauncherData.swift */,
				64C334DC2922523F00BB8570 /* Assets.xcassets */,
				64C334E12922523F00BB8570 /* InnateMC.entitlements */,
				64C334DE2922523F00BB8570 /* Preview Content */,
				64DC9E4A29E67427005DE585 /* Localizable.strings */,
			);
			path = InnateMC;
			sourceTree = "<group>";
		};
		64C334DE2922523F00BB8570 /* Preview Content */ = {
			isa = PBXGroup;
			children = (
				64C334DF2922523F00BB8570 /* Preview Assets.xcassets */,
			);
			path = "Preview Content";
			sourceTree = "<group>";
		};
		64E43DE829DD5C590008B0FA /* include */ = {
			isa = PBXGroup;
			children = (
				648C831829DBDDCD00007603 /* zip */,
				648C831D29DBE9F100007603 /* zipconf */,
			);
			path = include;
			sourceTree = "<group>";
		};
		64F7C5EA297D63800086ABC1 /* Data */ = {
			isa = PBXGroup;
			children = (
				64F7C5F4297D64490086ABC1 /* FileHandler.swift */,
				64821E0829E44B4E006012F7 /* Accounts */,
				64F7C613297D7D470086ABC1 /* Download */,
				64F7C610297D657E0086ABC1 /* Preferences */,
				64F7C605297D64FC0086ABC1 /* Java */,
				64F7C5FC297D64920086ABC1 /* Instance */,
				64F7C5EB297D63A70086ABC1 /* Launch */,
				64A5151929E2DF6500AFE3AE /* Published+Coding.swift */,
			);
			path = Data;
			sourceTree = "<group>";
		};
		64F7C5EB297D63A70086ABC1 /* Launch */ = {
			isa = PBXGroup;
			children = (
				64C5621329C083AA003402F0 /* InstanceProcess.swift */,
				64F7C5EC297D63D00086ABC1 /* ArgumentProvider.swift */,
				64F7C5F0297D641C0086ABC1 /* AssetIndex.swift */,
				64F7C5F8297D646C0086ABC1 /* Version.swift */,
				64F7C5FA297D64810086ABC1 /* VersionManifest.swift */,
			);
			path = Launch;
			sourceTree = "<group>";
		};
		64F7C5FC297D64920086ABC1 /* Instance */ = {
			isa = PBXGroup;
			children = (
				64A5150C29E2DEB300AFE3AE /* Data */,
				64F7C5FD297D64A40086ABC1 /* Instance.swift */,
				64A5151D29E2DFE000AFE3AE /* Instance+Prelaunch.swift */,
				64A5151B29E2DFAD00AFE3AE /* Instance+Storage.swift */,
				64F7C5FF297D64B50086ABC1 /* InstanceCreator.swift */,
				64F7C601297D64CA0086ABC1 /* InstancePreferences.swift */,
				64F7C603297D64DD0086ABC1 /* VanillaInstanceCreator.swift */,
			);
			path = Instance;
			sourceTree = "<group>";
		};
		64F7C605297D64FC0086ABC1 /* Java */ = {
			isa = PBXGroup;
			children = (
				64F7C606297D65080086ABC1 /* DownloadedJavaInstallation.swift */,
				64F7C60C297D654A0086ABC1 /* JreDownloader.swift */,
				64F7C60A297D65390086ABC1 /* LinkedJavaInstallation.swift */,
				64F7C60E297D65620086ABC1 /* SavedJavaInstallation.swift */,
			);
			path = Java;
			sourceTree = "<group>";
		};
		64F7C610297D657E0086ABC1 /* Preferences */ = {
			isa = PBXGroup;
			children = (
				64148DD9296E80E400E5EAD3 /* GlobalPreferences.swift */,
				64F7C611297D658D0086ABC1 /* RuntimePreferences.swift */,
			);
			path = Preferences;
			sourceTree = "<group>";
		};
		64F7C613297D7D470086ABC1 /* Download */ = {
			isa = PBXGroup;
			children = (
				64F7C5F2297D64370086ABC1 /* TaskProgress.swift */,
				64F7C5F6297D645A0086ABC1 /* ParallelExecutor.swift */,
				6472E46F29E2BF5F00B4C65B /* ParallelDownloader.swift */,
				6472E47129E2C35200B4C65B /* DownloadTask.swift */,
			);
			path = Download;
			sourceTree = "<group>";
		};
		64F7C614297D7E320086ABC1 /* Logo */ = {
			isa = PBXGroup;
			children = (
				6459E124297700D5006DB3A4 /* InstanceLogoView.swift */,
				64A62C8C2977B454007A9597 /* SymbolLogoPickerView.swift */,
				64CE1091297864A700366372 /* ImageLogoPickerView.swift */,
			);
			path = Logo;
			sourceTree = "<group>";
		};
		64F7C615297D7EE40086ABC1 /* Symbols */ = {
			isa = PBXGroup;
			children = (
				646139E52977EA0300BA9477 /* SFSymbolsList.swift */,
				646139DD2977E2D300BA9477 /* SFSymbols11List.swift */,
				646139E12977E88700BA9477 /* SFSymbols12List.swift */,
				646139E32977E95300BA9477 /* SFSymbols13List.swift */,
			);
			path = Symbols;
			sourceTree = "<group>";
		};
/* End PBXGroup section */

/* Begin PBXNativeTarget section */
		649C8DD1297D5ABE000352F2 /* InnateMCTests */ = {
			isa = PBXNativeTarget;
			buildConfigurationList = 649C8DD8297D5ABE000352F2 /* Build configuration list for PBXNativeTarget "InnateMCTests" */;
			buildPhases = (
				649C8DCE297D5ABE000352F2 /* Sources */,
				649C8DCF297D5ABE000352F2 /* Frameworks */,
				649C8DD0297D5ABE000352F2 /* Resources */,
			);
			buildRules = (
			);
			dependencies = (
				649C8DD7297D5ABE000352F2 /* PBXTargetDependency */,
			);
			name = InnateMCTests;
			productName = InnateMCTests;
			productReference = 649C8DD2297D5ABE000352F2 /* InnateMCTests.xctest */;
			productType = "com.apple.product-type.bundle.unit-test";
		};
		64C334D42922523600BB8570 /* InnateMC */ = {
			isa = PBXNativeTarget;
			buildConfigurationList = 64C334FA2922524000BB8570 /* Build configuration list for PBXNativeTarget "InnateMC" */;
			buildPhases = (
				64C334D12922523600BB8570 /* Sources */,
				64C334D22922523600BB8570 /* Frameworks */,
				64C334D32922523600BB8570 /* Resources */,
				643B3A1129274FCB00AEC71C /* Embed Frameworks */,
			);
			buildRules = (
			);
			dependencies = (
			);
			name = InnateMC;
			packageProductDependencies = (
				649212C0293AF4120092E2DD /* Atomics */,
			);
			productName = InnateMC;
			productReference = 64C334D52922523600BB8570 /* InnateMC.app */;
			productType = "com.apple.product-type.application";
		};
/* End PBXNativeTarget section */

/* Begin PBXProject section */
		64C334CD2922523500BB8570 /* Project object */ = {
			isa = PBXProject;
			attributes = {
				BuildIndependentTargetsInParallel = 1;
				LastSwiftUpdateCheck = 1320;
				LastUpgradeCheck = 1420;
				TargetAttributes = {
					649C8DD1297D5ABE000352F2 = {
						CreatedOnToolsVersion = 13.2.1;
						LastSwiftMigration = 1320;
						TestTargetID = 64C334D42922523600BB8570;
					};
					64C334D42922523600BB8570 = {
						CreatedOnToolsVersion = 13.2.1;
						LastSwiftMigration = 1320;
					};
				};
			};
			buildConfigurationList = 64C334D02922523500BB8570 /* Build configuration list for PBXProject "InnateMC" */;
			compatibilityVersion = "Xcode 13.0";
			developmentRegion = en;
			hasScannedForEncodings = 0;
			knownRegions = (
				en,
				Base,
			);
			mainGroup = 64C334CC2922523500BB8570;
			packageReferences = (
				64E900372935EC500035181B /* XCRemoteSwiftPackageReference "Preferences" */,
				649212BF293AF4120092E2DD /* XCRemoteSwiftPackageReference "swift-atomics" */,
				6459E1212976FEDF006DB3A4 /* XCRemoteSwiftPackageReference "SymbolPicker" */,
			);
			productRefGroup = 64C334D62922523600BB8570 /* Products */;
			projectDirPath = "";
			projectRoot = "";
			targets = (
				64C334D42922523600BB8570 /* InnateMC */,
				649C8DD1297D5ABE000352F2 /* InnateMCTests */,
			);
		};
/* End PBXProject section */

/* Begin PBXResourcesBuildPhase section */
		649C8DD0297D5ABE000352F2 /* Resources */ = {
			isa = PBXResourcesBuildPhase;
			buildActionMask = 2147483647;
			files = (
			);
			runOnlyForDeploymentPostprocessing = 0;
		};
		64C334D32922523600BB8570 /* Resources */ = {
			isa = PBXResourcesBuildPhase;
			buildActionMask = 2147483647;
			files = (
				64DC9E4829E67427005DE585 /* Localizable.strings in Resources */,
				64C334E02922523F00BB8570 /* Preview Assets.xcassets in Resources */,
				64C33509292272F600BB8570 /* .gitignore in Resources */,
				64C3350C2922B0B500BB8570 /* LICENSE in Resources */,
				64C334DD2922523F00BB8570 /* Assets.xcassets in Resources */,
			);
			runOnlyForDeploymentPostprocessing = 0;
		};
/* End PBXResourcesBuildPhase section */

/* Begin PBXSourcesBuildPhase section */
		649C8DCE297D5ABE000352F2 /* Sources */ = {
			isa = PBXSourcesBuildPhase;
			buildActionMask = 2147483647;
			files = (
				64373BA329C0A430001DBD4C /* InstanceTests.swift in Sources */,
			);
			runOnlyForDeploymentPostprocessing = 0;
		};
		64C334D12922523600BB8570 /* Sources */ = {
			isa = PBXSourcesBuildPhase;
			buildActionMask = 2147483647;
			files = (
				64CE1092297864A700366372 /* ImageLogoPickerView.swift in Sources */,
				64A5151029E2DEE900AFE3AE /* Library.swift in Sources */,
				646139DE2977E2D300BA9477 /* SFSymbols11List.swift in Sources */,
				64F7C60B297D65390086ABC1 /* LinkedJavaInstallation.swift in Sources */,
				64F7C5F5297D64490086ABC1 /* FileHandler.swift in Sources */,
				64A5151629E2DF2300AFE3AE /* InstanceLogo.swift in Sources */,
				64F7C602297D64CA0086ABC1 /* InstancePreferences.swift in Sources */,
				64A62C8D2977B454007A9597 /* SymbolLogoPickerView.swift in Sources */,
				64A5151229E2DEFD00AFE3AE /* PartialAssetIndex.swift in Sources */,
				64F7C5FE297D64A40086ABC1 /* Instance.swift in Sources */,
				64821E0A29E44B78006012F7 /* MinecraftAccount.swift in Sources */,
				644FC6722937B243003797D9 /* UiPreferencesView.swift in Sources */,
				64A5151C29E2DFAD00AFE3AE /* Instance+Storage.swift in Sources */,
				64A5152029E2E6A300AFE3AE /* InstanceData.swift in Sources */,
				646139E02977E3A700BA9477 /* SymbolPicker.swift in Sources */,
				64F7C5F9297D646C0086ABC1 /* Version.swift in Sources */,
				6472E47229E2C35200B4C65B /* DownloadTask.swift in Sources */,
				649762C02935A46E00977467 /* NewVanillaInstanceView.swift in Sources */,
				641678512923B6D40012C9CC /* RuntimePreferencesView.swift in Sources */,
				64F7C60F297D65620086ABC1 /* SavedJavaInstallation.swift in Sources */,
				646139E22977E88700BA9477 /* SFSymbols12List.swift in Sources */,
				644FC67029376FC7003797D9 /* AsynchronousImage.swift in Sources */,
				6459E125297700D5006DB3A4 /* InstanceLogoView.swift in Sources */,
				64F7C5ED297D63D00086ABC1 /* ArgumentProvider.swift in Sources */,
				64C334DB2922523600BB8570 /* ContentView.swift in Sources */,
				641678552923B70F0012C9CC /* GamePreferencesView.swift in Sources */,
				64F7C5F7297D645A0086ABC1 /* ParallelExecutor.swift in Sources */,
				646139E62977EA0300BA9477 /* SFSymbolsList.swift in Sources */,
				64E459F32938C7AC00F82A2B /* LauncherData.swift in Sources */,
				64F7C607297D65080086ABC1 /* DownloadedJavaInstallation.swift in Sources */,
				64B01AE52940961F00B3E670 /* InstanceRuntimeView.swift in Sources */,
				64C33505292252B500BB8570 /* PreferencesView.swift in Sources */,
				64F7C604297D64DD0086ABC1 /* VanillaInstanceCreator.swift in Sources */,
				64A5151E29E2DFE000AFE3AE /* Instance+Prelaunch.swift in Sources */,
				64E459EF2938BBEF00F82A2B /* InstanceCommands.swift in Sources */,
				64A5150E29E2DED100AFE3AE /* MinecraftJar.swift in Sources */,
				64F7C5FB297D64810086ABC1 /* VersionManifest.swift in Sources */,
				646139E42977E95300BA9477 /* SFSymbols13List.swift in Sources */,
				64A5151829E2DF3300AFE3AE /* FileType.swift in Sources */,
				64F7C60D297D654A0086ABC1 /* JreDownloader.swift in Sources */,
				644DE1D42937C93600C4A03E /* InstanceView.swift in Sources */,
				64A5151429E2DF1100AFE3AE /* Arguments.swift in Sources */,
				641678532923B6FA0012C9CC /* AccountsPreferencesView.swift in Sources */,
				6472E47029E2BF5F00B4C65B /* ParallelDownloader.swift in Sources */,
				64C33507292256C500BB8570 /* TodoView.swift in Sources */,
				64148DDA296E80E400E5EAD3 /* GlobalPreferences.swift in Sources */,
				64821E0C29E44C14006012F7 /* OfflineAccount.swift in Sources */,
				64F7C612297D658D0086ABC1 /* RuntimePreferences.swift in Sources */,
				64C5621429C083AA003402F0 /* InstanceProcess.swift in Sources */,
				64821E0E29E459FC006012F7 /* AccountManager.swift in Sources */,
				640DC1F12934F14200943213 /* NewInstanceView.swift in Sources */,
				64F7C5F1297D641C0086ABC1 /* AssetIndex.swift in Sources */,
				644FC66E29375853003797D9 /* InstanceNavigationLink.swift in Sources */,
				64F7C5F3297D64370086ABC1 /* TaskProgress.swift in Sources */,
				64F7C600297D64B50086ABC1 /* InstanceCreator.swift in Sources */,
				64C334D92922523600BB8570 /* InnateMCApp.swift in Sources */,
				64C41C1429366CAF00014E0F /* ValueKeys.swift in Sources */,
				64A5151A29E2DF6500AFE3AE /* Published+Coding.swift in Sources */,
				641678572923B7220012C9CC /* ConsolePreferencesView.swift in Sources */,
				640DC1ED2934EC2300943213 /* AppDelegate.swift in Sources */,
				64FE2D40293BA78B007414CB /* InstanceLaunchView.swift in Sources */,
				641678592923B7330012C9CC /* MiscPreferencesView.swift in Sources */,
			);
			runOnlyForDeploymentPostprocessing = 0;
		};
/* End PBXSourcesBuildPhase section */

/* Begin PBXTargetDependency section */
		649C8DD7297D5ABE000352F2 /* PBXTargetDependency */ = {
			isa = PBXTargetDependency;
			target = 64C334D42922523600BB8570 /* InnateMC */;
			targetProxy = 649C8DD6297D5ABE000352F2 /* PBXContainerItemProxy */;
		};
/* End PBXTargetDependency section */

/* Begin PBXVariantGroup section */
		64DC9E4A29E67427005DE585 /* Localizable.strings */ = {
			isa = PBXVariantGroup;
			children = (
				64DC9E4929E67427005DE585 /* en */,
			);
			name = Localizable.strings;
			sourceTree = "<group>";
		};
/* End PBXVariantGroup section */

/* Begin XCBuildConfiguration section */
		649C8DD9297D5ABE000352F2 /* Debug */ = {
			isa = XCBuildConfiguration;
			buildSettings = {
				BUNDLE_LOADER = "$(TEST_HOST)";
				CLANG_ENABLE_MODULES = YES;
				CODE_SIGN_STYLE = Automatic;
				CURRENT_PROJECT_VERSION = 1;
				GENERATE_INFOPLIST_FILE = YES;
				LD_RUNPATH_SEARCH_PATHS = (
					"$(inherited)",
					"@executable_path/../Frameworks",
					"@loader_path/../Frameworks",
				);
				MARKETING_VERSION = 1.0;
				PRODUCT_BUNDLE_IDENTIFIER = io.github.boogiemonster1o1.InnateMCTests;
				PRODUCT_NAME = "$(TARGET_NAME)";
				SWIFT_EMIT_LOC_STRINGS = NO;
				SWIFT_OPTIMIZATION_LEVEL = "-Onone";
				SWIFT_VERSION = 5.0;
				TEST_HOST = "$(BUILT_PRODUCTS_DIR)/InnateMC.app/Contents/MacOS/InnateMC";
			};
			name = Debug;
		};
		649C8DDA297D5ABE000352F2 /* Release */ = {
			isa = XCBuildConfiguration;
			buildSettings = {
				BUNDLE_LOADER = "$(TEST_HOST)";
				CLANG_ENABLE_MODULES = YES;
				CODE_SIGN_STYLE = Automatic;
				CURRENT_PROJECT_VERSION = 1;
				GENERATE_INFOPLIST_FILE = YES;
				LD_RUNPATH_SEARCH_PATHS = (
					"$(inherited)",
					"@executable_path/../Frameworks",
					"@loader_path/../Frameworks",
				);
				MARKETING_VERSION = 1.0;
				PRODUCT_BUNDLE_IDENTIFIER = io.github.boogiemonster1o1.InnateMCTests;
				PRODUCT_NAME = "$(TARGET_NAME)";
				SWIFT_EMIT_LOC_STRINGS = NO;
				SWIFT_VERSION = 5.0;
				TEST_HOST = "$(BUILT_PRODUCTS_DIR)/InnateMC.app/Contents/MacOS/InnateMC";
			};
			name = Release;
		};
		64C334F82922524000BB8570 /* Debug */ = {
			isa = XCBuildConfiguration;
			buildSettings = {
				ALWAYS_SEARCH_USER_PATHS = NO;
				CLANG_ANALYZER_NONNULL = YES;
				CLANG_ANALYZER_NUMBER_OBJECT_CONVERSION = YES_AGGRESSIVE;
				CLANG_CXX_LANGUAGE_STANDARD = "gnu++17";
				CLANG_CXX_LIBRARY = "libc++";
				CLANG_ENABLE_MODULES = YES;
				CLANG_ENABLE_OBJC_ARC = YES;
				CLANG_ENABLE_OBJC_WEAK = YES;
				CLANG_WARN_BLOCK_CAPTURE_AUTORELEASING = YES;
				CLANG_WARN_BOOL_CONVERSION = YES;
				CLANG_WARN_COMMA = YES;
				CLANG_WARN_CONSTANT_CONVERSION = YES;
				CLANG_WARN_DEPRECATED_OBJC_IMPLEMENTATIONS = YES;
				CLANG_WARN_DIRECT_OBJC_ISA_USAGE = YES_ERROR;
				CLANG_WARN_DOCUMENTATION_COMMENTS = YES;
				CLANG_WARN_EMPTY_BODY = YES;
				CLANG_WARN_ENUM_CONVERSION = YES;
				CLANG_WARN_INFINITE_RECURSION = YES;
				CLANG_WARN_INT_CONVERSION = YES;
				CLANG_WARN_NON_LITERAL_NULL_CONVERSION = YES;
				CLANG_WARN_OBJC_IMPLICIT_RETAIN_SELF = YES;
				CLANG_WARN_OBJC_LITERAL_CONVERSION = YES;
				CLANG_WARN_OBJC_ROOT_CLASS = YES_ERROR;
				CLANG_WARN_QUOTED_INCLUDE_IN_FRAMEWORK_HEADER = YES;
				CLANG_WARN_RANGE_LOOP_ANALYSIS = YES;
				CLANG_WARN_STRICT_PROTOTYPES = YES;
				CLANG_WARN_SUSPICIOUS_MOVE = YES;
				CLANG_WARN_UNGUARDED_AVAILABILITY = YES_AGGRESSIVE;
				CLANG_WARN_UNREACHABLE_CODE = YES;
				CLANG_WARN__DUPLICATE_METHOD_MATCH = YES;
				COPY_PHASE_STRIP = NO;
				DEAD_CODE_STRIPPING = YES;
				DEBUG_INFORMATION_FORMAT = dwarf;
				ENABLE_STRICT_OBJC_MSGSEND = YES;
				ENABLE_TESTABILITY = YES;
				GCC_C_LANGUAGE_STANDARD = gnu11;
				GCC_DYNAMIC_NO_PIC = NO;
				GCC_NO_COMMON_BLOCKS = YES;
				GCC_OPTIMIZATION_LEVEL = 0;
				GCC_PREPROCESSOR_DEFINITIONS = (
					"DEBUG=1",
					"$(inherited)",
				);
				GCC_WARN_64_TO_32_BIT_CONVERSION = YES;
				GCC_WARN_ABOUT_RETURN_TYPE = YES_ERROR;
				GCC_WARN_UNDECLARED_SELECTOR = YES;
				GCC_WARN_UNINITIALIZED_AUTOS = YES_AGGRESSIVE;
				GCC_WARN_UNUSED_FUNCTION = YES;
				GCC_WARN_UNUSED_VARIABLE = YES;
				MACOSX_DEPLOYMENT_TARGET = 11.7;
				MTL_ENABLE_DEBUG_INFO = INCLUDE_SOURCE;
				MTL_FAST_MATH = YES;
				ONLY_ACTIVE_ARCH = YES;
				SDKROOT = macosx;
				SWIFT_ACTIVE_COMPILATION_CONDITIONS = DEBUG;
				SWIFT_OPTIMIZATION_LEVEL = "-Onone";
			};
			name = Debug;
		};
		64C334F92922524000BB8570 /* Release */ = {
			isa = XCBuildConfiguration;
			buildSettings = {
				ALWAYS_SEARCH_USER_PATHS = NO;
				CLANG_ANALYZER_NONNULL = YES;
				CLANG_ANALYZER_NUMBER_OBJECT_CONVERSION = YES_AGGRESSIVE;
				CLANG_CXX_LANGUAGE_STANDARD = "gnu++17";
				CLANG_CXX_LIBRARY = "libc++";
				CLANG_ENABLE_MODULES = YES;
				CLANG_ENABLE_OBJC_ARC = YES;
				CLANG_ENABLE_OBJC_WEAK = YES;
				CLANG_WARN_BLOCK_CAPTURE_AUTORELEASING = YES;
				CLANG_WARN_BOOL_CONVERSION = YES;
				CLANG_WARN_COMMA = YES;
				CLANG_WARN_CONSTANT_CONVERSION = YES;
				CLANG_WARN_DEPRECATED_OBJC_IMPLEMENTATIONS = YES;
				CLANG_WARN_DIRECT_OBJC_ISA_USAGE = YES_ERROR;
				CLANG_WARN_DOCUMENTATION_COMMENTS = YES;
				CLANG_WARN_EMPTY_BODY = YES;
				CLANG_WARN_ENUM_CONVERSION = YES;
				CLANG_WARN_INFINITE_RECURSION = YES;
				CLANG_WARN_INT_CONVERSION = YES;
				CLANG_WARN_NON_LITERAL_NULL_CONVERSION = YES;
				CLANG_WARN_OBJC_IMPLICIT_RETAIN_SELF = YES;
				CLANG_WARN_OBJC_LITERAL_CONVERSION = YES;
				CLANG_WARN_OBJC_ROOT_CLASS = YES_ERROR;
				CLANG_WARN_QUOTED_INCLUDE_IN_FRAMEWORK_HEADER = YES;
				CLANG_WARN_RANGE_LOOP_ANALYSIS = YES;
				CLANG_WARN_STRICT_PROTOTYPES = YES;
				CLANG_WARN_SUSPICIOUS_MOVE = YES;
				CLANG_WARN_UNGUARDED_AVAILABILITY = YES_AGGRESSIVE;
				CLANG_WARN_UNREACHABLE_CODE = YES;
				CLANG_WARN__DUPLICATE_METHOD_MATCH = YES;
				COPY_PHASE_STRIP = NO;
				DEAD_CODE_STRIPPING = YES;
				DEBUG_INFORMATION_FORMAT = "dwarf-with-dsym";
				ENABLE_NS_ASSERTIONS = NO;
				ENABLE_STRICT_OBJC_MSGSEND = YES;
				GCC_C_LANGUAGE_STANDARD = gnu11;
				GCC_NO_COMMON_BLOCKS = YES;
				GCC_WARN_64_TO_32_BIT_CONVERSION = YES;
				GCC_WARN_ABOUT_RETURN_TYPE = YES_ERROR;
				GCC_WARN_UNDECLARED_SELECTOR = YES;
				GCC_WARN_UNINITIALIZED_AUTOS = YES_AGGRESSIVE;
				GCC_WARN_UNUSED_FUNCTION = YES;
				GCC_WARN_UNUSED_VARIABLE = YES;
				MACOSX_DEPLOYMENT_TARGET = 11.7;
				MTL_ENABLE_DEBUG_INFO = NO;
				MTL_FAST_MATH = YES;
				SDKROOT = macosx;
				SWIFT_COMPILATION_MODE = wholemodule;
				SWIFT_OPTIMIZATION_LEVEL = "-O";
			};
			name = Release;
		};
		64C334FB2922524000BB8570 /* Debug */ = {
			isa = XCBuildConfiguration;
			buildSettings = {
				ASSETCATALOG_COMPILER_APPICON_NAME = AppIcon;
				ASSETCATALOG_COMPILER_GLOBAL_ACCENT_COLOR_NAME = AccentColor;
				CLANG_ENABLE_MODULES = YES;
				CODE_SIGN_ENTITLEMENTS = InnateMC/InnateMC.entitlements;
				CODE_SIGN_IDENTITY = "-";
				"CODE_SIGN_IDENTITY[sdk=macosx*]" = "-";
				CODE_SIGN_STYLE = Automatic;
				COMBINE_HIDPI_IMAGES = YES;
				CURRENT_PROJECT_VERSION = 0.1.0;
				DEAD_CODE_STRIPPING = YES;
				DEVELOPMENT_ASSET_PATHS = "\"InnateMC/Preview Content\"";
				DEVELOPMENT_TEAM = "";
				ENABLE_HARDENED_RUNTIME = YES;
				ENABLE_PREVIEWS = YES;
				GENERATE_INFOPLIST_FILE = YES;
				HEADER_SEARCH_PATHS = "$(PROJECT_DIR)/include";
				INFOPLIST_FILE = InnateMC/Info.plist;
				INFOPLIST_KEY_NSHumanReadableCopyright = "Copyright © 2022 InnateMC & Contributors";
				LD_RUNPATH_SEARCH_PATHS = (
					"$(inherited)",
					"@executable_path/../Frameworks",
				);
				LIBRARY_SEARCH_PATHS = (
					"$(inherited)",
					"$(PROJECT_DIR)/lib",
				);
				MACOSX_DEPLOYMENT_TARGET = 11.0;
				MARKETING_VERSION = 0.1.0;
				PRODUCT_BUNDLE_IDENTIFIER = io.github.boogiemonster1o1.InnateMC;
				PRODUCT_NAME = "$(TARGET_NAME)";
				PROVISIONING_PROFILE_SPECIFIER = "";
				SWIFT_EMIT_LOC_STRINGS = YES;
				SWIFT_OBJC_BRIDGING_HEADER = "InnateMC/InnateMC-Bridging-Header.h";
				SWIFT_OPTIMIZATION_LEVEL = "-Onone";
				SWIFT_VERSION = 5.0;
				VERSIONING_SYSTEM = "Semantic Versioning";
			};
			name = Debug;
		};
		64C334FC2922524000BB8570 /* Release */ = {
			isa = XCBuildConfiguration;
			buildSettings = {
				ASSETCATALOG_COMPILER_APPICON_NAME = AppIcon;
				ASSETCATALOG_COMPILER_GLOBAL_ACCENT_COLOR_NAME = AccentColor;
				CLANG_ENABLE_MODULES = YES;
				CODE_SIGN_ENTITLEMENTS = InnateMC/InnateMC.entitlements;
				CODE_SIGN_IDENTITY = "-";
				"CODE_SIGN_IDENTITY[sdk=macosx*]" = "-";
				CODE_SIGN_STYLE = Automatic;
				COMBINE_HIDPI_IMAGES = YES;
				CURRENT_PROJECT_VERSION = 0.1.0;
				DEAD_CODE_STRIPPING = YES;
				DEVELOPMENT_ASSET_PATHS = "\"InnateMC/Preview Content\"";
				DEVELOPMENT_TEAM = "";
				ENABLE_HARDENED_RUNTIME = YES;
				ENABLE_PREVIEWS = YES;
				GENERATE_INFOPLIST_FILE = YES;
				HEADER_SEARCH_PATHS = "$(PROJECT_DIR)/include";
				INFOPLIST_FILE = InnateMC/Info.plist;
				INFOPLIST_KEY_NSHumanReadableCopyright = "Copyright © 2022 InnateMC & Contributors";
				LD_RUNPATH_SEARCH_PATHS = (
					"$(inherited)",
					"@executable_path/../Frameworks",
				);
				LIBRARY_SEARCH_PATHS = (
					"$(inherited)",
					"$(PROJECT_DIR)/lib",
				);
				MACOSX_DEPLOYMENT_TARGET = 11.0;
				MARKETING_VERSION = 0.1.0;
				PRODUCT_BUNDLE_IDENTIFIER = io.github.boogiemonster1o1.InnateMC;
				PRODUCT_NAME = "$(TARGET_NAME)";
				PROVISIONING_PROFILE_SPECIFIER = "";
				SWIFT_EMIT_LOC_STRINGS = YES;
				SWIFT_OBJC_BRIDGING_HEADER = "InnateMC/InnateMC-Bridging-Header.h";
				SWIFT_VERSION = 5.0;
				VERSIONING_SYSTEM = "Semantic Versioning";
			};
			name = Release;
		};
/* End XCBuildConfiguration section */

/* Begin XCConfigurationList section */
		649C8DD8297D5ABE000352F2 /* Build configuration list for PBXNativeTarget "InnateMCTests" */ = {
			isa = XCConfigurationList;
			buildConfigurations = (
				649C8DD9297D5ABE000352F2 /* Debug */,
				649C8DDA297D5ABE000352F2 /* Release */,
			);
			defaultConfigurationIsVisible = 0;
			defaultConfigurationName = Release;
		};
		64C334D02922523500BB8570 /* Build configuration list for PBXProject "InnateMC" */ = {
			isa = XCConfigurationList;
			buildConfigurations = (
				64C334F82922524000BB8570 /* Debug */,
				64C334F92922524000BB8570 /* Release */,
			);
			defaultConfigurationIsVisible = 0;
			defaultConfigurationName = Release;
		};
		64C334FA2922524000BB8570 /* Build configuration list for PBXNativeTarget "InnateMC" */ = {
			isa = XCConfigurationList;
			buildConfigurations = (
				64C334FB2922524000BB8570 /* Debug */,
				64C334FC2922524000BB8570 /* Release */,
			);
			defaultConfigurationIsVisible = 0;
			defaultConfigurationName = Release;
		};
/* End XCConfigurationList section */

/* Begin XCRemoteSwiftPackageReference section */
		6459E1212976FEDF006DB3A4 /* XCRemoteSwiftPackageReference "SymbolPicker" */ = {
			isa = XCRemoteSwiftPackageReference;
			repositoryURL = "https://github.com/xnth97/SymbolPicker.git";
			requirement = {
				kind = upToNextMajorVersion;
				minimumVersion = 1.0.0;
			};
		};
		649212BF293AF4120092E2DD /* XCRemoteSwiftPackageReference "swift-atomics" */ = {
			isa = XCRemoteSwiftPackageReference;
			repositoryURL = "https://github.com/apple/swift-atomics.git";
			requirement = {
				kind = upToNextMajorVersion;
				minimumVersion = 1.0.0;
			};
		};
		64E900372935EC500035181B /* XCRemoteSwiftPackageReference "Preferences" */ = {
			isa = XCRemoteSwiftPackageReference;
			repositoryURL = "https://github.com/sindresorhus/Preferences";
			requirement = {
				kind = exactVersion;
				version = 2.5.0;
			};
		};
/* End XCRemoteSwiftPackageReference section */

/* Begin XCSwiftPackageProductDependency section */
		649212C0293AF4120092E2DD /* Atomics */ = {
			isa = XCSwiftPackageProductDependency;
			package = 649212BF293AF4120092E2DD /* XCRemoteSwiftPackageReference "swift-atomics" */;
			productName = Atomics;
		};
/* End XCSwiftPackageProductDependency section */
	};
	rootObject = 64C334CD2922523500BB8570 /* Project object */;
}
