// !$*UTF8*$!
{
	archiveVersion = 1;
	classes = {
	};
	objectVersion = 55;
	objects = {

/* Begin PBXBuildFile section */
		64C334D92922523600BB8570 /* InnateMCApp.swift in Sources */ = {isa = PBXBuildFile; fileRef = 64C334D82922523600BB8570 /* InnateMCApp.swift */; };
		64C334DB2922523600BB8570 /* ContentView.swift in Sources */ = {isa = PBXBuildFile; fileRef = 64C334DA2922523600BB8570 /* ContentView.swift */; };
		64C334DD2922523F00BB8570 /* Assets.xcassets in Resources */ = {isa = PBXBuildFile; fileRef = 64C334DC2922523F00BB8570 /* Assets.xcassets */; };
		64C334E02922523F00BB8570 /* Preview Assets.xcassets in Resources */ = {isa = PBXBuildFile; fileRef = 64C334DF2922523F00BB8570 /* Preview Assets.xcassets */; };
		64C334EB2922524000BB8570 /* InnateMCTests.swift in Sources */ = {isa = PBXBuildFile; fileRef = 64C334EA2922524000BB8570 /* InnateMCTests.swift */; };
		64C334F52922524000BB8570 /* InnateMCUITests.swift in Sources */ = {isa = PBXBuildFile; fileRef = 64C334F42922524000BB8570 /* InnateMCUITests.swift */; };
		64C334F72922524000BB8570 /* InnateMCUITestsLaunchTests.swift in Sources */ = {isa = PBXBuildFile; fileRef = 64C334F62922524000BB8570 /* InnateMCUITestsLaunchTests.swift */; };
		64C33505292252B500BB8570 /* PreferencesView.swift in Sources */ = {isa = PBXBuildFile; fileRef = 64C33504292252B500BB8570 /* PreferencesView.swift */; };
		64C33507292256C500BB8570 /* TodoView.swift in Sources */ = {isa = PBXBuildFile; fileRef = 64C33506292256C500BB8570 /* TodoView.swift */; };
		64C33509292272F600BB8570 /* .gitignore in Resources */ = {isa = PBXBuildFile; fileRef = 64C33508292272F500BB8570 /* .gitignore */; };
/* End PBXBuildFile section */

/* Begin PBXContainerItemProxy section */
		64C334E72922524000BB8570 /* PBXContainerItemProxy */ = {
			isa = PBXContainerItemProxy;
			containerPortal = 64C334CD2922523500BB8570 /* Project object */;
			proxyType = 1;
			remoteGlobalIDString = 64C334D42922523600BB8570;
			remoteInfo = InnateMC;
		};
		64C334F12922524000BB8570 /* PBXContainerItemProxy */ = {
			isa = PBXContainerItemProxy;
			containerPortal = 64C334CD2922523500BB8570 /* Project object */;
			proxyType = 1;
			remoteGlobalIDString = 64C334D42922523600BB8570;
			remoteInfo = InnateMC;
		};
/* End PBXContainerItemProxy section */

/* Begin PBXFileReference section */
		64C334D52922523600BB8570 /* InnateMC.app */ = {isa = PBXFileReference; explicitFileType = wrapper.application; includeInIndex = 0; path = InnateMC.app; sourceTree = BUILT_PRODUCTS_DIR; };
		64C334D82922523600BB8570 /* InnateMCApp.swift */ = {isa = PBXFileReference; lastKnownFileType = sourcecode.swift; path = InnateMCApp.swift; sourceTree = "<group>"; };
		64C334DA2922523600BB8570 /* ContentView.swift */ = {isa = PBXFileReference; lastKnownFileType = sourcecode.swift; path = ContentView.swift; sourceTree = "<group>"; };
		64C334DC2922523F00BB8570 /* Assets.xcassets */ = {isa = PBXFileReference; lastKnownFileType = folder.assetcatalog; path = Assets.xcassets; sourceTree = "<group>"; };
		64C334DF2922523F00BB8570 /* Preview Assets.xcassets */ = {isa = PBXFileReference; lastKnownFileType = folder.assetcatalog; path = "Preview Assets.xcassets"; sourceTree = "<group>"; };
		64C334E12922523F00BB8570 /* InnateMC.entitlements */ = {isa = PBXFileReference; lastKnownFileType = text.plist.entitlements; path = InnateMC.entitlements; sourceTree = "<group>"; };
		64C334E62922524000BB8570 /* InnateMCTests.xctest */ = {isa = PBXFileReference; explicitFileType = wrapper.cfbundle; includeInIndex = 0; path = InnateMCTests.xctest; sourceTree = BUILT_PRODUCTS_DIR; };
		64C334EA2922524000BB8570 /* InnateMCTests.swift */ = {isa = PBXFileReference; lastKnownFileType = sourcecode.swift; path = InnateMCTests.swift; sourceTree = "<group>"; };
		64C334F02922524000BB8570 /* InnateMCUITests.xctest */ = {isa = PBXFileReference; explicitFileType = wrapper.cfbundle; includeInIndex = 0; path = InnateMCUITests.xctest; sourceTree = BUILT_PRODUCTS_DIR; };
		64C334F42922524000BB8570 /* InnateMCUITests.swift */ = {isa = PBXFileReference; lastKnownFileType = sourcecode.swift; path = InnateMCUITests.swift; sourceTree = "<group>"; };
		64C334F62922524000BB8570 /* InnateMCUITestsLaunchTests.swift */ = {isa = PBXFileReference; lastKnownFileType = sourcecode.swift; path = InnateMCUITestsLaunchTests.swift; sourceTree = "<group>"; };
		64C33504292252B500BB8570 /* PreferencesView.swift */ = {isa = PBXFileReference; lastKnownFileType = sourcecode.swift; path = PreferencesView.swift; sourceTree = "<group>"; };
		64C33506292256C500BB8570 /* TodoView.swift */ = {isa = PBXFileReference; lastKnownFileType = sourcecode.swift; path = TodoView.swift; sourceTree = "<group>"; };
		64C33508292272F500BB8570 /* .gitignore */ = {isa = PBXFileReference; lastKnownFileType = text; path = .gitignore; sourceTree = "<group>"; };
/* End PBXFileReference section */

/* Begin PBXFrameworksBuildPhase section */
		64C334D22922523600BB8570 /* Frameworks */ = {
			isa = PBXFrameworksBuildPhase;
			buildActionMask = 2147483647;
			files = (
			);
			runOnlyForDeploymentPostprocessing = 0;
		};
		64C334E32922524000BB8570 /* Frameworks */ = {
			isa = PBXFrameworksBuildPhase;
			buildActionMask = 2147483647;
			files = (
			);
			runOnlyForDeploymentPostprocessing = 0;
		};
		64C334ED2922524000BB8570 /* Frameworks */ = {
			isa = PBXFrameworksBuildPhase;
			buildActionMask = 2147483647;
			files = (
			);
			runOnlyForDeploymentPostprocessing = 0;
		};
/* End PBXFrameworksBuildPhase section */

/* Begin PBXGroup section */
		64C334CC2922523500BB8570 = {
			isa = PBXGroup;
			children = (
				64C33508292272F500BB8570 /* .gitignore */,
				64C334D72922523600BB8570 /* InnateMC */,
				64C334E92922524000BB8570 /* InnateMCTests */,
				64C334F32922524000BB8570 /* InnateMCUITests */,
				64C334D62922523600BB8570 /* Products */,
			);
			sourceTree = "<group>";
		};
		64C334D62922523600BB8570 /* Products */ = {
			isa = PBXGroup;
			children = (
				64C334D52922523600BB8570 /* InnateMC.app */,
				64C334E62922524000BB8570 /* InnateMCTests.xctest */,
				64C334F02922524000BB8570 /* InnateMCUITests.xctest */,
			);
			name = Products;
			sourceTree = "<group>";
		};
		64C334D72922523600BB8570 /* InnateMC */ = {
			isa = PBXGroup;
			children = (
				64C335032922526A00BB8570 /* View */,
				64C334D82922523600BB8570 /* InnateMCApp.swift */,
				64C334DA2922523600BB8570 /* ContentView.swift */,
				64C334DC2922523F00BB8570 /* Assets.xcassets */,
				64C334E12922523F00BB8570 /* InnateMC.entitlements */,
				64C334DE2922523F00BB8570 /* Preview Content */,
			);
			path = InnateMC;
			sourceTree = "<group>";
		};
		64C334DE2922523F00BB8570 /* Preview Content */ = {
			isa = PBXGroup;
			children = (
				64C334DF2922523F00BB8570 /* Preview Assets.xcassets */,
			);
			path = "Preview Content";
			sourceTree = "<group>";
		};
		64C334E92922524000BB8570 /* InnateMCTests */ = {
			isa = PBXGroup;
			children = (
				64C334EA2922524000BB8570 /* InnateMCTests.swift */,
			);
			path = InnateMCTests;
			sourceTree = "<group>";
		};
		64C334F32922524000BB8570 /* InnateMCUITests */ = {
			isa = PBXGroup;
			children = (
				64C334F42922524000BB8570 /* InnateMCUITests.swift */,
				64C334F62922524000BB8570 /* InnateMCUITestsLaunchTests.swift */,
			);
			path = InnateMCUITests;
			sourceTree = "<group>";
		};
		64C335032922526A00BB8570 /* View */ = {
			isa = PBXGroup;
			children = (
				64C33504292252B500BB8570 /* PreferencesView.swift */,
				64C33506292256C500BB8570 /* TodoView.swift */,
			);
			path = View;
			sourceTree = "<group>";
		};
/* End PBXGroup section */

/* Begin PBXNativeTarget section */
		64C334D42922523600BB8570 /* InnateMC */ = {
			isa = PBXNativeTarget;
			buildConfigurationList = 64C334FA2922524000BB8570 /* Build configuration list for PBXNativeTarget "InnateMC" */;
			buildPhases = (
				64C334D12922523600BB8570 /* Sources */,
				64C334D22922523600BB8570 /* Frameworks */,
				64C334D32922523600BB8570 /* Resources */,
			);
			buildRules = (
			);
			dependencies = (
			);
			name = InnateMC;
			productName = InnateMC;
			productReference = 64C334D52922523600BB8570 /* InnateMC.app */;
			productType = "com.apple.product-type.application";
		};
		64C334E52922524000BB8570 /* InnateMCTests */ = {
			isa = PBXNativeTarget;
			buildConfigurationList = 64C334FD2922524000BB8570 /* Build configuration list for PBXNativeTarget "InnateMCTests" */;
			buildPhases = (
				64C334E22922524000BB8570 /* Sources */,
				64C334E32922524000BB8570 /* Frameworks */,
				64C334E42922524000BB8570 /* Resources */,
			);
			buildRules = (
			);
			dependencies = (
				64C334E82922524000BB8570 /* PBXTargetDependency */,
			);
			name = InnateMCTests;
			productName = InnateMCTests;
			productReference = 64C334E62922524000BB8570 /* InnateMCTests.xctest */;
			productType = "com.apple.product-type.bundle.unit-test";
		};
		64C334EF2922524000BB8570 /* InnateMCUITests */ = {
			isa = PBXNativeTarget;
			buildConfigurationList = 64C335002922524000BB8570 /* Build configuration list for PBXNativeTarget "InnateMCUITests" */;
			buildPhases = (
				64C334EC2922524000BB8570 /* Sources */,
				64C334ED2922524000BB8570 /* Frameworks */,
				64C334EE2922524000BB8570 /* Resources */,
			);
			buildRules = (
			);
			dependencies = (
				64C334F22922524000BB8570 /* PBXTargetDependency */,
			);
			name = InnateMCUITests;
			productName = InnateMCUITests;
			productReference = 64C334F02922524000BB8570 /* InnateMCUITests.xctest */;
			productType = "com.apple.product-type.bundle.ui-testing";
		};
/* End PBXNativeTarget section */

/* Begin PBXProject section */
		64C334CD2922523500BB8570 /* Project object */ = {
			isa = PBXProject;
			attributes = {
				BuildIndependentTargetsInParallel = 1;
				LastSwiftUpdateCheck = 1320;
				LastUpgradeCheck = 1320;
				TargetAttributes = {
					64C334D42922523600BB8570 = {
						CreatedOnToolsVersion = 13.2.1;
					};
					64C334E52922524000BB8570 = {
						CreatedOnToolsVersion = 13.2.1;
						TestTargetID = 64C334D42922523600BB8570;
					};
					64C334EF2922524000BB8570 = {
						CreatedOnToolsVersion = 13.2.1;
						TestTargetID = 64C334D42922523600BB8570;
					};
				};
			};
			buildConfigurationList = 64C334D02922523500BB8570 /* Build configuration list for PBXProject "InnateMC" */;
			compatibilityVersion = "Xcode 13.0";
			developmentRegion = en;
			hasScannedForEncodings = 0;
			knownRegions = (
				en,
				Base,
			);
			mainGroup = 64C334CC2922523500BB8570;
			productRefGroup = 64C334D62922523600BB8570 /* Products */;
			projectDirPath = "";
			projectRoot = "";
			targets = (
				64C334D42922523600BB8570 /* InnateMC */,
				64C334E52922524000BB8570 /* InnateMCTests */,
				64C334EF2922524000BB8570 /* InnateMCUITests */,
			);
		};
/* End PBXProject section */

/* Begin PBXResourcesBuildPhase section */
		64C334D32922523600BB8570 /* Resources */ = {
			isa = PBXResourcesBuildPhase;
			buildActionMask = 2147483647;
			files = (
				64C334E02922523F00BB8570 /* Preview Assets.xcassets in Resources */,
				64C33509292272F600BB8570 /* .gitignore in Resources */,
				64C334DD2922523F00BB8570 /* Assets.xcassets in Resources */,
			);
			runOnlyForDeploymentPostprocessing = 0;
		};
		64C334E42922524000BB8570 /* Resources */ = {
			isa = PBXResourcesBuildPhase;
			buildActionMask = 2147483647;
			files = (
			);
			runOnlyForDeploymentPostprocessing = 0;
		};
		64C334EE2922524000BB8570 /* Resources */ = {
			isa = PBXResourcesBuildPhase;
			buildActionMask = 2147483647;
			files = (
			);
			runOnlyForDeploymentPostprocessing = 0;
		};
/* End PBXResourcesBuildPhase section */

/* Begin PBXSourcesBuildPhase section */
		64C334D12922523600BB8570 /* Sources */ = {
			isa = PBXSourcesBuildPhase;
			buildActionMask = 2147483647;
			files = (
				64C334DB2922523600BB8570 /* ContentView.swift in Sources */,
				64C33505292252B500BB8570 /* PreferencesView.swift in Sources */,
				64C33507292256C500BB8570 /* TodoView.swift in Sources */,
				64C334D92922523600BB8570 /* InnateMCApp.swift in Sources */,
			);
			runOnlyForDeploymentPostprocessing = 0;
		};
		64C334E22922524000BB8570 /* Sources */ = {
			isa = PBXSourcesBuildPhase;
			buildActionMask = 2147483647;
			files = (
				64C334EB2922524000BB8570 /* InnateMCTests.swift in Sources */,
			);
			runOnlyForDeploymentPostprocessing = 0;
		};
		64C334EC2922524000BB8570 /* Sources */ = {
			isa = PBXSourcesBuildPhase;
			buildActionMask = 2147483647;
			files = (
				64C334F72922524000BB8570 /* InnateMCUITestsLaunchTests.swift in Sources */,
				64C334F52922524000BB8570 /* InnateMCUITests.swift in Sources */,
			);
			runOnlyForDeploymentPostprocessing = 0;
		};
/* End PBXSourcesBuildPhase section */

/* Begin PBXTargetDependency section */
		64C334E82922524000BB8570 /* PBXTargetDependency */ = {
			isa = PBXTargetDependency;
			target = 64C334D42922523600BB8570 /* InnateMC */;
			targetProxy = 64C334E72922524000BB8570 /* PBXContainerItemProxy */;
		};
		64C334F22922524000BB8570 /* PBXTargetDependency */ = {
			isa = PBXTargetDependency;
			target = 64C334D42922523600BB8570 /* InnateMC */;
			targetProxy = 64C334F12922524000BB8570 /* PBXContainerItemProxy */;
		};
/* End PBXTargetDependency section */

/* Begin XCBuildConfiguration section */
		64C334F82922524000BB8570 /* Debug */ = {
			isa = XCBuildConfiguration;
			buildSettings = {
				ALWAYS_SEARCH_USER_PATHS = NO;
				CLANG_ANALYZER_NONNULL = YES;
				CLANG_ANALYZER_NUMBER_OBJECT_CONVERSION = YES_AGGRESSIVE;
				CLANG_CXX_LANGUAGE_STANDARD = "gnu++17";
				CLANG_CXX_LIBRARY = "libc++";
				CLANG_ENABLE_MODULES = YES;
				CLANG_ENABLE_OBJC_ARC = YES;
				CLANG_ENABLE_OBJC_WEAK = YES;
				CLANG_WARN_BLOCK_CAPTURE_AUTORELEASING = YES;
				CLANG_WARN_BOOL_CONVERSION = YES;
				CLANG_WARN_COMMA = YES;
				CLANG_WARN_CONSTANT_CONVERSION = YES;
				CLANG_WARN_DEPRECATED_OBJC_IMPLEMENTATIONS = YES;
				CLANG_WARN_DIRECT_OBJC_ISA_USAGE = YES_ERROR;
				CLANG_WARN_DOCUMENTATION_COMMENTS = YES;
				CLANG_WARN_EMPTY_BODY = YES;
				CLANG_WARN_ENUM_CONVERSION = YES;
				CLANG_WARN_INFINITE_RECURSION = YES;
				CLANG_WARN_INT_CONVERSION = YES;
				CLANG_WARN_NON_LITERAL_NULL_CONVERSION = YES;
				CLANG_WARN_OBJC_IMPLICIT_RETAIN_SELF = YES;
				CLANG_WARN_OBJC_LITERAL_CONVERSION = YES;
				CLANG_WARN_OBJC_ROOT_CLASS = YES_ERROR;
				CLANG_WARN_QUOTED_INCLUDE_IN_FRAMEWORK_HEADER = YES;
				CLANG_WARN_RANGE_LOOP_ANALYSIS = YES;
				CLANG_WARN_STRICT_PROTOTYPES = YES;
				CLANG_WARN_SUSPICIOUS_MOVE = YES;
				CLANG_WARN_UNGUARDED_AVAILABILITY = YES_AGGRESSIVE;
				CLANG_WARN_UNREACHABLE_CODE = YES;
				CLANG_WARN__DUPLICATE_METHOD_MATCH = YES;
				COPY_PHASE_STRIP = NO;
				DEBUG_INFORMATION_FORMAT = dwarf;
				ENABLE_STRICT_OBJC_MSGSEND = YES;
				ENABLE_TESTABILITY = YES;
				GCC_C_LANGUAGE_STANDARD = gnu11;
				GCC_DYNAMIC_NO_PIC = NO;
				GCC_NO_COMMON_BLOCKS = YES;
				GCC_OPTIMIZATION_LEVEL = 0;
				GCC_PREPROCESSOR_DEFINITIONS = (
					"DEBUG=1",
					"$(inherited)",
				);
				GCC_WARN_64_TO_32_BIT_CONVERSION = YES;
				GCC_WARN_ABOUT_RETURN_TYPE = YES_ERROR;
				GCC_WARN_UNDECLARED_SELECTOR = YES;
				GCC_WARN_UNINITIALIZED_AUTOS = YES_AGGRESSIVE;
				GCC_WARN_UNUSED_FUNCTION = YES;
				GCC_WARN_UNUSED_VARIABLE = YES;
				MACOSX_DEPLOYMENT_TARGET = 11.7;
				MTL_ENABLE_DEBUG_INFO = INCLUDE_SOURCE;
				MTL_FAST_MATH = YES;
				ONLY_ACTIVE_ARCH = YES;
				SDKROOT = macosx;
				SWIFT_ACTIVE_COMPILATION_CONDITIONS = DEBUG;
				SWIFT_OPTIMIZATION_LEVEL = "-Onone";
			};
			name = Debug;
		};
		64C334F92922524000BB8570 /* Release */ = {
			isa = XCBuildConfiguration;
			buildSettings = {
				ALWAYS_SEARCH_USER_PATHS = NO;
				CLANG_ANALYZER_NONNULL = YES;
				CLANG_ANALYZER_NUMBER_OBJECT_CONVERSION = YES_AGGRESSIVE;
				CLANG_CXX_LANGUAGE_STANDARD = "gnu++17";
				CLANG_CXX_LIBRARY = "libc++";
				CLANG_ENABLE_MODULES = YES;
				CLANG_ENABLE_OBJC_ARC = YES;
				CLANG_ENABLE_OBJC_WEAK = YES;
				CLANG_WARN_BLOCK_CAPTURE_AUTORELEASING = YES;
				CLANG_WARN_BOOL_CONVERSION = YES;
				CLANG_WARN_COMMA = YES;
				CLANG_WARN_CONSTANT_CONVERSION = YES;
				CLANG_WARN_DEPRECATED_OBJC_IMPLEMENTATIONS = YES;
				CLANG_WARN_DIRECT_OBJC_ISA_USAGE = YES_ERROR;
				CLANG_WARN_DOCUMENTATION_COMMENTS = YES;
				CLANG_WARN_EMPTY_BODY = YES;
				CLANG_WARN_ENUM_CONVERSION = YES;
				CLANG_WARN_INFINITE_RECURSION = YES;
				CLANG_WARN_INT_CONVERSION = YES;
				CLANG_WARN_NON_LITERAL_NULL_CONVERSION = YES;
				CLANG_WARN_OBJC_IMPLICIT_RETAIN_SELF = YES;
				CLANG_WARN_OBJC_LITERAL_CONVERSION = YES;
				CLANG_WARN_OBJC_ROOT_CLASS = YES_ERROR;
				CLANG_WARN_QUOTED_INCLUDE_IN_FRAMEWORK_HEADER = YES;
				CLANG_WARN_RANGE_LOOP_ANALYSIS = YES;
				CLANG_WARN_STRICT_PROTOTYPES = YES;
				CLANG_WARN_SUSPICIOUS_MOVE = YES;
				CLANG_WARN_UNGUARDED_AVAILABILITY = YES_AGGRESSIVE;
				CLANG_WARN_UNREACHABLE_CODE = YES;
				CLANG_WARN__DUPLICATE_METHOD_MATCH = YES;
				COPY_PHASE_STRIP = NO;
				DEBUG_INFORMATION_FORMAT = "dwarf-with-dsym";
				ENABLE_NS_ASSERTIONS = NO;
				ENABLE_STRICT_OBJC_MSGSEND = YES;
				GCC_C_LANGUAGE_STANDARD = gnu11;
				GCC_NO_COMMON_BLOCKS = YES;
				GCC_WARN_64_TO_32_BIT_CONVERSION = YES;
				GCC_WARN_ABOUT_RETURN_TYPE = YES_ERROR;
				GCC_WARN_UNDECLARED_SELECTOR = YES;
				GCC_WARN_UNINITIALIZED_AUTOS = YES_AGGRESSIVE;
				GCC_WARN_UNUSED_FUNCTION = YES;
				GCC_WARN_UNUSED_VARIABLE = YES;
				MACOSX_DEPLOYMENT_TARGET = 11.7;
				MTL_ENABLE_DEBUG_INFO = NO;
				MTL_FAST_MATH = YES;
				SDKROOT = macosx;
				SWIFT_COMPILATION_MODE = wholemodule;
				SWIFT_OPTIMIZATION_LEVEL = "-O";
			};
			name = Release;
		};
		64C334FB2922524000BB8570 /* Debug */ = {
			isa = XCBuildConfiguration;
			buildSettings = {
				ASSETCATALOG_COMPILER_APPICON_NAME = AppIcon;
				ASSETCATALOG_COMPILER_GLOBAL_ACCENT_COLOR_NAME = AccentColor;
				CODE_SIGN_ENTITLEMENTS = InnateMC/InnateMC.entitlements;
				CODE_SIGN_STYLE = Automatic;
				COMBINE_HIDPI_IMAGES = YES;
				CURRENT_PROJECT_VERSION = 1;
				DEVELOPMENT_ASSET_PATHS = "\"InnateMC/Preview Content\"";
				DEVELOPMENT_TEAM = 52FGDYD382;
				ENABLE_HARDENED_RUNTIME = YES;
				ENABLE_PREVIEWS = YES;
				GENERATE_INFOPLIST_FILE = YES;
				INFOPLIST_KEY_NSHumanReadableCopyright = "";
				LD_RUNPATH_SEARCH_PATHS = (
					"$(inherited)",
					"@executable_path/../Frameworks",
				);
				MARKETING_VERSION = 1.0;
				PRODUCT_BUNDLE_IDENTIFIER = io.github.boogiemonster1o1.InnateMC;
				PRODUCT_NAME = "$(TARGET_NAME)";
				SWIFT_EMIT_LOC_STRINGS = YES;
				SWIFT_VERSION = 5.0;
			};
			name = Debug;
		};
		64C334FC2922524000BB8570 /* Release */ = {
			isa = XCBuildConfiguration;
			buildSettings = {
				ASSETCATALOG_COMPILER_APPICON_NAME = AppIcon;
				ASSETCATALOG_COMPILER_GLOBAL_ACCENT_COLOR_NAME = AccentColor;
				CODE_SIGN_ENTITLEMENTS = InnateMC/InnateMC.entitlements;
				CODE_SIGN_STYLE = Automatic;
				COMBINE_HIDPI_IMAGES = YES;
				CURRENT_PROJECT_VERSION = 1;
				DEVELOPMENT_ASSET_PATHS = "\"InnateMC/Preview Content\"";
				DEVELOPMENT_TEAM = 52FGDYD382;
				ENABLE_HARDENED_RUNTIME = YES;
				ENABLE_PREVIEWS = YES;
				GENERATE_INFOPLIST_FILE = YES;
				INFOPLIST_KEY_NSHumanReadableCopyright = "";
				LD_RUNPATH_SEARCH_PATHS = (
					"$(inherited)",
					"@executable_path/../Frameworks",
				);
				MARKETING_VERSION = 1.0;
				PRODUCT_BUNDLE_IDENTIFIER = io.github.boogiemonster1o1.InnateMC;
				PRODUCT_NAME = "$(TARGET_NAME)";
				SWIFT_EMIT_LOC_STRINGS = YES;
				SWIFT_VERSION = 5.0;
			};
			name = Release;
		};
		64C334FE2922524000BB8570 /* Debug */ = {
			isa = XCBuildConfiguration;
			buildSettings = {
				ALWAYS_EMBED_SWIFT_STANDARD_LIBRARIES = YES;
				BUNDLE_LOADER = "$(TEST_HOST)";
				CODE_SIGN_STYLE = Automatic;
				CURRENT_PROJECT_VERSION = 1;
				DEVELOPMENT_TEAM = 52FGDYD382;
				GENERATE_INFOPLIST_FILE = YES;
				MACOSX_DEPLOYMENT_TARGET = 11.7;
				MARKETING_VERSION = 1.0;
				PRODUCT_BUNDLE_IDENTIFIER = io.github.boogiemonster1o1.InnateMCTests;
				PRODUCT_NAME = "$(TARGET_NAME)";
				SWIFT_EMIT_LOC_STRINGS = NO;
				SWIFT_VERSION = 5.0;
				TEST_HOST = "$(BUILT_PRODUCTS_DIR)/InnateMC.app/Contents/MacOS/InnateMC";
			};
			name = Debug;
		};
		64C334FF2922524000BB8570 /* Release */ = {
			isa = XCBuildConfiguration;
			buildSettings = {
				ALWAYS_EMBED_SWIFT_STANDARD_LIBRARIES = YES;
				BUNDLE_LOADER = "$(TEST_HOST)";
				CODE_SIGN_STYLE = Automatic;
				CURRENT_PROJECT_VERSION = 1;
				DEVELOPMENT_TEAM = 52FGDYD382;
				GENERATE_INFOPLIST_FILE = YES;
				MACOSX_DEPLOYMENT_TARGET = 11.7;
				MARKETING_VERSION = 1.0;
				PRODUCT_BUNDLE_IDENTIFIER = io.github.boogiemonster1o1.InnateMCTests;
				PRODUCT_NAME = "$(TARGET_NAME)";
				SWIFT_EMIT_LOC_STRINGS = NO;
				SWIFT_VERSION = 5.0;
				TEST_HOST = "$(BUILT_PRODUCTS_DIR)/InnateMC.app/Contents/MacOS/InnateMC";
			};
			name = Release;
		};
		64C335012922524000BB8570 /* Debug */ = {
			isa = XCBuildConfiguration;
			buildSettings = {
				ALWAYS_EMBED_SWIFT_STANDARD_LIBRARIES = YES;
				CODE_SIGN_STYLE = Automatic;
				CURRENT_PROJECT_VERSION = 1;
				DEVELOPMENT_TEAM = 52FGDYD382;
				GENERATE_INFOPLIST_FILE = YES;
				MARKETING_VERSION = 1.0;
				PRODUCT_BUNDLE_IDENTIFIER = io.github.boogiemonster1o1.InnateMCUITests;
				PRODUCT_NAME = "$(TARGET_NAME)";
				SWIFT_EMIT_LOC_STRINGS = NO;
				SWIFT_VERSION = 5.0;
				TEST_TARGET_NAME = InnateMC;
			};
			name = Debug;
		};
		64C335022922524000BB8570 /* Release */ = {
			isa = XCBuildConfiguration;
			buildSettings = {
				ALWAYS_EMBED_SWIFT_STANDARD_LIBRARIES = YES;
				CODE_SIGN_STYLE = Automatic;
				CURRENT_PROJECT_VERSION = 1;
				DEVELOPMENT_TEAM = 52FGDYD382;
				GENERATE_INFOPLIST_FILE = YES;
				MARKETING_VERSION = 1.0;
				PRODUCT_BUNDLE_IDENTIFIER = io.github.boogiemonster1o1.InnateMCUITests;
				PRODUCT_NAME = "$(TARGET_NAME)";
				SWIFT_EMIT_LOC_STRINGS = NO;
				SWIFT_VERSION = 5.0;
				TEST_TARGET_NAME = InnateMC;
			};
			name = Release;
		};
/* End XCBuildConfiguration section */

/* Begin XCConfigurationList section */
		64C334D02922523500BB8570 /* Build configuration list for PBXProject "InnateMC" */ = {
			isa = XCConfigurationList;
			buildConfigurations = (
				64C334F82922524000BB8570 /* Debug */,
				64C334F92922524000BB8570 /* Release */,
			);
			defaultConfigurationIsVisible = 0;
			defaultConfigurationName = Release;
		};
		64C334FA2922524000BB8570 /* Build configuration list for PBXNativeTarget "InnateMC" */ = {
			isa = XCConfigurationList;
			buildConfigurations = (
				64C334FB2922524000BB8570 /* Debug */,
				64C334FC2922524000BB8570 /* Release */,
			);
			defaultConfigurationIsVisible = 0;
			defaultConfigurationName = Release;
		};
		64C334FD2922524000BB8570 /* Build configuration list for PBXNativeTarget "InnateMCTests" */ = {
			isa = XCConfigurationList;
			buildConfigurations = (
				64C334FE2922524000BB8570 /* Debug */,
				64C334FF2922524000BB8570 /* Release */,
			);
			defaultConfigurationIsVisible = 0;
			defaultConfigurationName = Release;
		};
		64C335002922524000BB8570 /* Build configuration list for PBXNativeTarget "InnateMCUITests" */ = {
			isa = XCConfigurationList;
			buildConfigurations = (
				64C335012922524000BB8570 /* Debug */,
				64C335022922524000BB8570 /* Release */,
			);
			defaultConfigurationIsVisible = 0;
			defaultConfigurationName = Release;
		};
/* End XCConfigurationList section */
	};
	rootObject = 64C334CD2922523500BB8570 /* Project object */;
}
